// !$*UTF8*$!
{
	archiveVersion = 1;
	classes = {
	};
	objectVersion = 45;
	objects = {

/* Begin PBXBuildFile section */
		AACBBE4A0F95108600F1A2B1 /* Foundation.framework in Frameworks */ = {isa = PBXBuildFile; fileRef = AACBBE490F95108600F1A2B1 /* Foundation.framework */; };
		B20AC0691267988600687143 /* SSTableViewController.h in Headers */ = {isa = PBXBuildFile; fileRef = B20AC0671267988600687143 /* SSTableViewController.h */; };
		B20AC06A1267988600687143 /* SSTableViewController.m in Sources */ = {isa = PBXBuildFile; fileRef = B20AC0681267988600687143 /* SSTableViewController.m */; };
		B215045F10583A7300409ED4 /* SSToolkit_Prefix.pch in Headers */ = {isa = PBXBuildFile; fileRef = B215045E10583A7300409ED4 /* SSToolkit_Prefix.pch */; };
		B21504CA10583B4000409ED4 /* SystemConfiguration.framework in Frameworks */ = {isa = PBXBuildFile; fileRef = B21504C910583B4000409ED4 /* SystemConfiguration.framework */; };
		B215051210583BBB00409ED4 /* UIKit.framework in Frameworks */ = {isa = PBXBuildFile; fileRef = B215051110583BBB00409ED4 /* UIKit.framework */; };
		B21D2E00121F2FE500161E66 /* SSDrawingMacros.m in Sources */ = {isa = PBXBuildFile; fileRef = B21D2DFF121F2FE500161E66 /* SSDrawingMacros.m */; };
		B227D2EA124931590078A059 /* NSDictionary+SSToolkitAdditions.h in Headers */ = {isa = PBXBuildFile; fileRef = B227D2E8124931590078A059 /* NSDictionary+SSToolkitAdditions.h */; };
		B227D2EB124931590078A059 /* NSDictionary+SSToolkitAdditions.m in Sources */ = {isa = PBXBuildFile; fileRef = B227D2E9124931590078A059 /* NSDictionary+SSToolkitAdditions.m */; };
		B24E9E43121DC29A0085F81E /* NSArray+SSToolkitAdditions.h in Headers */ = {isa = PBXBuildFile; fileRef = B24E9E05121DC29A0085F81E /* NSArray+SSToolkitAdditions.h */; };
		B24E9E44121DC29A0085F81E /* NSArray+SSToolkitAdditions.m in Sources */ = {isa = PBXBuildFile; fileRef = B24E9E06121DC29A0085F81E /* NSArray+SSToolkitAdditions.m */; };
		B24E9E45121DC29A0085F81E /* NSData+SSToolkitAdditions.h in Headers */ = {isa = PBXBuildFile; fileRef = B24E9E07121DC29A0085F81E /* NSData+SSToolkitAdditions.h */; };
		B24E9E46121DC29A0085F81E /* NSData+SSToolkitAdditions.m in Sources */ = {isa = PBXBuildFile; fileRef = B24E9E08121DC29A0085F81E /* NSData+SSToolkitAdditions.m */; };
		B24E9E47121DC29A0085F81E /* NSDate+SSToolkitAdditions.h in Headers */ = {isa = PBXBuildFile; fileRef = B24E9E09121DC29A0085F81E /* NSDate+SSToolkitAdditions.h */; };
		B24E9E48121DC29A0085F81E /* NSDate+SSToolkitAdditions.m in Sources */ = {isa = PBXBuildFile; fileRef = B24E9E0A121DC29A0085F81E /* NSDate+SSToolkitAdditions.m */; };
		B24E9E49121DC29A0085F81E /* NSString+SSToolkitAdditions.h in Headers */ = {isa = PBXBuildFile; fileRef = B24E9E0B121DC29A0085F81E /* NSString+SSToolkitAdditions.h */; };
		B24E9E4A121DC29A0085F81E /* NSString+SSToolkitAdditions.m in Sources */ = {isa = PBXBuildFile; fileRef = B24E9E0C121DC29A0085F81E /* NSString+SSToolkitAdditions.m */; };
		B24E9E4B121DC29A0085F81E /* NSURL+SSToolkitAdditions.h in Headers */ = {isa = PBXBuildFile; fileRef = B24E9E0D121DC29A0085F81E /* NSURL+SSToolkitAdditions.h */; };
		B24E9E4C121DC29A0085F81E /* NSURL+SSToolkitAdditions.m in Sources */ = {isa = PBXBuildFile; fileRef = B24E9E0E121DC29A0085F81E /* NSURL+SSToolkitAdditions.m */; };
		B24E9E4D121DC29A0085F81E /* SSCategories.h in Headers */ = {isa = PBXBuildFile; fileRef = B24E9E0F121DC29A0085F81E /* SSCategories.h */; };
		B24E9E4E121DC29A0085F81E /* SSConcurrentOperation.h in Headers */ = {isa = PBXBuildFile; fileRef = B24E9E10121DC29A0085F81E /* SSConcurrentOperation.h */; };
		B24E9E4F121DC29A0085F81E /* SSConcurrentOperation.m in Sources */ = {isa = PBXBuildFile; fileRef = B24E9E11121DC29A0085F81E /* SSConcurrentOperation.m */; };
		B24E9E50121DC29A0085F81E /* SSDrawingMacros.h in Headers */ = {isa = PBXBuildFile; fileRef = B24E9E12121DC29A0085F81E /* SSDrawingMacros.h */; };
		B24E9E51121DC29A0085F81E /* SSGradientView.h in Headers */ = {isa = PBXBuildFile; fileRef = B24E9E13121DC29A0085F81E /* SSGradientView.h */; };
		B24E9E52121DC29A0085F81E /* SSGradientView.m in Sources */ = {isa = PBXBuildFile; fileRef = B24E9E14121DC29A0085F81E /* SSGradientView.m */; };
		B24E9E53121DC29A0085F81E /* SSHUDView.h in Headers */ = {isa = PBXBuildFile; fileRef = B24E9E15121DC29A0085F81E /* SSHUDView.h */; };
		B24E9E54121DC29A0085F81E /* SSHUDView.m in Sources */ = {isa = PBXBuildFile; fileRef = B24E9E16121DC29A0085F81E /* SSHUDView.m */; };
		B24E9E55121DC29A0085F81E /* SSIndicatorLabel.h in Headers */ = {isa = PBXBuildFile; fileRef = B24E9E17121DC29A0085F81E /* SSIndicatorLabel.h */; };
		B24E9E56121DC29A0085F81E /* SSIndicatorLabel.m in Sources */ = {isa = PBXBuildFile; fileRef = B24E9E18121DC29A0085F81E /* SSIndicatorLabel.m */; };
		B24E9E57121DC29A0085F81E /* SSKeychain.h in Headers */ = {isa = PBXBuildFile; fileRef = B24E9E19121DC29A0085F81E /* SSKeychain.h */; };
		B24E9E58121DC29A0085F81E /* SSKeychain.m in Sources */ = {isa = PBXBuildFile; fileRef = B24E9E1A121DC29A0085F81E /* SSKeychain.m */; };
		B24E9E59121DC29A0085F81E /* SSLabel.h in Headers */ = {isa = PBXBuildFile; fileRef = B24E9E1B121DC29A0085F81E /* SSLabel.h */; };
		B24E9E5A121DC29A0085F81E /* SSLabel.m in Sources */ = {isa = PBXBuildFile; fileRef = B24E9E1C121DC29A0085F81E /* SSLabel.m */; };
		B24E9E5B121DC29A0085F81E /* SSLineView.h in Headers */ = {isa = PBXBuildFile; fileRef = B24E9E1D121DC29A0085F81E /* SSLineView.h */; };
		B24E9E5C121DC29A0085F81E /* SSLineView.m in Sources */ = {isa = PBXBuildFile; fileRef = B24E9E1E121DC29A0085F81E /* SSLineView.m */; };
		B24E9E5D121DC29A0085F81E /* SSLoadingView.h in Headers */ = {isa = PBXBuildFile; fileRef = B24E9E1F121DC29A0085F81E /* SSLoadingView.h */; };
		B24E9E5E121DC29A0085F81E /* SSLoadingView.m in Sources */ = {isa = PBXBuildFile; fileRef = B24E9E20121DC29A0085F81E /* SSLoadingView.m */; };
		B24E9E5F121DC29A0085F81E /* SSMessagesViewController.h in Headers */ = {isa = PBXBuildFile; fileRef = B24E9E21121DC29A0085F81E /* SSMessagesViewController.h */; };
		B24E9E60121DC29A0085F81E /* SSMessagesViewController.m in Sources */ = {isa = PBXBuildFile; fileRef = B24E9E22121DC29A0085F81E /* SSMessagesViewController.m */; };
		B24E9E61121DC29A0085F81E /* SSMessageTableViewCell.h in Headers */ = {isa = PBXBuildFile; fileRef = B24E9E23121DC29A0085F81E /* SSMessageTableViewCell.h */; };
		B24E9E62121DC29A0085F81E /* SSMessageTableViewCell.m in Sources */ = {isa = PBXBuildFile; fileRef = B24E9E24121DC29A0085F81E /* SSMessageTableViewCell.m */; };
		B24E9E63121DC29A0085F81E /* SSMessageTableViewCellBubbleView.h in Headers */ = {isa = PBXBuildFile; fileRef = B24E9E25121DC29A0085F81E /* SSMessageTableViewCellBubbleView.h */; };
		B24E9E64121DC29A0085F81E /* SSMessageTableViewCellBubbleView.m in Sources */ = {isa = PBXBuildFile; fileRef = B24E9E26121DC29A0085F81E /* SSMessageTableViewCellBubbleView.m */; };
		B24E9E65121DC29A0085F81E /* SSModalViewController.h in Headers */ = {isa = PBXBuildFile; fileRef = B24E9E27121DC29A0085F81E /* SSModalViewController.h */; };
		B24E9E66121DC29A0085F81E /* SSPickerViewController.h in Headers */ = {isa = PBXBuildFile; fileRef = B24E9E28121DC29A0085F81E /* SSPickerViewController.h */; };
		B24E9E67121DC29A0085F81E /* SSPickerViewController.m in Sources */ = {isa = PBXBuildFile; fileRef = B24E9E29121DC29A0085F81E /* SSPickerViewController.m */; };
		B24E9E68121DC29A0085F81E /* SSPieProgressView.h in Headers */ = {isa = PBXBuildFile; fileRef = B24E9E2A121DC29A0085F81E /* SSPieProgressView.h */; };
		B24E9E69121DC29A0085F81E /* SSPieProgressView.m in Sources */ = {isa = PBXBuildFile; fileRef = B24E9E2B121DC29A0085F81E /* SSPieProgressView.m */; };
		B24E9E6A121DC29A0085F81E /* SSTextField.h in Headers */ = {isa = PBXBuildFile; fileRef = B24E9E2C121DC29A0085F81E /* SSTextField.h */; };
		B24E9E6B121DC29A0085F81E /* SSTextField.m in Sources */ = {isa = PBXBuildFile; fileRef = B24E9E2D121DC29A0085F81E /* SSTextField.m */; };
		B24E9E6C121DC29A0085F81E /* SSTextView.h in Headers */ = {isa = PBXBuildFile; fileRef = B24E9E2E121DC29A0085F81E /* SSTextView.h */; };
		B24E9E6D121DC29A0085F81E /* SSTextView.m in Sources */ = {isa = PBXBuildFile; fileRef = B24E9E2F121DC29A0085F81E /* SSTextView.m */; };
		B24E9E6E121DC29A0085F81E /* SSToolkit.h in Headers */ = {isa = PBXBuildFile; fileRef = B24E9E30121DC29A0085F81E /* SSToolkit.h */; };
		B24E9E6F121DC29A0085F81E /* SSViewController.h in Headers */ = {isa = PBXBuildFile; fileRef = B24E9E31121DC29A0085F81E /* SSViewController.h */; };
		B24E9E70121DC29A0085F81E /* SSViewController.m in Sources */ = {isa = PBXBuildFile; fileRef = B24E9E32121DC29A0085F81E /* SSViewController.m */; };
		B24E9E71121DC29A0085F81E /* SSWebView.h in Headers */ = {isa = PBXBuildFile; fileRef = B24E9E33121DC29A0085F81E /* SSWebView.h */; };
		B24E9E72121DC29A0085F81E /* SSWebView.m in Sources */ = {isa = PBXBuildFile; fileRef = B24E9E34121DC29A0085F81E /* SSWebView.m */; };
		B24E9E73121DC29A0085F81E /* UIColor+SSToolkitAdditions.h in Headers */ = {isa = PBXBuildFile; fileRef = B24E9E35121DC29A0085F81E /* UIColor+SSToolkitAdditions.h */; };
		B24E9E74121DC29A0085F81E /* UIColor+SSToolkitAdditions.m in Sources */ = {isa = PBXBuildFile; fileRef = B24E9E36121DC29A0085F81E /* UIColor+SSToolkitAdditions.m */; };
		B24E9E75121DC29A0085F81E /* UIControl+SSToolkitAdditions.h in Headers */ = {isa = PBXBuildFile; fileRef = B24E9E37121DC29A0085F81E /* UIControl+SSToolkitAdditions.h */; };
		B24E9E76121DC29A0085F81E /* UIControl+SSToolkitAdditions.m in Sources */ = {isa = PBXBuildFile; fileRef = B24E9E38121DC29A0085F81E /* UIControl+SSToolkitAdditions.m */; };
		B24E9E77121DC29A0085F81E /* UIDevice+SSToolkitAdditions.h in Headers */ = {isa = PBXBuildFile; fileRef = B24E9E39121DC29A0085F81E /* UIDevice+SSToolkitAdditions.h */; };
		B24E9E78121DC29A0085F81E /* UIDevice+SSToolkitAdditions.m in Sources */ = {isa = PBXBuildFile; fileRef = B24E9E3A121DC29A0085F81E /* UIDevice+SSToolkitAdditions.m */; };
		B24E9E79121DC29A0085F81E /* UIImage+SSToolkitAdditions.h in Headers */ = {isa = PBXBuildFile; fileRef = B24E9E3B121DC29A0085F81E /* UIImage+SSToolkitAdditions.h */; };
		B24E9E7A121DC29A0085F81E /* UIImage+SSToolkitAdditions.m in Sources */ = {isa = PBXBuildFile; fileRef = B24E9E3C121DC29A0085F81E /* UIImage+SSToolkitAdditions.m */; };
		B24E9E7B121DC29A0085F81E /* UIScrollView+SSToolkitAdditions.h in Headers */ = {isa = PBXBuildFile; fileRef = B24E9E3D121DC29A0085F81E /* UIScrollView+SSToolkitAdditions.h */; };
		B24E9E7C121DC29A0085F81E /* UIScrollView+SSToolkitAdditions.m in Sources */ = {isa = PBXBuildFile; fileRef = B24E9E3E121DC29A0085F81E /* UIScrollView+SSToolkitAdditions.m */; };
		B24E9E7D121DC29A0085F81E /* UIView+SSToolkitAdditions.h in Headers */ = {isa = PBXBuildFile; fileRef = B24E9E3F121DC29A0085F81E /* UIView+SSToolkitAdditions.h */; };
		B24E9E7E121DC29A0085F81E /* UIView+SSToolkitAdditions.m in Sources */ = {isa = PBXBuildFile; fileRef = B24E9E40121DC29A0085F81E /* UIView+SSToolkitAdditions.m */; };
		B24E9E7F121DC29A0085F81E /* UIViewController+SSToolkitAdditions.h in Headers */ = {isa = PBXBuildFile; fileRef = B24E9E41121DC29A0085F81E /* UIViewController+SSToolkitAdditions.h */; };
		B24E9E80121DC29A0085F81E /* UIViewController+SSToolkitAdditions.m in Sources */ = {isa = PBXBuildFile; fileRef = B24E9E42121DC29A0085F81E /* UIViewController+SSToolkitAdditions.m */; };
		B267D3451226CE0400B66519 /* SSCollectionViewController.h in Headers */ = {isa = PBXBuildFile; fileRef = B267D3431226CE0400B66519 /* SSCollectionViewController.h */; };
		B267D3461226CE0400B66519 /* SSCollectionViewController.m in Sources */ = {isa = PBXBuildFile; fileRef = B267D3441226CE0400B66519 /* SSCollectionViewController.m */; };
		B27B1A1B12241D3400111EA2 /* SSCollectionView.h in Headers */ = {isa = PBXBuildFile; fileRef = B27B1A1912241D3400111EA2 /* SSCollectionView.h */; };
		B27B1A1C12241D3400111EA2 /* SSCollectionView.m in Sources */ = {isa = PBXBuildFile; fileRef = B27B1A1A12241D3400111EA2 /* SSCollectionView.m */; };
		B27B1A2212241D6F00111EA2 /* SSCollectionViewItem.h in Headers */ = {isa = PBXBuildFile; fileRef = B27B1A2012241D6F00111EA2 /* SSCollectionViewItem.h */; };
		B27B1A2312241D6F00111EA2 /* SSCollectionViewItem.m in Sources */ = {isa = PBXBuildFile; fileRef = B27B1A2112241D6F00111EA2 /* SSCollectionViewItem.m */; };
		B2E03770121DCCB500D02434 /* SSTableViewCell.h in Headers */ = {isa = PBXBuildFile; fileRef = B2E0376E121DCCB500D02434 /* SSTableViewCell.h */; };
		B2E03771121DCCB500D02434 /* SSTableViewCell.m in Sources */ = {isa = PBXBuildFile; fileRef = B2E0376F121DCCB500D02434 /* SSTableViewCell.m */; };
		B2F9F4901268DA3A000E6140 /* SSNavigationController.h in Headers */ = {isa = PBXBuildFile; fileRef = B2F9F48E1268DA3A000E6140 /* SSNavigationController.h */; };
		B2F9F4911268DA3A000E6140 /* SSNavigationController.m in Sources */ = {isa = PBXBuildFile; fileRef = B2F9F48F1268DA3A000E6140 /* SSNavigationController.m */; };
/* End PBXBuildFile section */

/* Begin PBXFileReference section */
		AACBBE490F95108600F1A2B1 /* Foundation.framework */ = {isa = PBXFileReference; lastKnownFileType = wrapper.framework; name = Foundation.framework; path = System/Library/Frameworks/Foundation.framework; sourceTree = SDKROOT; };
		B20AC0671267988600687143 /* SSTableViewController.h */ = {isa = PBXFileReference; fileEncoding = 4; lastKnownFileType = sourcecode.c.h; path = SSTableViewController.h; sourceTree = "<group>"; };
		B20AC0681267988600687143 /* SSTableViewController.m */ = {isa = PBXFileReference; fileEncoding = 4; lastKnownFileType = sourcecode.c.objc; path = SSTableViewController.m; sourceTree = "<group>"; };
		B215045E10583A7300409ED4 /* SSToolkit_Prefix.pch */ = {isa = PBXFileReference; fileEncoding = 4; lastKnownFileType = sourcecode.c.h; path = SSToolkit_Prefix.pch; sourceTree = "<group>"; };
		B21504C910583B4000409ED4 /* SystemConfiguration.framework */ = {isa = PBXFileReference; lastKnownFileType = wrapper.framework; name = SystemConfiguration.framework; path = System/Library/Frameworks/SystemConfiguration.framework; sourceTree = SDKROOT; };
		B215051110583BBB00409ED4 /* UIKit.framework */ = {isa = PBXFileReference; lastKnownFileType = wrapper.framework; name = UIKit.framework; path = System/Library/Frameworks/UIKit.framework; sourceTree = SDKROOT; };
		B21D2DFF121F2FE500161E66 /* SSDrawingMacros.m */ = {isa = PBXFileReference; fileEncoding = 4; lastKnownFileType = sourcecode.c.objc; path = SSDrawingMacros.m; sourceTree = "<group>"; };
		B227D2E8124931590078A059 /* NSDictionary+SSToolkitAdditions.h */ = {isa = PBXFileReference; fileEncoding = 4; lastKnownFileType = sourcecode.c.h; path = "NSDictionary+SSToolkitAdditions.h"; sourceTree = "<group>"; };
		B227D2E9124931590078A059 /* NSDictionary+SSToolkitAdditions.m */ = {isa = PBXFileReference; fileEncoding = 4; lastKnownFileType = sourcecode.c.objc; path = "NSDictionary+SSToolkitAdditions.m"; sourceTree = "<group>"; };
		B24E9E01121DC2910085F81E /* SSToolkit.bundle */ = {isa = PBXFileReference; lastKnownFileType = "wrapper.plug-in"; path = SSToolkit.bundle; sourceTree = "<group>"; };
		B24E9E05121DC29A0085F81E /* NSArray+SSToolkitAdditions.h */ = {isa = PBXFileReference; fileEncoding = 4; lastKnownFileType = sourcecode.c.h; path = "NSArray+SSToolkitAdditions.h"; sourceTree = "<group>"; };
		B24E9E06121DC29A0085F81E /* NSArray+SSToolkitAdditions.m */ = {isa = PBXFileReference; fileEncoding = 4; lastKnownFileType = sourcecode.c.objc; path = "NSArray+SSToolkitAdditions.m"; sourceTree = "<group>"; };
		B24E9E07121DC29A0085F81E /* NSData+SSToolkitAdditions.h */ = {isa = PBXFileReference; fileEncoding = 4; lastKnownFileType = sourcecode.c.h; path = "NSData+SSToolkitAdditions.h"; sourceTree = "<group>"; };
		B24E9E08121DC29A0085F81E /* NSData+SSToolkitAdditions.m */ = {isa = PBXFileReference; fileEncoding = 4; lastKnownFileType = sourcecode.c.objc; path = "NSData+SSToolkitAdditions.m"; sourceTree = "<group>"; };
		B24E9E09121DC29A0085F81E /* NSDate+SSToolkitAdditions.h */ = {isa = PBXFileReference; fileEncoding = 4; lastKnownFileType = sourcecode.c.h; path = "NSDate+SSToolkitAdditions.h"; sourceTree = "<group>"; };
		B24E9E0A121DC29A0085F81E /* NSDate+SSToolkitAdditions.m */ = {isa = PBXFileReference; fileEncoding = 4; lastKnownFileType = sourcecode.c.objc; path = "NSDate+SSToolkitAdditions.m"; sourceTree = "<group>"; };
		B24E9E0B121DC29A0085F81E /* NSString+SSToolkitAdditions.h */ = {isa = PBXFileReference; fileEncoding = 4; lastKnownFileType = sourcecode.c.h; path = "NSString+SSToolkitAdditions.h"; sourceTree = "<group>"; };
		B24E9E0C121DC29A0085F81E /* NSString+SSToolkitAdditions.m */ = {isa = PBXFileReference; fileEncoding = 4; lastKnownFileType = sourcecode.c.objc; path = "NSString+SSToolkitAdditions.m"; sourceTree = "<group>"; };
		B24E9E0D121DC29A0085F81E /* NSURL+SSToolkitAdditions.h */ = {isa = PBXFileReference; fileEncoding = 4; lastKnownFileType = sourcecode.c.h; path = "NSURL+SSToolkitAdditions.h"; sourceTree = "<group>"; };
		B24E9E0E121DC29A0085F81E /* NSURL+SSToolkitAdditions.m */ = {isa = PBXFileReference; fileEncoding = 4; lastKnownFileType = sourcecode.c.objc; path = "NSURL+SSToolkitAdditions.m"; sourceTree = "<group>"; };
		B24E9E0F121DC29A0085F81E /* SSCategories.h */ = {isa = PBXFileReference; fileEncoding = 4; lastKnownFileType = sourcecode.c.h; path = SSCategories.h; sourceTree = "<group>"; };
		B24E9E10121DC29A0085F81E /* SSConcurrentOperation.h */ = {isa = PBXFileReference; fileEncoding = 4; lastKnownFileType = sourcecode.c.h; path = SSConcurrentOperation.h; sourceTree = "<group>"; };
		B24E9E11121DC29A0085F81E /* SSConcurrentOperation.m */ = {isa = PBXFileReference; fileEncoding = 4; lastKnownFileType = sourcecode.c.objc; path = SSConcurrentOperation.m; sourceTree = "<group>"; };
		B24E9E12121DC29A0085F81E /* SSDrawingMacros.h */ = {isa = PBXFileReference; fileEncoding = 4; lastKnownFileType = sourcecode.c.h; path = SSDrawingMacros.h; sourceTree = "<group>"; };
		B24E9E13121DC29A0085F81E /* SSGradientView.h */ = {isa = PBXFileReference; fileEncoding = 4; lastKnownFileType = sourcecode.c.h; path = SSGradientView.h; sourceTree = "<group>"; };
		B24E9E14121DC29A0085F81E /* SSGradientView.m */ = {isa = PBXFileReference; fileEncoding = 4; lastKnownFileType = sourcecode.c.objc; path = SSGradientView.m; sourceTree = "<group>"; };
		B24E9E15121DC29A0085F81E /* SSHUDView.h */ = {isa = PBXFileReference; fileEncoding = 4; lastKnownFileType = sourcecode.c.h; path = SSHUDView.h; sourceTree = "<group>"; };
		B24E9E16121DC29A0085F81E /* SSHUDView.m */ = {isa = PBXFileReference; fileEncoding = 4; lastKnownFileType = sourcecode.c.objc; path = SSHUDView.m; sourceTree = "<group>"; };
		B24E9E17121DC29A0085F81E /* SSIndicatorLabel.h */ = {isa = PBXFileReference; fileEncoding = 4; lastKnownFileType = sourcecode.c.h; path = SSIndicatorLabel.h; sourceTree = "<group>"; };
		B24E9E18121DC29A0085F81E /* SSIndicatorLabel.m */ = {isa = PBXFileReference; fileEncoding = 4; lastKnownFileType = sourcecode.c.objc; path = SSIndicatorLabel.m; sourceTree = "<group>"; };
		B24E9E19121DC29A0085F81E /* SSKeychain.h */ = {isa = PBXFileReference; fileEncoding = 4; lastKnownFileType = sourcecode.c.h; path = SSKeychain.h; sourceTree = "<group>"; };
		B24E9E1A121DC29A0085F81E /* SSKeychain.m */ = {isa = PBXFileReference; fileEncoding = 4; lastKnownFileType = sourcecode.c.objc; path = SSKeychain.m; sourceTree = "<group>"; };
		B24E9E1B121DC29A0085F81E /* SSLabel.h */ = {isa = PBXFileReference; fileEncoding = 4; lastKnownFileType = sourcecode.c.h; path = SSLabel.h; sourceTree = "<group>"; };
		B24E9E1C121DC29A0085F81E /* SSLabel.m */ = {isa = PBXFileReference; fileEncoding = 4; lastKnownFileType = sourcecode.c.objc; path = SSLabel.m; sourceTree = "<group>"; };
		B24E9E1D121DC29A0085F81E /* SSLineView.h */ = {isa = PBXFileReference; fileEncoding = 4; lastKnownFileType = sourcecode.c.h; path = SSLineView.h; sourceTree = "<group>"; };
		B24E9E1E121DC29A0085F81E /* SSLineView.m */ = {isa = PBXFileReference; fileEncoding = 4; lastKnownFileType = sourcecode.c.objc; path = SSLineView.m; sourceTree = "<group>"; };
		B24E9E1F121DC29A0085F81E /* SSLoadingView.h */ = {isa = PBXFileReference; fileEncoding = 4; lastKnownFileType = sourcecode.c.h; path = SSLoadingView.h; sourceTree = "<group>"; };
		B24E9E20121DC29A0085F81E /* SSLoadingView.m */ = {isa = PBXFileReference; fileEncoding = 4; lastKnownFileType = sourcecode.c.objc; path = SSLoadingView.m; sourceTree = "<group>"; };
		B24E9E21121DC29A0085F81E /* SSMessagesViewController.h */ = {isa = PBXFileReference; fileEncoding = 4; lastKnownFileType = sourcecode.c.h; path = SSMessagesViewController.h; sourceTree = "<group>"; };
		B24E9E22121DC29A0085F81E /* SSMessagesViewController.m */ = {isa = PBXFileReference; fileEncoding = 4; lastKnownFileType = sourcecode.c.objc; path = SSMessagesViewController.m; sourceTree = "<group>"; };
		B24E9E23121DC29A0085F81E /* SSMessageTableViewCell.h */ = {isa = PBXFileReference; fileEncoding = 4; lastKnownFileType = sourcecode.c.h; path = SSMessageTableViewCell.h; sourceTree = "<group>"; };
		B24E9E24121DC29A0085F81E /* SSMessageTableViewCell.m */ = {isa = PBXFileReference; fileEncoding = 4; lastKnownFileType = sourcecode.c.objc; path = SSMessageTableViewCell.m; sourceTree = "<group>"; };
		B24E9E25121DC29A0085F81E /* SSMessageTableViewCellBubbleView.h */ = {isa = PBXFileReference; fileEncoding = 4; lastKnownFileType = sourcecode.c.h; path = SSMessageTableViewCellBubbleView.h; sourceTree = "<group>"; };
		B24E9E26121DC29A0085F81E /* SSMessageTableViewCellBubbleView.m */ = {isa = PBXFileReference; fileEncoding = 4; lastKnownFileType = sourcecode.c.objc; path = SSMessageTableViewCellBubbleView.m; sourceTree = "<group>"; };
		B24E9E27121DC29A0085F81E /* SSModalViewController.h */ = {isa = PBXFileReference; fileEncoding = 4; lastKnownFileType = sourcecode.c.h; path = SSModalViewController.h; sourceTree = "<group>"; };
		B24E9E28121DC29A0085F81E /* SSPickerViewController.h */ = {isa = PBXFileReference; fileEncoding = 4; lastKnownFileType = sourcecode.c.h; path = SSPickerViewController.h; sourceTree = "<group>"; };
		B24E9E29121DC29A0085F81E /* SSPickerViewController.m */ = {isa = PBXFileReference; fileEncoding = 4; lastKnownFileType = sourcecode.c.objc; path = SSPickerViewController.m; sourceTree = "<group>"; };
		B24E9E2A121DC29A0085F81E /* SSPieProgressView.h */ = {isa = PBXFileReference; fileEncoding = 4; lastKnownFileType = sourcecode.c.h; path = SSPieProgressView.h; sourceTree = "<group>"; };
		B24E9E2B121DC29A0085F81E /* SSPieProgressView.m */ = {isa = PBXFileReference; fileEncoding = 4; lastKnownFileType = sourcecode.c.objc; path = SSPieProgressView.m; sourceTree = "<group>"; };
		B24E9E2C121DC29A0085F81E /* SSTextField.h */ = {isa = PBXFileReference; fileEncoding = 4; lastKnownFileType = sourcecode.c.h; path = SSTextField.h; sourceTree = "<group>"; };
		B24E9E2D121DC29A0085F81E /* SSTextField.m */ = {isa = PBXFileReference; fileEncoding = 4; lastKnownFileType = sourcecode.c.objc; path = SSTextField.m; sourceTree = "<group>"; };
		B24E9E2E121DC29A0085F81E /* SSTextView.h */ = {isa = PBXFileReference; fileEncoding = 4; lastKnownFileType = sourcecode.c.h; path = SSTextView.h; sourceTree = "<group>"; };
		B24E9E2F121DC29A0085F81E /* SSTextView.m */ = {isa = PBXFileReference; fileEncoding = 4; lastKnownFileType = sourcecode.c.objc; path = SSTextView.m; sourceTree = "<group>"; };
		B24E9E30121DC29A0085F81E /* SSToolkit.h */ = {isa = PBXFileReference; fileEncoding = 4; lastKnownFileType = sourcecode.c.h; path = SSToolkit.h; sourceTree = "<group>"; };
		B24E9E31121DC29A0085F81E /* SSViewController.h */ = {isa = PBXFileReference; fileEncoding = 4; lastKnownFileType = sourcecode.c.h; path = SSViewController.h; sourceTree = "<group>"; };
		B24E9E32121DC29A0085F81E /* SSViewController.m */ = {isa = PBXFileReference; fileEncoding = 4; lastKnownFileType = sourcecode.c.objc; path = SSViewController.m; sourceTree = "<group>"; };
		B24E9E33121DC29A0085F81E /* SSWebView.h */ = {isa = PBXFileReference; fileEncoding = 4; lastKnownFileType = sourcecode.c.h; path = SSWebView.h; sourceTree = "<group>"; };
		B24E9E34121DC29A0085F81E /* SSWebView.m */ = {isa = PBXFileReference; fileEncoding = 4; lastKnownFileType = sourcecode.c.objc; path = SSWebView.m; sourceTree = "<group>"; };
		B24E9E35121DC29A0085F81E /* UIColor+SSToolkitAdditions.h */ = {isa = PBXFileReference; fileEncoding = 4; lastKnownFileType = sourcecode.c.h; path = "UIColor+SSToolkitAdditions.h"; sourceTree = "<group>"; };
		B24E9E36121DC29A0085F81E /* UIColor+SSToolkitAdditions.m */ = {isa = PBXFileReference; fileEncoding = 4; lastKnownFileType = sourcecode.c.objc; path = "UIColor+SSToolkitAdditions.m"; sourceTree = "<group>"; };
		B24E9E37121DC29A0085F81E /* UIControl+SSToolkitAdditions.h */ = {isa = PBXFileReference; fileEncoding = 4; lastKnownFileType = sourcecode.c.h; path = "UIControl+SSToolkitAdditions.h"; sourceTree = "<group>"; };
		B24E9E38121DC29A0085F81E /* UIControl+SSToolkitAdditions.m */ = {isa = PBXFileReference; fileEncoding = 4; lastKnownFileType = sourcecode.c.objc; path = "UIControl+SSToolkitAdditions.m"; sourceTree = "<group>"; };
		B24E9E39121DC29A0085F81E /* UIDevice+SSToolkitAdditions.h */ = {isa = PBXFileReference; fileEncoding = 4; lastKnownFileType = sourcecode.c.h; path = "UIDevice+SSToolkitAdditions.h"; sourceTree = "<group>"; };
		B24E9E3A121DC29A0085F81E /* UIDevice+SSToolkitAdditions.m */ = {isa = PBXFileReference; fileEncoding = 4; lastKnownFileType = sourcecode.c.objc; path = "UIDevice+SSToolkitAdditions.m"; sourceTree = "<group>"; };
		B24E9E3B121DC29A0085F81E /* UIImage+SSToolkitAdditions.h */ = {isa = PBXFileReference; fileEncoding = 4; lastKnownFileType = sourcecode.c.h; path = "UIImage+SSToolkitAdditions.h"; sourceTree = "<group>"; };
		B24E9E3C121DC29A0085F81E /* UIImage+SSToolkitAdditions.m */ = {isa = PBXFileReference; fileEncoding = 4; lastKnownFileType = sourcecode.c.objc; path = "UIImage+SSToolkitAdditions.m"; sourceTree = "<group>"; };
		B24E9E3D121DC29A0085F81E /* UIScrollView+SSToolkitAdditions.h */ = {isa = PBXFileReference; fileEncoding = 4; lastKnownFileType = sourcecode.c.h; path = "UIScrollView+SSToolkitAdditions.h"; sourceTree = "<group>"; };
		B24E9E3E121DC29A0085F81E /* UIScrollView+SSToolkitAdditions.m */ = {isa = PBXFileReference; fileEncoding = 4; lastKnownFileType = sourcecode.c.objc; path = "UIScrollView+SSToolkitAdditions.m"; sourceTree = "<group>"; };
		B24E9E3F121DC29A0085F81E /* UIView+SSToolkitAdditions.h */ = {isa = PBXFileReference; fileEncoding = 4; lastKnownFileType = sourcecode.c.h; path = "UIView+SSToolkitAdditions.h"; sourceTree = "<group>"; };
		B24E9E40121DC29A0085F81E /* UIView+SSToolkitAdditions.m */ = {isa = PBXFileReference; fileEncoding = 4; lastKnownFileType = sourcecode.c.objc; path = "UIView+SSToolkitAdditions.m"; sourceTree = "<group>"; };
		B24E9E41121DC29A0085F81E /* UIViewController+SSToolkitAdditions.h */ = {isa = PBXFileReference; fileEncoding = 4; lastKnownFileType = sourcecode.c.h; path = "UIViewController+SSToolkitAdditions.h"; sourceTree = "<group>"; };
		B24E9E42121DC29A0085F81E /* UIViewController+SSToolkitAdditions.m */ = {isa = PBXFileReference; fileEncoding = 4; lastKnownFileType = sourcecode.c.objc; path = "UIViewController+SSToolkitAdditions.m"; sourceTree = "<group>"; };
		B267D3431226CE0400B66519 /* SSCollectionViewController.h */ = {isa = PBXFileReference; fileEncoding = 4; lastKnownFileType = sourcecode.c.h; path = SSCollectionViewController.h; sourceTree = "<group>"; };
		B267D3441226CE0400B66519 /* SSCollectionViewController.m */ = {isa = PBXFileReference; fileEncoding = 4; lastKnownFileType = sourcecode.c.objc; path = SSCollectionViewController.m; sourceTree = "<group>"; };
		B27B1A1912241D3400111EA2 /* SSCollectionView.h */ = {isa = PBXFileReference; fileEncoding = 4; lastKnownFileType = sourcecode.c.h; path = SSCollectionView.h; sourceTree = "<group>"; };
		B27B1A1A12241D3400111EA2 /* SSCollectionView.m */ = {isa = PBXFileReference; fileEncoding = 4; lastKnownFileType = sourcecode.c.objc; path = SSCollectionView.m; sourceTree = "<group>"; };
		B27B1A2012241D6F00111EA2 /* SSCollectionViewItem.h */ = {isa = PBXFileReference; fileEncoding = 4; lastKnownFileType = sourcecode.c.h; path = SSCollectionViewItem.h; sourceTree = "<group>"; };
		B27B1A2112241D6F00111EA2 /* SSCollectionViewItem.m */ = {isa = PBXFileReference; fileEncoding = 4; lastKnownFileType = sourcecode.c.objc; path = SSCollectionViewItem.m; sourceTree = "<group>"; };
		B2E0376E121DCCB500D02434 /* SSTableViewCell.h */ = {isa = PBXFileReference; fileEncoding = 4; lastKnownFileType = sourcecode.c.h; path = SSTableViewCell.h; sourceTree = "<group>"; };
		B2E0376F121DCCB500D02434 /* SSTableViewCell.m */ = {isa = PBXFileReference; fileEncoding = 4; lastKnownFileType = sourcecode.c.objc; path = SSTableViewCell.m; sourceTree = "<group>"; };
		B2F9F48E1268DA3A000E6140 /* SSNavigationController.h */ = {isa = PBXFileReference; fileEncoding = 4; lastKnownFileType = sourcecode.c.h; path = SSNavigationController.h; sourceTree = "<group>"; };
		B2F9F48F1268DA3A000E6140 /* SSNavigationController.m */ = {isa = PBXFileReference; fileEncoding = 4; lastKnownFileType = sourcecode.c.objc; path = SSNavigationController.m; sourceTree = "<group>"; };
		D2AAC07E0554694100DB518D /* libTWToolkit.a */ = {isa = PBXFileReference; explicitFileType = archive.ar; includeInIndex = 0; path = libTWToolkit.a; sourceTree = BUILT_PRODUCTS_DIR; };
/* End PBXFileReference section */

/* Begin PBXFrameworksBuildPhase section */
		D2AAC07C0554694100DB518D /* Frameworks */ = {
			isa = PBXFrameworksBuildPhase;
			buildActionMask = 2147483647;
			files = (
				AACBBE4A0F95108600F1A2B1 /* Foundation.framework in Frameworks */,
				B21504CA10583B4000409ED4 /* SystemConfiguration.framework in Frameworks */,
				B215051210583BBB00409ED4 /* UIKit.framework in Frameworks */,
			);
			runOnlyForDeploymentPostprocessing = 0;
		};
/* End PBXFrameworksBuildPhase section */

/* Begin PBXGroup section */
		034768DFFF38A50411DB9C8B /* Products */ = {
			isa = PBXGroup;
			children = (
				D2AAC07E0554694100DB518D /* libTWToolkit.a */,
			);
			name = Products;
			sourceTree = "<group>";
		};
		0867D691FE84028FC02AAC07 /* TWToolkit */ = {
			isa = PBXGroup;
			children = (
				B24E9E04121DC29A0085F81E /* SSToolkit */,
				B215045D10583A7300409ED4 /* Other Sources */,
				B22A2A7F10B4908D00EA6CD9 /* Resources */,
				0867D69AFE84028FC02AAC07 /* Frameworks */,
				034768DFFF38A50411DB9C8B /* Products */,
			);
			name = TWToolkit;
			sourceTree = "<group>";
		};
		0867D69AFE84028FC02AAC07 /* Frameworks */ = {
			isa = PBXGroup;
			children = (
				AACBBE490F95108600F1A2B1 /* Foundation.framework */,
				B21504C910583B4000409ED4 /* SystemConfiguration.framework */,
				B215051110583BBB00409ED4 /* UIKit.framework */,
			);
			name = Frameworks;
			sourceTree = "<group>";
		};
		B215045D10583A7300409ED4 /* Other Sources */ = {
			isa = PBXGroup;
			children = (
				B215045E10583A7300409ED4 /* SSToolkit_Prefix.pch */,
			);
			path = "Other Sources";
			sourceTree = "<group>";
		};
		B22A2A7F10B4908D00EA6CD9 /* Resources */ = {
			isa = PBXGroup;
			children = (
				B24E9E01121DC2910085F81E /* SSToolkit.bundle */,
			);
			path = Resources;
			sourceTree = "<group>";
		};
		B24E9E04121DC29A0085F81E /* SSToolkit */ = {
			isa = PBXGroup;
			children = (
				B24E9E30121DC29A0085F81E /* SSToolkit.h */,
				B24E9E0F121DC29A0085F81E /* SSCategories.h */,
				B2601A76122307B1005506D5 /* Views */,
				B2601A78122307CD005506D5 /* View Controllers */,
				B2601A791223086D005506D5 /* Controls */,
				B2601A88122308C0005506D5 /* Cells */,
				B2601A8A122308E2005506D5 /* Misc */,
				B2601A6F12230794005506D5 /* Categories */,
				B2601A8B12230906005506D5 /* Private */,
			);
			path = SSToolkit;
			sourceTree = "<group>";
		};
		B2601A6F12230794005506D5 /* Categories */ = {
			isa = PBXGroup;
			children = (
				B2601A711223079A005506D5 /* Foundation */,
				B2601A72122307A2005506D5 /* UIKit */,
			);
			name = Categories;
			sourceTree = "<group>";
		};
		B2601A711223079A005506D5 /* Foundation */ = {
			isa = PBXGroup;
			children = (
				B24E9E05121DC29A0085F81E /* NSArray+SSToolkitAdditions.h */,
				B24E9E06121DC29A0085F81E /* NSArray+SSToolkitAdditions.m */,
				B24E9E07121DC29A0085F81E /* NSData+SSToolkitAdditions.h */,
				B24E9E08121DC29A0085F81E /* NSData+SSToolkitAdditions.m */,
				B24E9E09121DC29A0085F81E /* NSDate+SSToolkitAdditions.h */,
				B24E9E0A121DC29A0085F81E /* NSDate+SSToolkitAdditions.m */,
				B227D2E8124931590078A059 /* NSDictionary+SSToolkitAdditions.h */,
				B227D2E9124931590078A059 /* NSDictionary+SSToolkitAdditions.m */,
				B24E9E0B121DC29A0085F81E /* NSString+SSToolkitAdditions.h */,
				B24E9E0C121DC29A0085F81E /* NSString+SSToolkitAdditions.m */,
				B24E9E0D121DC29A0085F81E /* NSURL+SSToolkitAdditions.h */,
				B24E9E0E121DC29A0085F81E /* NSURL+SSToolkitAdditions.m */,
			);
			name = Foundation;
			sourceTree = "<group>";
		};
		B2601A72122307A2005506D5 /* UIKit */ = {
			isa = PBXGroup;
			children = (
				B24E9E35121DC29A0085F81E /* UIColor+SSToolkitAdditions.h */,
				B24E9E36121DC29A0085F81E /* UIColor+SSToolkitAdditions.m */,
				B24E9E37121DC29A0085F81E /* UIControl+SSToolkitAdditions.h */,
				B24E9E38121DC29A0085F81E /* UIControl+SSToolkitAdditions.m */,
				B24E9E39121DC29A0085F81E /* UIDevice+SSToolkitAdditions.h */,
				B24E9E3A121DC29A0085F81E /* UIDevice+SSToolkitAdditions.m */,
				B24E9E3B121DC29A0085F81E /* UIImage+SSToolkitAdditions.h */,
				B24E9E3C121DC29A0085F81E /* UIImage+SSToolkitAdditions.m */,
				B24E9E3D121DC29A0085F81E /* UIScrollView+SSToolkitAdditions.h */,
				B24E9E3E121DC29A0085F81E /* UIScrollView+SSToolkitAdditions.m */,
				B24E9E3F121DC29A0085F81E /* UIView+SSToolkitAdditions.h */,
				B24E9E40121DC29A0085F81E /* UIView+SSToolkitAdditions.m */,
				B24E9E41121DC29A0085F81E /* UIViewController+SSToolkitAdditions.h */,
				B24E9E42121DC29A0085F81E /* UIViewController+SSToolkitAdditions.m */,
			);
			name = UIKit;
			sourceTree = "<group>";
		};
		B2601A76122307B1005506D5 /* Views */ = {
			isa = PBXGroup;
			children = (
				B27B1A1912241D3400111EA2 /* SSCollectionView.h */,
				B27B1A1A12241D3400111EA2 /* SSCollectionView.m */,
				B27B1A2012241D6F00111EA2 /* SSCollectionViewItem.h */,
				B27B1A2112241D6F00111EA2 /* SSCollectionViewItem.m */,
				B24E9E13121DC29A0085F81E /* SSGradientView.h */,
				B24E9E14121DC29A0085F81E /* SSGradientView.m */,
				B24E9E15121DC29A0085F81E /* SSHUDView.h */,
				B24E9E16121DC29A0085F81E /* SSHUDView.m */,
				B24E9E17121DC29A0085F81E /* SSIndicatorLabel.h */,
				B24E9E18121DC29A0085F81E /* SSIndicatorLabel.m */,
				B24E9E1B121DC29A0085F81E /* SSLabel.h */,
				B24E9E1C121DC29A0085F81E /* SSLabel.m */,
				B24E9E1D121DC29A0085F81E /* SSLineView.h */,
				B24E9E1E121DC29A0085F81E /* SSLineView.m */,
				B24E9E1F121DC29A0085F81E /* SSLoadingView.h */,
				B24E9E20121DC29A0085F81E /* SSLoadingView.m */,
				B24E9E2A121DC29A0085F81E /* SSPieProgressView.h */,
				B24E9E2B121DC29A0085F81E /* SSPieProgressView.m */,
				B24E9E33121DC29A0085F81E /* SSWebView.h */,
				B24E9E34121DC29A0085F81E /* SSWebView.m */,
			);
			name = Views;
			sourceTree = "<group>";
		};
		B2601A78122307CD005506D5 /* View Controllers */ = {
			isa = PBXGroup;
			children = (
				B267D3431226CE0400B66519 /* SSCollectionViewController.h */,
				B267D3441226CE0400B66519 /* SSCollectionViewController.m */,
				B24E9E21121DC29A0085F81E /* SSMessagesViewController.h */,
				B24E9E22121DC29A0085F81E /* SSMessagesViewController.m */,
				B24E9E27121DC29A0085F81E /* SSModalViewController.h */,
				B2F9F48E1268DA3A000E6140 /* SSNavigationController.h */,
				B2F9F48F1268DA3A000E6140 /* SSNavigationController.m */,
				B24E9E28121DC29A0085F81E /* SSPickerViewController.h */,
				B24E9E29121DC29A0085F81E /* SSPickerViewController.m */,
				B20AC0671267988600687143 /* SSTableViewController.h */,
				B20AC0681267988600687143 /* SSTableViewController.m */,
				B24E9E31121DC29A0085F81E /* SSViewController.h */,
				B24E9E32121DC29A0085F81E /* SSViewController.m */,
			);
			name = "View Controllers";
			sourceTree = "<group>";
		};
		B2601A791223086D005506D5 /* Controls */ = {
			isa = PBXGroup;
			children = (
				B24E9E2C121DC29A0085F81E /* SSTextField.h */,
				B24E9E2D121DC29A0085F81E /* SSTextField.m */,
				B24E9E2E121DC29A0085F81E /* SSTextView.h */,
				B24E9E2F121DC29A0085F81E /* SSTextView.m */,
			);
			name = Controls;
			sourceTree = "<group>";
		};
		B2601A88122308C0005506D5 /* Cells */ = {
			isa = PBXGroup;
			children = (
				B2E0376E121DCCB500D02434 /* SSTableViewCell.h */,
				B2E0376F121DCCB500D02434 /* SSTableViewCell.m */,
				B24E9E23121DC29A0085F81E /* SSMessageTableViewCell.h */,
				B24E9E24121DC29A0085F81E /* SSMessageTableViewCell.m */,
			);
			name = Cells;
			sourceTree = "<group>";
		};
		B2601A8A122308E2005506D5 /* Misc */ = {
			isa = PBXGroup;
			children = (
				B24E9E10121DC29A0085F81E /* SSConcurrentOperation.h */,
				B24E9E11121DC29A0085F81E /* SSConcurrentOperation.m */,
				B24E9E12121DC29A0085F81E /* SSDrawingMacros.h */,
				B21D2DFF121F2FE500161E66 /* SSDrawingMacros.m */,
				B24E9E19121DC29A0085F81E /* SSKeychain.h */,
				B24E9E1A121DC29A0085F81E /* SSKeychain.m */,
			);
			name = Misc;
			sourceTree = "<group>";
		};
		B2601A8B12230906005506D5 /* Private */ = {
			isa = PBXGroup;
			children = (
				B24E9E25121DC29A0085F81E /* SSMessageTableViewCellBubbleView.h */,
				B24E9E26121DC29A0085F81E /* SSMessageTableViewCellBubbleView.m */,
			);
			name = Private;
			sourceTree = "<group>";
		};
/* End PBXGroup section */

/* Begin PBXHeadersBuildPhase section */
		D2AAC07A0554694100DB518D /* Headers */ = {
			isa = PBXHeadersBuildPhase;
			buildActionMask = 2147483647;
			files = (
				B215045F10583A7300409ED4 /* SSToolkit_Prefix.pch in Headers */,
				B24E9E43121DC29A0085F81E /* NSArray+SSToolkitAdditions.h in Headers */,
				B24E9E45121DC29A0085F81E /* NSData+SSToolkitAdditions.h in Headers */,
				B24E9E47121DC29A0085F81E /* NSDate+SSToolkitAdditions.h in Headers */,
				B24E9E49121DC29A0085F81E /* NSString+SSToolkitAdditions.h in Headers */,
				B24E9E4B121DC29A0085F81E /* NSURL+SSToolkitAdditions.h in Headers */,
				B24E9E4D121DC29A0085F81E /* SSCategories.h in Headers */,
				B24E9E4E121DC29A0085F81E /* SSConcurrentOperation.h in Headers */,
				B24E9E50121DC29A0085F81E /* SSDrawingMacros.h in Headers */,
				B24E9E51121DC29A0085F81E /* SSGradientView.h in Headers */,
				B24E9E53121DC29A0085F81E /* SSHUDView.h in Headers */,
				B24E9E55121DC29A0085F81E /* SSIndicatorLabel.h in Headers */,
				B24E9E57121DC29A0085F81E /* SSKeychain.h in Headers */,
				B24E9E59121DC29A0085F81E /* SSLabel.h in Headers */,
				B24E9E5B121DC29A0085F81E /* SSLineView.h in Headers */,
				B24E9E5D121DC29A0085F81E /* SSLoadingView.h in Headers */,
				B24E9E5F121DC29A0085F81E /* SSMessagesViewController.h in Headers */,
				B24E9E61121DC29A0085F81E /* SSMessageTableViewCell.h in Headers */,
				B24E9E63121DC29A0085F81E /* SSMessageTableViewCellBubbleView.h in Headers */,
				B24E9E65121DC29A0085F81E /* SSModalViewController.h in Headers */,
				B24E9E66121DC29A0085F81E /* SSPickerViewController.h in Headers */,
				B24E9E68121DC29A0085F81E /* SSPieProgressView.h in Headers */,
				B24E9E6A121DC29A0085F81E /* SSTextField.h in Headers */,
				B24E9E6C121DC29A0085F81E /* SSTextView.h in Headers */,
				B24E9E6E121DC29A0085F81E /* SSToolkit.h in Headers */,
				B24E9E6F121DC29A0085F81E /* SSViewController.h in Headers */,
				B24E9E71121DC29A0085F81E /* SSWebView.h in Headers */,
				B24E9E73121DC29A0085F81E /* UIColor+SSToolkitAdditions.h in Headers */,
				B24E9E75121DC29A0085F81E /* UIControl+SSToolkitAdditions.h in Headers */,
				B24E9E77121DC29A0085F81E /* UIDevice+SSToolkitAdditions.h in Headers */,
				B24E9E79121DC29A0085F81E /* UIImage+SSToolkitAdditions.h in Headers */,
				B24E9E7B121DC29A0085F81E /* UIScrollView+SSToolkitAdditions.h in Headers */,
				B24E9E7D121DC29A0085F81E /* UIView+SSToolkitAdditions.h in Headers */,
				B24E9E7F121DC29A0085F81E /* UIViewController+SSToolkitAdditions.h in Headers */,
				B2E03770121DCCB500D02434 /* SSTableViewCell.h in Headers */,
				B27B1A1B12241D3400111EA2 /* SSCollectionView.h in Headers */,
				B27B1A2212241D6F00111EA2 /* SSCollectionViewItem.h in Headers */,
				B267D3451226CE0400B66519 /* SSCollectionViewController.h in Headers */,
				B227D2EA124931590078A059 /* NSDictionary+SSToolkitAdditions.h in Headers */,
				B20AC0691267988600687143 /* SSTableViewController.h in Headers */,
				B2F9F4901268DA3A000E6140 /* SSNavigationController.h in Headers */,
			);
			runOnlyForDeploymentPostprocessing = 0;
		};
/* End PBXHeadersBuildPhase section */

/* Begin PBXNativeTarget section */
		D2AAC07D0554694100DB518D /* SSToolkit */ = {
			isa = PBXNativeTarget;
			buildConfigurationList = 1DEB921E08733DC00010E9CD /* Build configuration list for PBXNativeTarget "SSToolkit" */;
			buildPhases = (
				D2AAC07A0554694100DB518D /* Headers */,
				D2AAC07B0554694100DB518D /* Sources */,
				D2AAC07C0554694100DB518D /* Frameworks */,
			);
			buildRules = (
			);
			dependencies = (
			);
			name = SSToolkit;
			productName = TWToolkit;
			productReference = D2AAC07E0554694100DB518D /* libTWToolkit.a */;
			productType = "com.apple.product-type.library.static";
		};
/* End PBXNativeTarget section */

/* Begin PBXProject section */
		0867D690FE84028FC02AAC07 /* Project object */ = {
			isa = PBXProject;
			attributes = {
				ORGANIZATIONNAME = "Sam Soffes";
			};
			buildConfigurationList = 1DEB922208733DC00010E9CD /* Build configuration list for PBXProject "SSToolkit" */;
			compatibilityVersion = "Xcode 3.1";
			hasScannedForEncodings = 1;
			knownRegions = (
				English,
				Japanese,
				French,
				German,
			);
			mainGroup = 0867D691FE84028FC02AAC07 /* TWToolkit */;
			productRefGroup = 034768DFFF38A50411DB9C8B /* Products */;
			projectDirPath = "";
			projectRoot = "";
			targets = (
				D2AAC07D0554694100DB518D /* SSToolkit */,
			);
		};
/* End PBXProject section */

/* Begin PBXSourcesBuildPhase section */
		D2AAC07B0554694100DB518D /* Sources */ = {
			isa = PBXSourcesBuildPhase;
			buildActionMask = 2147483647;
			files = (
				B24E9E44121DC29A0085F81E /* NSArray+SSToolkitAdditions.m in Sources */,
				B24E9E46121DC29A0085F81E /* NSData+SSToolkitAdditions.m in Sources */,
				B24E9E48121DC29A0085F81E /* NSDate+SSToolkitAdditions.m in Sources */,
				B24E9E4A121DC29A0085F81E /* NSString+SSToolkitAdditions.m in Sources */,
				B24E9E4C121DC29A0085F81E /* NSURL+SSToolkitAdditions.m in Sources */,
				B24E9E4F121DC29A0085F81E /* SSConcurrentOperation.m in Sources */,
				B24E9E52121DC29A0085F81E /* SSGradientView.m in Sources */,
				B24E9E54121DC29A0085F81E /* SSHUDView.m in Sources */,
				B24E9E56121DC29A0085F81E /* SSIndicatorLabel.m in Sources */,
				B24E9E58121DC29A0085F81E /* SSKeychain.m in Sources */,
				B24E9E5A121DC29A0085F81E /* SSLabel.m in Sources */,
				B24E9E5C121DC29A0085F81E /* SSLineView.m in Sources */,
				B24E9E5E121DC29A0085F81E /* SSLoadingView.m in Sources */,
				B24E9E60121DC29A0085F81E /* SSMessagesViewController.m in Sources */,
				B24E9E62121DC29A0085F81E /* SSMessageTableViewCell.m in Sources */,
				B24E9E64121DC29A0085F81E /* SSMessageTableViewCellBubbleView.m in Sources */,
				B24E9E67121DC29A0085F81E /* SSPickerViewController.m in Sources */,
				B24E9E69121DC29A0085F81E /* SSPieProgressView.m in Sources */,
				B24E9E6B121DC29A0085F81E /* SSTextField.m in Sources */,
				B24E9E6D121DC29A0085F81E /* SSTextView.m in Sources */,
				B24E9E70121DC29A0085F81E /* SSViewController.m in Sources */,
				B24E9E72121DC29A0085F81E /* SSWebView.m in Sources */,
				B24E9E74121DC29A0085F81E /* UIColor+SSToolkitAdditions.m in Sources */,
				B24E9E76121DC29A0085F81E /* UIControl+SSToolkitAdditions.m in Sources */,
				B24E9E78121DC29A0085F81E /* UIDevice+SSToolkitAdditions.m in Sources */,
				B24E9E7A121DC29A0085F81E /* UIImage+SSToolkitAdditions.m in Sources */,
				B24E9E7C121DC29A0085F81E /* UIScrollView+SSToolkitAdditions.m in Sources */,
				B24E9E7E121DC29A0085F81E /* UIView+SSToolkitAdditions.m in Sources */,
				B24E9E80121DC29A0085F81E /* UIViewController+SSToolkitAdditions.m in Sources */,
				B2E03771121DCCB500D02434 /* SSTableViewCell.m in Sources */,
				B21D2E00121F2FE500161E66 /* SSDrawingMacros.m in Sources */,
				B27B1A1C12241D3400111EA2 /* SSCollectionView.m in Sources */,
				B27B1A2312241D6F00111EA2 /* SSCollectionViewItem.m in Sources */,
				B267D3461226CE0400B66519 /* SSCollectionViewController.m in Sources */,
				B227D2EB124931590078A059 /* NSDictionary+SSToolkitAdditions.m in Sources */,
				B20AC06A1267988600687143 /* SSTableViewController.m in Sources */,
				B2F9F4911268DA3A000E6140 /* SSNavigationController.m in Sources */,
			);
			runOnlyForDeploymentPostprocessing = 0;
		};
/* End PBXSourcesBuildPhase section */

/* Begin XCBuildConfiguration section */
		1DEB921F08733DC00010E9CD /* Debug */ = {
			isa = XCBuildConfiguration;
			buildSettings = {
				ALWAYS_SEARCH_USER_PATHS = NO;
				ARCHS = "$(ARCHS_STANDARD_32_BIT)";
				COPY_PHASE_STRIP = NO;
				DSTROOT = /tmp/TWToolkit.dst;
				GCC_DYNAMIC_NO_PIC = NO;
				GCC_ENABLE_FIX_AND_CONTINUE = YES;
				GCC_MODEL_TUNING = G5;
				GCC_OPTIMIZATION_LEVEL = 0;
				GCC_PRECOMPILE_PREFIX_HEADER = YES;
				GCC_PREFIX_HEADER = "Other Sources/SSToolkit_Prefix.pch";
				HEADER_SEARCH_PATHS = /usr/include/libxml2;
				INSTALL_PATH = /usr/local/lib;
				LD_OPENMP_FLAGS = "-fopenmp -lxml2";
				PRODUCT_NAME = TWToolkit;
				SDKROOT = iphoneos3.2;
			};
			name = Debug;
		};
		1DEB922008733DC00010E9CD /* Release */ = {
			isa = XCBuildConfiguration;
			buildSettings = {
				ALWAYS_SEARCH_USER_PATHS = NO;
				ARCHS = "$(ARCHS_STANDARD_32_BIT)";
				DSTROOT = /tmp/TWToolkit.dst;
				GCC_MODEL_TUNING = G5;
				GCC_PRECOMPILE_PREFIX_HEADER = YES;
				GCC_PREFIX_HEADER = "Other Sources/SSToolkit_Prefix.pch";
				HEADER_SEARCH_PATHS = /usr/include/libxml2;
				INSTALL_PATH = /usr/local/lib;
				LD_OPENMP_FLAGS = "-fopenmp -lxml2";
				PRODUCT_NAME = TWToolkit;
				SDKROOT = iphoneos3.2;
			};
			name = Release;
		};
		1DEB922308733DC00010E9CD /* Debug */ = {
			isa = XCBuildConfiguration;
			buildSettings = {
				ARCHS = "$(ARCHS_STANDARD_32_BIT)";
				GCC_C_LANGUAGE_STANDARD = c99;
				GCC_OPTIMIZATION_LEVEL = 0;
				GCC_WARN_ABOUT_RETURN_TYPE = YES;
				GCC_WARN_UNUSED_VARIABLE = YES;
				OTHER_LDFLAGS = "-ObjC";
				PREBINDING = NO;
				SDKROOT = iphoneos3.0;
			};
			name = Debug;
		};
		1DEB922408733DC00010E9CD /* Release */ = {
			isa = XCBuildConfiguration;
			buildSettings = {
				ARCHS = "$(ARCHS_STANDARD_32_BIT)";
				GCC_C_LANGUAGE_STANDARD = c99;
				GCC_WARN_ABOUT_RETURN_TYPE = YES;
				GCC_WARN_UNUSED_VARIABLE = YES;
				OTHER_LDFLAGS = "-ObjC";
				PREBINDING = NO;
				SDKROOT = iphoneos3.0;
			};
			name = Release;
		};
/* End XCBuildConfiguration section */

/* Begin XCConfigurationList section */
		1DEB921E08733DC00010E9CD /* Build configuration list for PBXNativeTarget "SSToolkit" */ = {
			isa = XCConfigurationList;
			buildConfigurations = (
				1DEB921F08733DC00010E9CD /* Debug */,
				1DEB922008733DC00010E9CD /* Release */,
			);
			defaultConfigurationIsVisible = 0;
			defaultConfigurationName = Release;
		};
		1DEB922208733DC00010E9CD /* Build configuration list for PBXProject "SSToolkit" */ = {
			isa = XCConfigurationList;
			buildConfigurations = (
				1DEB922308733DC00010E9CD /* Debug */,
				1DEB922408733DC00010E9CD /* Release */,
			);
			defaultConfigurationIsVisible = 0;
			defaultConfigurationName = Release;
		};
/* End XCConfigurationList section */
	};
	rootObject = 0867D690FE84028FC02AAC07 /* Project object */;
}
