// !$*UTF8*$!
{
	archiveVersion = 1;
	classes = {
	};
	objectVersion = 45;
	objects = {

/* Begin PBXBuildFile section */
		1D3623260D0F684500981E51 /* TCAppDelegate.m in Sources */ = {isa = PBXBuildFile; fileRef = 1D3623250D0F684500981E51 /* TCAppDelegate.m */; };
		1D60589F0D05DD5A006BFB54 /* Foundation.framework in Frameworks */ = {isa = PBXBuildFile; fileRef = 1D30AB110D05D00D00671497 /* Foundation.framework */; };
		1DF5F4E00D08C38300B7A737 /* UIKit.framework in Frameworks */ = {isa = PBXBuildFile; fileRef = 1DF5F4DF0D08C38300B7A737 /* UIKit.framework */; };
		288765FD0DF74451002DB57D /* CoreGraphics.framework in Frameworks */ = {isa = PBXBuildFile; fileRef = 288765FC0DF74451002DB57D /* CoreGraphics.framework */; };
		B21B85B41067D4A600E5C076 /* libTWToolkit.a in Frameworks */ = {isa = PBXBuildFile; fileRef = B21B85B31067D4A300E5C076 /* libTWToolkit.a */; };
		B21B85B81067D4B500E5C076 /* SystemConfiguration.framework in Frameworks */ = {isa = PBXBuildFile; fileRef = B21B85B71067D4B500E5C076 /* SystemConfiguration.framework */; };
		B21B85BE1067D4F300E5C076 /* main.m in Sources */ = {isa = PBXBuildFile; fileRef = B21B85BC1067D4F300E5C076 /* main.m */; };
		B21B86441067D7EA00E5C076 /* libsqlite3.dylib in Frameworks */ = {isa = PBXBuildFile; fileRef = B21B86431067D7EA00E5C076 /* libsqlite3.dylib */; };
		B27C60EC107FFD1D00F7FBD7 /* TCRootViewController.m in Sources */ = {isa = PBXBuildFile; fileRef = B27C60EB107FFD1D00F7FBD7 /* TCRootViewController.m */; };
		B27C61271080003700F7FBD7 /* Default.png in Resources */ = {isa = PBXBuildFile; fileRef = B27C61261080003700F7FBD7 /* Default.png */; };
		B27C6137108000DE00F7FBD7 /* TCConnectionDemoViewController.m in Sources */ = {isa = PBXBuildFile; fileRef = B27C6136108000DE00F7FBD7 /* TCConnectionDemoViewController.m */; };
		B27C613A108000EF00F7FBD7 /* TCRemoteImageViewDemoViewController.m in Sources */ = {isa = PBXBuildFile; fileRef = B27C6139108000EF00F7FBD7 /* TCRemoteImageViewDemoViewController.m */; };
		B27C613D108000FC00F7FBD7 /* TCPickerDemoViewController.m in Sources */ = {isa = PBXBuildFile; fileRef = B27C613C108000FC00F7FBD7 /* TCPickerDemoViewController.m */; };
		B27C61841080037D00F7FBD7 /* TCPickerDetailViewController.m in Sources */ = {isa = PBXBuildFile; fileRef = B27C61831080037D00F7FBD7 /* TCPickerDetailViewController.m */; };
		B27C6196108006C900F7FBD7 /* placeholder.png in Resources */ = {isa = PBXBuildFile; fileRef = B27C6195108006C900F7FBD7 /* placeholder.png */; };
		B27C624510800F3500F7FBD7 /* TWToolkit.bundle in Resources */ = {isa = PBXBuildFile; fileRef = B27C624410800F3500F7FBD7 /* TWToolkit.bundle */; };
		B27FDDBF10A49B660076DC56 /* Icon.png in Resources */ = {isa = PBXBuildFile; fileRef = B27FDDBE10A49B660076DC56 /* Icon.png */; };
		B27FDDC910A49C350076DC56 /* iTunesArtwork in Resources */ = {isa = PBXBuildFile; fileRef = B27FDDC810A49C350076DC56 /* iTunesArtwork */; };
		B2A67B2C10A8836400E266F5 /* TCTwitterDemoViewController.m in Sources */ = {isa = PBXBuildFile; fileRef = B2A67B2B10A8836400E266F5 /* TCTwitterDemoViewController.m */; };
/* End PBXBuildFile section */

/* Begin PBXContainerItemProxy section */
		B21B85B21067D4A300E5C076 /* PBXContainerItemProxy */ = {
			isa = PBXContainerItemProxy;
			containerPortal = B21B85AB1067D4A300E5C076 /* TWToolkit.xcodeproj */;
			proxyType = 2;
			remoteGlobalIDString = D2AAC07E0554694100DB518D;
			remoteInfo = TWToolkit;
		};
		B21B85B51067D4AD00E5C076 /* PBXContainerItemProxy */ = {
			isa = PBXContainerItemProxy;
			containerPortal = B21B85AB1067D4A300E5C076 /* TWToolkit.xcodeproj */;
			proxyType = 1;
			remoteGlobalIDString = D2AAC07D0554694100DB518D;
			remoteInfo = TWToolkit;
		};
/* End PBXContainerItemProxy section */

/* Begin PBXFileReference section */
		1D30AB110D05D00D00671497 /* Foundation.framework */ = {isa = PBXFileReference; lastKnownFileType = wrapper.framework; name = Foundation.framework; path = System/Library/Frameworks/Foundation.framework; sourceTree = SDKROOT; };
		1D3623240D0F684500981E51 /* TCAppDelegate.h */ = {isa = PBXFileReference; fileEncoding = 4; lastKnownFileType = sourcecode.c.h; path = TCAppDelegate.h; sourceTree = "<group>"; };
		1D3623250D0F684500981E51 /* TCAppDelegate.m */ = {isa = PBXFileReference; fileEncoding = 4; lastKnownFileType = sourcecode.c.objc; path = TCAppDelegate.m; sourceTree = "<group>"; };
		1D6058910D05DD3D006BFB54 /* TWCatalog.app */ = {isa = PBXFileReference; explicitFileType = wrapper.application; includeInIndex = 0; path = TWCatalog.app; sourceTree = BUILT_PRODUCTS_DIR; };
		1DF5F4DF0D08C38300B7A737 /* UIKit.framework */ = {isa = PBXFileReference; lastKnownFileType = wrapper.framework; name = UIKit.framework; path = System/Library/Frameworks/UIKit.framework; sourceTree = SDKROOT; };
		288765FC0DF74451002DB57D /* CoreGraphics.framework */ = {isa = PBXFileReference; lastKnownFileType = wrapper.framework; name = CoreGraphics.framework; path = System/Library/Frameworks/CoreGraphics.framework; sourceTree = SDKROOT; };
		B21B85AB1067D4A300E5C076 /* TWToolkit.xcodeproj */ = {isa = PBXFileReference; lastKnownFileType = "wrapper.pb-project"; name = TWToolkit.xcodeproj; path = ../TWToolkit.xcodeproj; sourceTree = SOURCE_ROOT; };
		B21B85B71067D4B500E5C076 /* SystemConfiguration.framework */ = {isa = PBXFileReference; lastKnownFileType = wrapper.framework; name = SystemConfiguration.framework; path = System/Library/Frameworks/SystemConfiguration.framework; sourceTree = SDKROOT; };
		B21B85BC1067D4F300E5C076 /* main.m */ = {isa = PBXFileReference; fileEncoding = 4; lastKnownFileType = sourcecode.c.objc; path = main.m; sourceTree = "<group>"; };
		B21B85BD1067D4F300E5C076 /* TWCatalog_Prefix.pch */ = {isa = PBXFileReference; fileEncoding = 4; lastKnownFileType = sourcecode.c.h; path = TWCatalog_Prefix.pch; sourceTree = "<group>"; };
		B21B85C01067D4FD00E5C076 /* TWCatalog-Info.plist */ = {isa = PBXFileReference; fileEncoding = 4; lastKnownFileType = text.plist.xml; path = "TWCatalog-Info.plist"; sourceTree = "<group>"; };
		B21B86431067D7EA00E5C076 /* libsqlite3.dylib */ = {isa = PBXFileReference; lastKnownFileType = "compiled.mach-o.dylib"; name = libsqlite3.dylib; path = usr/lib/libsqlite3.dylib; sourceTree = SDKROOT; };
		B27C60EA107FFD1D00F7FBD7 /* TCRootViewController.h */ = {isa = PBXFileReference; fileEncoding = 4; lastKnownFileType = sourcecode.c.h; path = TCRootViewController.h; sourceTree = "<group>"; };
		B27C60EB107FFD1D00F7FBD7 /* TCRootViewController.m */ = {isa = PBXFileReference; fileEncoding = 4; lastKnownFileType = sourcecode.c.objc; path = TCRootViewController.m; sourceTree = "<group>"; };
		B27C61261080003700F7FBD7 /* Default.png */ = {isa = PBXFileReference; lastKnownFileType = image.png; path = Default.png; sourceTree = "<group>"; };
		B27C6135108000DE00F7FBD7 /* TCConnectionDemoViewController.h */ = {isa = PBXFileReference; fileEncoding = 4; lastKnownFileType = sourcecode.c.h; path = TCConnectionDemoViewController.h; sourceTree = "<group>"; };
		B27C6136108000DE00F7FBD7 /* TCConnectionDemoViewController.m */ = {isa = PBXFileReference; fileEncoding = 4; lastKnownFileType = sourcecode.c.objc; path = TCConnectionDemoViewController.m; sourceTree = "<group>"; };
		B27C6138108000EF00F7FBD7 /* TCRemoteImageViewDemoViewController.h */ = {isa = PBXFileReference; fileEncoding = 4; lastKnownFileType = sourcecode.c.h; path = TCRemoteImageViewDemoViewController.h; sourceTree = "<group>"; };
		B27C6139108000EF00F7FBD7 /* TCRemoteImageViewDemoViewController.m */ = {isa = PBXFileReference; fileEncoding = 4; lastKnownFileType = sourcecode.c.objc; path = TCRemoteImageViewDemoViewController.m; sourceTree = "<group>"; };
		B27C613B108000FC00F7FBD7 /* TCPickerDemoViewController.h */ = {isa = PBXFileReference; fileEncoding = 4; lastKnownFileType = sourcecode.c.h; path = TCPickerDemoViewController.h; sourceTree = "<group>"; };
		B27C613C108000FC00F7FBD7 /* TCPickerDemoViewController.m */ = {isa = PBXFileReference; fileEncoding = 4; lastKnownFileType = sourcecode.c.objc; path = TCPickerDemoViewController.m; sourceTree = "<group>"; };
		B27C61821080037D00F7FBD7 /* TCPickerDetailViewController.h */ = {isa = PBXFileReference; fileEncoding = 4; lastKnownFileType = sourcecode.c.h; path = TCPickerDetailViewController.h; sourceTree = "<group>"; };
		B27C61831080037D00F7FBD7 /* TCPickerDetailViewController.m */ = {isa = PBXFileReference; fileEncoding = 4; lastKnownFileType = sourcecode.c.objc; path = TCPickerDetailViewController.m; sourceTree = "<group>"; };
		B27C6195108006C900F7FBD7 /* placeholder.png */ = {isa = PBXFileReference; lastKnownFileType = image.png; path = placeholder.png; sourceTree = "<group>"; };
		B27C624410800F3500F7FBD7 /* TWToolkit.bundle */ = {isa = PBXFileReference; lastKnownFileType = "wrapper.plug-in"; name = TWToolkit.bundle; path = ../Resources/TWToolkit.bundle; sourceTree = SOURCE_ROOT; };
		B27FDDBE10A49B660076DC56 /* Icon.png */ = {isa = PBXFileReference; lastKnownFileType = image.png; path = Icon.png; sourceTree = "<group>"; };
		B27FDDC810A49C350076DC56 /* iTunesArtwork */ = {isa = PBXFileReference; lastKnownFileType = file; path = iTunesArtwork; sourceTree = "<group>"; };
		B2A67B2A10A8836400E266F5 /* TCTwitterDemoViewController.h */ = {isa = PBXFileReference; fileEncoding = 4; lastKnownFileType = sourcecode.c.h; path = TCTwitterDemoViewController.h; sourceTree = "<group>"; };
		B2A67B2B10A8836400E266F5 /* TCTwitterDemoViewController.m */ = {isa = PBXFileReference; fileEncoding = 4; lastKnownFileType = sourcecode.c.objc; path = TCTwitterDemoViewController.m; sourceTree = "<group>"; };
/* End PBXFileReference section */

/* Begin PBXFrameworksBuildPhase section */
		1D60588F0D05DD3D006BFB54 /* Frameworks */ = {
			isa = PBXFrameworksBuildPhase;
			buildActionMask = 2147483647;
			files = (
				1D60589F0D05DD5A006BFB54 /* Foundation.framework in Frameworks */,
				1DF5F4E00D08C38300B7A737 /* UIKit.framework in Frameworks */,
				288765FD0DF74451002DB57D /* CoreGraphics.framework in Frameworks */,
				B21B85B41067D4A600E5C076 /* libTWToolkit.a in Frameworks */,
				B21B85B81067D4B500E5C076 /* SystemConfiguration.framework in Frameworks */,
				B21B86441067D7EA00E5C076 /* libsqlite3.dylib in Frameworks */,
			);
			runOnlyForDeploymentPostprocessing = 0;
		};
/* End PBXFrameworksBuildPhase section */

/* Begin PBXGroup section */
		080E96DDFE201D6D7F000001 /* Classes */ = {
			isa = PBXGroup;
			children = (
				1D3623240D0F684500981E51 /* TCAppDelegate.h */,
				1D3623250D0F684500981E51 /* TCAppDelegate.m */,
				B27C60EA107FFD1D00F7FBD7 /* TCRootViewController.h */,
				B27C60EB107FFD1D00F7FBD7 /* TCRootViewController.m */,
				B2A67B2E10A8836B00E266F5 /* Connection */,
				B2A67B2F10A8837600E266F5 /* Remote Image View */,
				B2A67B3010A8838100E266F5 /* Picker View Controller */,
				B2A67B3110A8839400E266F5 /* Twitter OAuth */,
			);
			path = Classes;
			sourceTree = "<group>";
		};
		19C28FACFE9D520D11CA2CBB /* Products */ = {
			isa = PBXGroup;
			children = (
				1D6058910D05DD3D006BFB54 /* TWCatalog.app */,
			);
			name = Products;
			sourceTree = "<group>";
		};
		29B97314FDCFA39411CA2CEA /* CustomTemplate */ = {
			isa = PBXGroup;
			children = (
				080E96DDFE201D6D7F000001 /* Classes */,
				B21B85BB1067D4F300E5C076 /* Other Sources */,
				B21B85BF1067D4FD00E5C076 /* Resources */,
				29B97323FDCFA39411CA2CEA /* Frameworks */,
				19C28FACFE9D520D11CA2CBB /* Products */,
			);
			name = CustomTemplate;
			sourceTree = "<group>";
		};
		29B97323FDCFA39411CA2CEA /* Frameworks */ = {
			isa = PBXGroup;
			children = (
				B21B85AB1067D4A300E5C076 /* TWToolkit.xcodeproj */,
				B21B86431067D7EA00E5C076 /* libsqlite3.dylib */,
				B21B85B71067D4B500E5C076 /* SystemConfiguration.framework */,
				1DF5F4DF0D08C38300B7A737 /* UIKit.framework */,
				1D30AB110D05D00D00671497 /* Foundation.framework */,
				288765FC0DF74451002DB57D /* CoreGraphics.framework */,
			);
			name = Frameworks;
			sourceTree = "<group>";
		};
		B21B85AC1067D4A300E5C076 /* Products */ = {
			isa = PBXGroup;
			children = (
				B21B85B31067D4A300E5C076 /* libTWToolkit.a */,
			);
			name = Products;
			sourceTree = "<group>";
		};
		B21B85BB1067D4F300E5C076 /* Other Sources */ = {
			isa = PBXGroup;
			children = (
				B21B85BC1067D4F300E5C076 /* main.m */,
				B21B85BD1067D4F300E5C076 /* TWCatalog_Prefix.pch */,
			);
			path = "Other Sources";
			sourceTree = "<group>";
		};
		B21B85BF1067D4FD00E5C076 /* Resources */ = {
			isa = PBXGroup;
			children = (
				B27FDDC810A49C350076DC56 /* iTunesArtwork */,
				B27FDDBE10A49B660076DC56 /* Icon.png */,
				B27C624410800F3500F7FBD7 /* TWToolkit.bundle */,
				B27C6195108006C900F7FBD7 /* placeholder.png */,
				B27C61261080003700F7FBD7 /* Default.png */,
				B21B85C01067D4FD00E5C076 /* TWCatalog-Info.plist */,
			);
			path = Resources;
			sourceTree = "<group>";
		};
		B2A67B2E10A8836B00E266F5 /* Connection */ = {
			isa = PBXGroup;
			children = (
				B27C6135108000DE00F7FBD7 /* TCConnectionDemoViewController.h */,
				B27C6136108000DE00F7FBD7 /* TCConnectionDemoViewController.m */,
			);
			name = Connection;
			sourceTree = "<group>";
		};
		B2A67B2F10A8837600E266F5 /* Remote Image View */ = {
			isa = PBXGroup;
			children = (
				B27C6138108000EF00F7FBD7 /* TCRemoteImageViewDemoViewController.h */,
				B27C6139108000EF00F7FBD7 /* TCRemoteImageViewDemoViewController.m */,
			);
			name = "Remote Image View";
			sourceTree = "<group>";
		};
		B2A67B3010A8838100E266F5 /* Picker View Controller */ = {
			isa = PBXGroup;
			children = (
				B27C613B108000FC00F7FBD7 /* TCPickerDemoViewController.h */,
				B27C613C108000FC00F7FBD7 /* TCPickerDemoViewController.m */,
				B27C61821080037D00F7FBD7 /* TCPickerDetailViewController.h */,
				B27C61831080037D00F7FBD7 /* TCPickerDetailViewController.m */,
			);
			name = "Picker View Controller";
			sourceTree = "<group>";
		};
		B2A67B3110A8839400E266F5 /* Twitter OAuth */ = {
			isa = PBXGroup;
			children = (
				B2A67B2A10A8836400E266F5 /* TCTwitterDemoViewController.h */,
				B2A67B2B10A8836400E266F5 /* TCTwitterDemoViewController.m */,
			);
			name = "Twitter OAuth";
			sourceTree = "<group>";
		};
/* End PBXGroup section */

/* Begin PBXNativeTarget section */
		1D6058900D05DD3D006BFB54 /* TWCatalog */ = {
			isa = PBXNativeTarget;
			buildConfigurationList = 1D6058960D05DD3E006BFB54 /* Build configuration list for PBXNativeTarget "TWCatalog" */;
			buildPhases = (
				1D60588D0D05DD3D006BFB54 /* Resources */,
				1D60588E0D05DD3D006BFB54 /* Sources */,
				1D60588F0D05DD3D006BFB54 /* Frameworks */,
			);
			buildRules = (
			);
			dependencies = (
				B21B85B61067D4AD00E5C076 /* PBXTargetDependency */,
			);
			name = TWCatalog;
			productName = TWCatalog;
			productReference = 1D6058910D05DD3D006BFB54 /* TWCatalog.app */;
			productType = "com.apple.product-type.application";
		};
/* End PBXNativeTarget section */

/* Begin PBXProject section */
		29B97313FDCFA39411CA2CEA /* Project object */ = {
			isa = PBXProject;
			attributes = {
				ORGANIZATIONNAME = "Tasteful Works, Inc";
			};
			buildConfigurationList = C01FCF4E08A954540054247B /* Build configuration list for PBXProject "TWCatalog" */;
			compatibilityVersion = "Xcode 3.1";
			hasScannedForEncodings = 1;
			mainGroup = 29B97314FDCFA39411CA2CEA /* CustomTemplate */;
			projectDirPath = "";
			projectReferences = (
				{
					ProductGroup = B21B85AC1067D4A300E5C076 /* Products */;
					ProjectRef = B21B85AB1067D4A300E5C076 /* TWToolkit.xcodeproj */;
				},
			);
			projectRoot = "";
			targets = (
				1D6058900D05DD3D006BFB54 /* TWCatalog */,
			);
		};
/* End PBXProject section */

/* Begin PBXReferenceProxy section */
		B21B85B31067D4A300E5C076 /* libTWToolkit.a */ = {
			isa = PBXReferenceProxy;
			fileType = archive.ar;
			path = libTWToolkit.a;
			remoteRef = B21B85B21067D4A300E5C076 /* PBXContainerItemProxy */;
			sourceTree = BUILT_PRODUCTS_DIR;
		};
/* End PBXReferenceProxy section */

/* Begin PBXResourcesBuildPhase section */
		1D60588D0D05DD3D006BFB54 /* Resources */ = {
			isa = PBXResourcesBuildPhase;
			buildActionMask = 2147483647;
			files = (
				B27C61271080003700F7FBD7 /* Default.png in Resources */,
				B27C6196108006C900F7FBD7 /* placeholder.png in Resources */,
				B27C624510800F3500F7FBD7 /* TWToolkit.bundle in Resources */,
				B27FDDBF10A49B660076DC56 /* Icon.png in Resources */,
				B27FDDC910A49C350076DC56 /* iTunesArtwork in Resources */,
			);
			runOnlyForDeploymentPostprocessing = 0;
		};
/* End PBXResourcesBuildPhase section */

/* Begin PBXSourcesBuildPhase section */
		1D60588E0D05DD3D006BFB54 /* Sources */ = {
			isa = PBXSourcesBuildPhase;
			buildActionMask = 2147483647;
			files = (
				1D3623260D0F684500981E51 /* TCAppDelegate.m in Sources */,
				B21B85BE1067D4F300E5C076 /* main.m in Sources */,
				B27C60EC107FFD1D00F7FBD7 /* TCRootViewController.m in Sources */,
				B27C6137108000DE00F7FBD7 /* TCConnectionDemoViewController.m in Sources */,
				B27C613A108000EF00F7FBD7 /* TCRemoteImageViewDemoViewController.m in Sources */,
				B27C613D108000FC00F7FBD7 /* TCPickerDemoViewController.m in Sources */,
				B27C61841080037D00F7FBD7 /* TCPickerDetailViewController.m in Sources */,
				B2A67B2C10A8836400E266F5 /* TCTwitterDemoViewController.m in Sources */,
			);
			runOnlyForDeploymentPostprocessing = 0;
		};
/* End PBXSourcesBuildPhase section */

/* Begin PBXTargetDependency section */
		B21B85B61067D4AD00E5C076 /* PBXTargetDependency */ = {
			isa = PBXTargetDependency;
			name = TWToolkit;
			targetProxy = B21B85B51067D4AD00E5C076 /* PBXContainerItemProxy */;
		};
/* End PBXTargetDependency section */

/* Begin XCBuildConfiguration section */
		1D6058940D05DD3E006BFB54 /* Debug */ = {
			isa = XCBuildConfiguration;
			buildSettings = {
				ALWAYS_SEARCH_USER_PATHS = NO;
				COPY_PHASE_STRIP = NO;
				GCC_DYNAMIC_NO_PIC = NO;
				GCC_OPTIMIZATION_LEVEL = 0;
				GCC_PRECOMPILE_PREFIX_HEADER = YES;
				GCC_PREFIX_HEADER = "Other Sources/TWCatalog_Prefix.pch";
				HEADER_SEARCH_PATHS = ../;
				INFOPLIST_FILE = "Resources/TWCatalog-Info.plist";
				OTHER_LDFLAGS = (
					"-ObjC",
					"-all_load",
				);
				PRODUCT_NAME = TWCatalog;
			};
			name = Debug;
		};
		1D6058950D05DD3E006BFB54 /* Release */ = {
			isa = XCBuildConfiguration;
			buildSettings = {
				ALWAYS_SEARCH_USER_PATHS = NO;
				COPY_PHASE_STRIP = YES;
				GCC_PRECOMPILE_PREFIX_HEADER = YES;
				GCC_PREFIX_HEADER = "Other Sources/TWCatalog_Prefix.pch";
				HEADER_SEARCH_PATHS = ../;
				INFOPLIST_FILE = "TWCatalog-Info.plist";
				PRODUCT_NAME = TWCatalog;
			};
			name = Release;
		};
		C01FCF4F08A954540054247B /* Debug */ = {
			isa = XCBuildConfiguration;
			buildSettings = {
				ARCHS = "$(ARCHS_STANDARD_32_BIT)";
				"CODE_SIGN_IDENTITY[sdk=iphoneos*]" = "iPhone Developer";
				GCC_C_LANGUAGE_STANDARD = c99;
				GCC_WARN_ABOUT_RETURN_TYPE = YES;
				GCC_WARN_UNUSED_VARIABLE = YES;
				PREBINDING = NO;
				SDKROOT = iphoneos3.0;
			};
			name = Debug;
		};
		C01FCF5008A954540054247B /* Release */ = {
			isa = XCBuildConfiguration;
			buildSettings = {
				ARCHS = "$(ARCHS_STANDARD_32_BIT)";
				"CODE_SIGN_IDENTITY[sdk=iphoneos*]" = "iPhone Developer";
				GCC_C_LANGUAGE_STANDARD = c99;
				GCC_WARN_ABOUT_RETURN_TYPE = YES;
				GCC_WARN_UNUSED_VARIABLE = YES;
				PREBINDING = NO;
				SDKROOT = iphoneos3.0;
			};
			name = Release;
		};
/* End XCBuildConfiguration section */

/* Begin XCConfigurationList section */
		1D6058960D05DD3E006BFB54 /* Build configuration list for PBXNativeTarget "TWCatalog" */ = {
			isa = XCConfigurationList;
			buildConfigurations = (
				1D6058940D05DD3E006BFB54 /* Debug */,
				1D6058950D05DD3E006BFB54 /* Release */,
			);
			defaultConfigurationIsVisible = 0;
			defaultConfigurationName = Release;
		};
		C01FCF4E08A954540054247B /* Build configuration list for PBXProject "TWCatalog" */ = {
			isa = XCConfigurationList;
			buildConfigurations = (
				C01FCF4F08A954540054247B /* Debug */,
				C01FCF5008A954540054247B /* Release */,
			);
			defaultConfigurationIsVisible = 0;
			defaultConfigurationName = Release;
		};
/* End XCConfigurationList section */
	};
	rootObject = 29B97313FDCFA39411CA2CEA /* Project object */;
}
