// !$*UTF8*$!
{
	archiveVersion = 1;
	classes = {
	};
	objectVersion = 45;
	objects = {

/* Begin PBXBuildFile section */
		AACBBE4A0F95108600F1A2B1 /* Foundation.framework in Frameworks */ = {isa = PBXBuildFile; fileRef = AACBBE490F95108600F1A2B1 /* Foundation.framework */; };
		B215045F10583A7300409ED4 /* TWToolkit_Prefix.pch in Headers */ = {isa = PBXBuildFile; fileRef = B215045E10583A7300409ED4 /* TWToolkit_Prefix.pch */; };
		B21504CA10583B4000409ED4 /* SystemConfiguration.framework in Frameworks */ = {isa = PBXBuildFile; fileRef = B21504C910583B4000409ED4 /* SystemConfiguration.framework */; };
		B21504CE10583B4600409ED4 /* libsqlite3.dylib in Frameworks */ = {isa = PBXBuildFile; fileRef = B21504CD10583B4600409ED4 /* libsqlite3.dylib */; };
		B215051210583BBB00409ED4 /* UIKit.framework in Frameworks */ = {isa = PBXBuildFile; fileRef = B215051110583BBB00409ED4 /* UIKit.framework */; };
		B2C20770106296FB00AE1B56 /* NSArray+shuffle.h in Headers */ = {isa = PBXBuildFile; fileRef = B2C20766106296FB00AE1B56 /* NSArray+shuffle.h */; };
		B2C20771106296FB00AE1B56 /* NSArray+shuffle.m in Sources */ = {isa = PBXBuildFile; fileRef = B2C20767106296FB00AE1B56 /* NSArray+shuffle.m */; };
		B2C20772106296FB00AE1B56 /* NSData+MD5Sum.h in Headers */ = {isa = PBXBuildFile; fileRef = B2C20768106296FB00AE1B56 /* NSData+MD5Sum.h */; };
		B2C20773106296FB00AE1B56 /* NSData+MD5Sum.m in Sources */ = {isa = PBXBuildFile; fileRef = B2C20769106296FB00AE1B56 /* NSData+MD5Sum.m */; };
		B2C20774106296FB00AE1B56 /* NSString+containsString.h in Headers */ = {isa = PBXBuildFile; fileRef = B2C2076A106296FB00AE1B56 /* NSString+containsString.h */; };
		B2C20775106296FB00AE1B56 /* NSString+containsString.m in Sources */ = {isa = PBXBuildFile; fileRef = B2C2076B106296FB00AE1B56 /* NSString+containsString.m */; };
		B2C20776106296FB00AE1B56 /* NSString+encoding.h in Headers */ = {isa = PBXBuildFile; fileRef = B2C2076C106296FB00AE1B56 /* NSString+encoding.h */; };
		B2C20777106296FB00AE1B56 /* NSString+encoding.m in Sources */ = {isa = PBXBuildFile; fileRef = B2C2076D106296FB00AE1B56 /* NSString+encoding.m */; };
		B2C20778106296FB00AE1B56 /* NSString+MD5Sum.h in Headers */ = {isa = PBXBuildFile; fileRef = B2C2076E106296FB00AE1B56 /* NSString+MD5Sum.h */; };
		B2C20779106296FB00AE1B56 /* NSString+MD5Sum.m in Sources */ = {isa = PBXBuildFile; fileRef = B2C2076F106296FB00AE1B56 /* NSString+MD5Sum.m */; };
		B2C207841062973000AE1B56 /* TWCategories.h in Headers */ = {isa = PBXBuildFile; fileRef = B2C207831062973000AE1B56 /* TWCategories.h */; };
		B2FA61A11059616200499856 /* TWConnection.h in Headers */ = {isa = PBXBuildFile; fileRef = B2FA61601059616200499856 /* TWConnection.h */; };
		B2FA61A21059616200499856 /* TWConnection.m in Sources */ = {isa = PBXBuildFile; fileRef = B2FA61611059616200499856 /* TWConnection.m */; };
		B2FA61A31059616200499856 /* TWEntity.h in Headers */ = {isa = PBXBuildFile; fileRef = B2FA61621059616200499856 /* TWEntity.h */; };
		B2FA61A41059616200499856 /* TWEntity.m in Sources */ = {isa = PBXBuildFile; fileRef = B2FA61631059616200499856 /* TWEntity.m */; };
		B2FA61A51059616200499856 /* TWEntityController.h in Headers */ = {isa = PBXBuildFile; fileRef = B2FA61641059616200499856 /* TWEntityController.h */; };
		B2FA61A61059616200499856 /* TWEntityController.m in Sources */ = {isa = PBXBuildFile; fileRef = B2FA61651059616200499856 /* TWEntityController.m */; };
		B2FA61A71059616200499856 /* TWEntityDataSource.h in Headers */ = {isa = PBXBuildFile; fileRef = B2FA61661059616200499856 /* TWEntityDataSource.h */; };
		B2FA61A81059616200499856 /* TWEntityDataSource.m in Sources */ = {isa = PBXBuildFile; fileRef = B2FA61671059616200499856 /* TWEntityDataSource.m */; };
		B2FA61A91059616200499856 /* TWRemoteEntityDataSource.h in Headers */ = {isa = PBXBuildFile; fileRef = B2FA61681059616200499856 /* TWRemoteEntityDataSource.h */; };
		B2FA61AA1059616200499856 /* TWRemoteEntityDataSource.m in Sources */ = {isa = PBXBuildFile; fileRef = B2FA61691059616200499856 /* TWRemoteEntityDataSource.m */; };
		B2FA61AB1059616200499856 /* TWSQLiteEntityDataSource.h in Headers */ = {isa = PBXBuildFile; fileRef = B2FA616A1059616200499856 /* TWSQLiteEntityDataSource.h */; };
		B2FA61AC1059616200499856 /* TWSQLiteEntityDataSource.m in Sources */ = {isa = PBXBuildFile; fileRef = B2FA616B1059616200499856 /* TWSQLiteEntityDataSource.m */; };
		B2FA61AD1059616200499856 /* TWToolkit.h in Headers */ = {isa = PBXBuildFile; fileRef = B2FA616C1059616200499856 /* TWToolkit.h */; };
		B2FA61AE1059616200499856 /* Reachability.h in Headers */ = {isa = PBXBuildFile; fileRef = B2FA616F1059616200499856 /* Reachability.h */; };
		B2FA61AF1059616200499856 /* Reachability.m in Sources */ = {isa = PBXBuildFile; fileRef = B2FA61701059616200499856 /* Reachability.m */; };
		B2FA61B01059616200499856 /* CDataScanner.h in Headers */ = {isa = PBXBuildFile; fileRef = B2FA61721059616200499856 /* CDataScanner.h */; };
		B2FA61B11059616200499856 /* CDataScanner.m in Sources */ = {isa = PBXBuildFile; fileRef = B2FA61731059616200499856 /* CDataScanner.m */; };
		B2FA61B21059616200499856 /* CDataScanner_Extensions.h in Headers */ = {isa = PBXBuildFile; fileRef = B2FA61751059616200499856 /* CDataScanner_Extensions.h */; };
		B2FA61B31059616200499856 /* CDataScanner_Extensions.m in Sources */ = {isa = PBXBuildFile; fileRef = B2FA61761059616200499856 /* CDataScanner_Extensions.m */; };
		B2FA61B41059616200499856 /* NSCharacterSet_Extensions.h in Headers */ = {isa = PBXBuildFile; fileRef = B2FA61771059616200499856 /* NSCharacterSet_Extensions.h */; };
		B2FA61B51059616200499856 /* NSCharacterSet_Extensions.m in Sources */ = {isa = PBXBuildFile; fileRef = B2FA61781059616200499856 /* NSCharacterSet_Extensions.m */; };
		B2FA61B61059616200499856 /* NSDictionary_JSONExtensions.h in Headers */ = {isa = PBXBuildFile; fileRef = B2FA61791059616200499856 /* NSDictionary_JSONExtensions.h */; };
		B2FA61B71059616200499856 /* NSDictionary_JSONExtensions.m in Sources */ = {isa = PBXBuildFile; fileRef = B2FA617A1059616200499856 /* NSDictionary_JSONExtensions.m */; };
		B2FA61B81059616200499856 /* NSScanner_Extensions.h in Headers */ = {isa = PBXBuildFile; fileRef = B2FA617B1059616200499856 /* NSScanner_Extensions.h */; };
		B2FA61B91059616200499856 /* NSScanner_Extensions.m in Sources */ = {isa = PBXBuildFile; fileRef = B2FA617C1059616200499856 /* NSScanner_Extensions.m */; };
		B2FA61BA1059616200499856 /* CJSONDeserializer.h in Headers */ = {isa = PBXBuildFile; fileRef = B2FA617E1059616200499856 /* CJSONDeserializer.h */; };
		B2FA61BB1059616200499856 /* CJSONDeserializer.m in Sources */ = {isa = PBXBuildFile; fileRef = B2FA617F1059616200499856 /* CJSONDeserializer.m */; };
		B2FA61BC1059616200499856 /* CJSONScanner.h in Headers */ = {isa = PBXBuildFile; fileRef = B2FA61801059616200499856 /* CJSONScanner.h */; };
		B2FA61BD1059616200499856 /* CJSONScanner.m in Sources */ = {isa = PBXBuildFile; fileRef = B2FA61811059616200499856 /* CJSONScanner.m */; };
		B2FA61BE1059616200499856 /* CJSONSerializer.h in Headers */ = {isa = PBXBuildFile; fileRef = B2FA61821059616200499856 /* CJSONSerializer.h */; };
		B2FA61BF1059616200499856 /* CJSONSerializer.m in Sources */ = {isa = PBXBuildFile; fileRef = B2FA61831059616200499856 /* CJSONSerializer.m */; };
/* End PBXBuildFile section */

/* Begin PBXFileReference section */
		AACBBE490F95108600F1A2B1 /* Foundation.framework */ = {isa = PBXFileReference; lastKnownFileType = wrapper.framework; name = Foundation.framework; path = System/Library/Frameworks/Foundation.framework; sourceTree = SDKROOT; };
		B215045E10583A7300409ED4 /* TWToolkit_Prefix.pch */ = {isa = PBXFileReference; fileEncoding = 4; lastKnownFileType = sourcecode.c.h; path = TWToolkit_Prefix.pch; sourceTree = "<group>"; };
		B21504C910583B4000409ED4 /* SystemConfiguration.framework */ = {isa = PBXFileReference; lastKnownFileType = wrapper.framework; name = SystemConfiguration.framework; path = System/Library/Frameworks/SystemConfiguration.framework; sourceTree = SDKROOT; };
		B21504CD10583B4600409ED4 /* libsqlite3.dylib */ = {isa = PBXFileReference; lastKnownFileType = "compiled.mach-o.dylib"; name = libsqlite3.dylib; path = usr/lib/libsqlite3.dylib; sourceTree = SDKROOT; };
		B215051110583BBB00409ED4 /* UIKit.framework */ = {isa = PBXFileReference; lastKnownFileType = wrapper.framework; name = UIKit.framework; path = System/Library/Frameworks/UIKit.framework; sourceTree = SDKROOT; };
		B2C20766106296FB00AE1B56 /* NSArray+shuffle.h */ = {isa = PBXFileReference; fileEncoding = 4; lastKnownFileType = sourcecode.c.h; path = "NSArray+shuffle.h"; sourceTree = "<group>"; };
		B2C20767106296FB00AE1B56 /* NSArray+shuffle.m */ = {isa = PBXFileReference; fileEncoding = 4; lastKnownFileType = sourcecode.c.objc; path = "NSArray+shuffle.m"; sourceTree = "<group>"; };
		B2C20768106296FB00AE1B56 /* NSData+MD5Sum.h */ = {isa = PBXFileReference; fileEncoding = 4; lastKnownFileType = sourcecode.c.h; path = "NSData+MD5Sum.h"; sourceTree = "<group>"; };
		B2C20769106296FB00AE1B56 /* NSData+MD5Sum.m */ = {isa = PBXFileReference; fileEncoding = 4; lastKnownFileType = sourcecode.c.objc; path = "NSData+MD5Sum.m"; sourceTree = "<group>"; };
		B2C2076A106296FB00AE1B56 /* NSString+containsString.h */ = {isa = PBXFileReference; fileEncoding = 4; lastKnownFileType = sourcecode.c.h; path = "NSString+containsString.h"; sourceTree = "<group>"; };
		B2C2076B106296FB00AE1B56 /* NSString+containsString.m */ = {isa = PBXFileReference; fileEncoding = 4; lastKnownFileType = sourcecode.c.objc; path = "NSString+containsString.m"; sourceTree = "<group>"; };
		B2C2076C106296FB00AE1B56 /* NSString+encoding.h */ = {isa = PBXFileReference; fileEncoding = 4; lastKnownFileType = sourcecode.c.h; path = "NSString+encoding.h"; sourceTree = "<group>"; };
		B2C2076D106296FB00AE1B56 /* NSString+encoding.m */ = {isa = PBXFileReference; fileEncoding = 4; lastKnownFileType = sourcecode.c.objc; path = "NSString+encoding.m"; sourceTree = "<group>"; };
		B2C2076E106296FB00AE1B56 /* NSString+MD5Sum.h */ = {isa = PBXFileReference; fileEncoding = 4; lastKnownFileType = sourcecode.c.h; path = "NSString+MD5Sum.h"; sourceTree = "<group>"; };
		B2C2076F106296FB00AE1B56 /* NSString+MD5Sum.m */ = {isa = PBXFileReference; fileEncoding = 4; lastKnownFileType = sourcecode.c.objc; path = "NSString+MD5Sum.m"; sourceTree = "<group>"; };
		B2C207831062973000AE1B56 /* TWCategories.h */ = {isa = PBXFileReference; fileEncoding = 4; lastKnownFileType = sourcecode.c.h; path = TWCategories.h; sourceTree = "<group>"; };
		B2FA61601059616200499856 /* TWConnection.h */ = {isa = PBXFileReference; fileEncoding = 4; lastKnownFileType = sourcecode.c.h; path = TWConnection.h; sourceTree = "<group>"; };
		B2FA61611059616200499856 /* TWConnection.m */ = {isa = PBXFileReference; fileEncoding = 4; lastKnownFileType = sourcecode.c.objc; path = TWConnection.m; sourceTree = "<group>"; };
		B2FA61621059616200499856 /* TWEntity.h */ = {isa = PBXFileReference; fileEncoding = 4; lastKnownFileType = sourcecode.c.h; path = TWEntity.h; sourceTree = "<group>"; };
		B2FA61631059616200499856 /* TWEntity.m */ = {isa = PBXFileReference; fileEncoding = 4; lastKnownFileType = sourcecode.c.objc; path = TWEntity.m; sourceTree = "<group>"; };
		B2FA61641059616200499856 /* TWEntityController.h */ = {isa = PBXFileReference; fileEncoding = 4; lastKnownFileType = sourcecode.c.h; path = TWEntityController.h; sourceTree = "<group>"; };
		B2FA61651059616200499856 /* TWEntityController.m */ = {isa = PBXFileReference; fileEncoding = 4; lastKnownFileType = sourcecode.c.objc; path = TWEntityController.m; sourceTree = "<group>"; };
		B2FA61661059616200499856 /* TWEntityDataSource.h */ = {isa = PBXFileReference; fileEncoding = 4; lastKnownFileType = sourcecode.c.h; path = TWEntityDataSource.h; sourceTree = "<group>"; };
		B2FA61671059616200499856 /* TWEntityDataSource.m */ = {isa = PBXFileReference; fileEncoding = 4; lastKnownFileType = sourcecode.c.objc; path = TWEntityDataSource.m; sourceTree = "<group>"; };
		B2FA61681059616200499856 /* TWRemoteEntityDataSource.h */ = {isa = PBXFileReference; fileEncoding = 4; lastKnownFileType = sourcecode.c.h; path = TWRemoteEntityDataSource.h; sourceTree = "<group>"; };
		B2FA61691059616200499856 /* TWRemoteEntityDataSource.m */ = {isa = PBXFileReference; fileEncoding = 4; lastKnownFileType = sourcecode.c.objc; path = TWRemoteEntityDataSource.m; sourceTree = "<group>"; };
		B2FA616A1059616200499856 /* TWSQLiteEntityDataSource.h */ = {isa = PBXFileReference; fileEncoding = 4; lastKnownFileType = sourcecode.c.h; path = TWSQLiteEntityDataSource.h; sourceTree = "<group>"; };
		B2FA616B1059616200499856 /* TWSQLiteEntityDataSource.m */ = {isa = PBXFileReference; fileEncoding = 4; lastKnownFileType = sourcecode.c.objc; path = TWSQLiteEntityDataSource.m; sourceTree = "<group>"; };
		B2FA616C1059616200499856 /* TWToolkit.h */ = {isa = PBXFileReference; fileEncoding = 4; lastKnownFileType = sourcecode.c.h; path = TWToolkit.h; sourceTree = "<group>"; };
		B2FA616F1059616200499856 /* Reachability.h */ = {isa = PBXFileReference; fileEncoding = 4; lastKnownFileType = sourcecode.c.h; path = Reachability.h; sourceTree = "<group>"; };
		B2FA61701059616200499856 /* Reachability.m */ = {isa = PBXFileReference; fileEncoding = 4; lastKnownFileType = sourcecode.c.objc; path = Reachability.m; sourceTree = "<group>"; };
		B2FA61721059616200499856 /* CDataScanner.h */ = {isa = PBXFileReference; fileEncoding = 4; lastKnownFileType = sourcecode.c.h; path = CDataScanner.h; sourceTree = "<group>"; };
		B2FA61731059616200499856 /* CDataScanner.m */ = {isa = PBXFileReference; fileEncoding = 4; lastKnownFileType = sourcecode.c.objc; path = CDataScanner.m; sourceTree = "<group>"; };
		B2FA61751059616200499856 /* CDataScanner_Extensions.h */ = {isa = PBXFileReference; fileEncoding = 4; lastKnownFileType = sourcecode.c.h; path = CDataScanner_Extensions.h; sourceTree = "<group>"; };
		B2FA61761059616200499856 /* CDataScanner_Extensions.m */ = {isa = PBXFileReference; fileEncoding = 4; lastKnownFileType = sourcecode.c.objc; path = CDataScanner_Extensions.m; sourceTree = "<group>"; };
		B2FA61771059616200499856 /* NSCharacterSet_Extensions.h */ = {isa = PBXFileReference; fileEncoding = 4; lastKnownFileType = sourcecode.c.h; path = NSCharacterSet_Extensions.h; sourceTree = "<group>"; };
		B2FA61781059616200499856 /* NSCharacterSet_Extensions.m */ = {isa = PBXFileReference; fileEncoding = 4; lastKnownFileType = sourcecode.c.objc; path = NSCharacterSet_Extensions.m; sourceTree = "<group>"; };
		B2FA61791059616200499856 /* NSDictionary_JSONExtensions.h */ = {isa = PBXFileReference; fileEncoding = 4; lastKnownFileType = sourcecode.c.h; path = NSDictionary_JSONExtensions.h; sourceTree = "<group>"; };
		B2FA617A1059616200499856 /* NSDictionary_JSONExtensions.m */ = {isa = PBXFileReference; fileEncoding = 4; lastKnownFileType = sourcecode.c.objc; path = NSDictionary_JSONExtensions.m; sourceTree = "<group>"; };
		B2FA617B1059616200499856 /* NSScanner_Extensions.h */ = {isa = PBXFileReference; fileEncoding = 4; lastKnownFileType = sourcecode.c.h; path = NSScanner_Extensions.h; sourceTree = "<group>"; };
		B2FA617C1059616200499856 /* NSScanner_Extensions.m */ = {isa = PBXFileReference; fileEncoding = 4; lastKnownFileType = sourcecode.c.objc; path = NSScanner_Extensions.m; sourceTree = "<group>"; };
		B2FA617E1059616200499856 /* CJSONDeserializer.h */ = {isa = PBXFileReference; fileEncoding = 4; lastKnownFileType = sourcecode.c.h; path = CJSONDeserializer.h; sourceTree = "<group>"; };
		B2FA617F1059616200499856 /* CJSONDeserializer.m */ = {isa = PBXFileReference; fileEncoding = 4; lastKnownFileType = sourcecode.c.objc; path = CJSONDeserializer.m; sourceTree = "<group>"; };
		B2FA61801059616200499856 /* CJSONScanner.h */ = {isa = PBXFileReference; fileEncoding = 4; lastKnownFileType = sourcecode.c.h; path = CJSONScanner.h; sourceTree = "<group>"; };
		B2FA61811059616200499856 /* CJSONScanner.m */ = {isa = PBXFileReference; fileEncoding = 4; lastKnownFileType = sourcecode.c.objc; path = CJSONScanner.m; sourceTree = "<group>"; };
		B2FA61821059616200499856 /* CJSONSerializer.h */ = {isa = PBXFileReference; fileEncoding = 4; lastKnownFileType = sourcecode.c.h; path = CJSONSerializer.h; sourceTree = "<group>"; };
		B2FA61831059616200499856 /* CJSONSerializer.m */ = {isa = PBXFileReference; fileEncoding = 4; lastKnownFileType = sourcecode.c.objc; path = CJSONSerializer.m; sourceTree = "<group>"; };
		B2FA61841059616200499856 /* LICENSE.txt */ = {isa = PBXFileReference; fileEncoding = 4; lastKnownFileType = text; path = LICENSE.txt; sourceTree = "<group>"; };
		B2FA61851059616200499856 /* README.txt */ = {isa = PBXFileReference; fileEncoding = 4; lastKnownFileType = text; path = README.txt; sourceTree = "<group>"; };
		D2AAC07E0554694100DB518D /* libTWToolkit.a */ = {isa = PBXFileReference; explicitFileType = archive.ar; includeInIndex = 0; path = libTWToolkit.a; sourceTree = BUILT_PRODUCTS_DIR; };
/* End PBXFileReference section */

/* Begin PBXFrameworksBuildPhase section */
		D2AAC07C0554694100DB518D /* Frameworks */ = {
			isa = PBXFrameworksBuildPhase;
			buildActionMask = 2147483647;
			files = (
				AACBBE4A0F95108600F1A2B1 /* Foundation.framework in Frameworks */,
				B21504CA10583B4000409ED4 /* SystemConfiguration.framework in Frameworks */,
				B21504CE10583B4600409ED4 /* libsqlite3.dylib in Frameworks */,
				B215051210583BBB00409ED4 /* UIKit.framework in Frameworks */,
			);
			runOnlyForDeploymentPostprocessing = 0;
		};
/* End PBXFrameworksBuildPhase section */

/* Begin PBXGroup section */
		034768DFFF38A50411DB9C8B /* Products */ = {
			isa = PBXGroup;
			children = (
				D2AAC07E0554694100DB518D /* libTWToolkit.a */,
			);
			name = Products;
			sourceTree = "<group>";
		};
		0867D691FE84028FC02AAC07 /* TWToolkit */ = {
			isa = PBXGroup;
			children = (
				B2FA61431059616200499856 /* TWToolkit */,
				B215045D10583A7300409ED4 /* Other Sources */,
				0867D69AFE84028FC02AAC07 /* Frameworks */,
				034768DFFF38A50411DB9C8B /* Products */,
			);
			name = TWToolkit;
			sourceTree = "<group>";
		};
		0867D69AFE84028FC02AAC07 /* Frameworks */ = {
			isa = PBXGroup;
			children = (
				AACBBE490F95108600F1A2B1 /* Foundation.framework */,
				B21504C910583B4000409ED4 /* SystemConfiguration.framework */,
				B215051110583BBB00409ED4 /* UIKit.framework */,
				B21504CD10583B4600409ED4 /* libsqlite3.dylib */,
			);
			name = Frameworks;
			sourceTree = "<group>";
		};
		B215045D10583A7300409ED4 /* Other Sources */ = {
			isa = PBXGroup;
			children = (
				B215045E10583A7300409ED4 /* TWToolkit_Prefix.pch */,
			);
			path = "Other Sources";
			sourceTree = "<group>";
		};
		B2C20765106296F200AE1B56 /* Categories */ = {
			isa = PBXGroup;
			children = (
				B2C20766106296FB00AE1B56 /* NSArray+shuffle.h */,
				B2C20767106296FB00AE1B56 /* NSArray+shuffle.m */,
				B2C20768106296FB00AE1B56 /* NSData+MD5Sum.h */,
				B2C20769106296FB00AE1B56 /* NSData+MD5Sum.m */,
				B2C2076A106296FB00AE1B56 /* NSString+containsString.h */,
				B2C2076B106296FB00AE1B56 /* NSString+containsString.m */,
				B2C2076C106296FB00AE1B56 /* NSString+encoding.h */,
				B2C2076D106296FB00AE1B56 /* NSString+encoding.m */,
				B2C2076E106296FB00AE1B56 /* NSString+MD5Sum.h */,
				B2C2076F106296FB00AE1B56 /* NSString+MD5Sum.m */,
			);
			name = Categories;
			sourceTree = "<group>";
		};
		B2C2077A106296FE00AE1B56 /* Connection */ = {
			isa = PBXGroup;
			children = (
				B2FA61601059616200499856 /* TWConnection.h */,
				B2FA61611059616200499856 /* TWConnection.m */,
			);
			name = Connection;
			sourceTree = "<group>";
		};
		B2C2077B1062970B00AE1B56 /* Entity */ = {
			isa = PBXGroup;
			children = (
				B2FA61621059616200499856 /* TWEntity.h */,
				B2FA61631059616200499856 /* TWEntity.m */,
				B2FA61641059616200499856 /* TWEntityController.h */,
				B2FA61651059616200499856 /* TWEntityController.m */,
				B2FA61661059616200499856 /* TWEntityDataSource.h */,
				B2FA61671059616200499856 /* TWEntityDataSource.m */,
				B2FA61681059616200499856 /* TWRemoteEntityDataSource.h */,
				B2FA61691059616200499856 /* TWRemoteEntityDataSource.m */,
				B2FA616A1059616200499856 /* TWSQLiteEntityDataSource.h */,
				B2FA616B1059616200499856 /* TWSQLiteEntityDataSource.m */,
			);
			name = Entity;
			sourceTree = "<group>";
		};
		B2FA61431059616200499856 /* TWToolkit */ = {
			isa = PBXGroup;
			children = (
				B2FA616C1059616200499856 /* TWToolkit.h */,
				B2C207831062973000AE1B56 /* TWCategories.h */,
				B2C2077A106296FE00AE1B56 /* Connection */,
				B2C2077B1062970B00AE1B56 /* Entity */,
				B2C20765106296F200AE1B56 /* Categories */,
				B2FA616D1059616200499856 /* Vendor */,
			);
			path = TWToolkit;
			sourceTree = "<group>";
		};
		B2FA616D1059616200499856 /* Vendor */ = {
			isa = PBXGroup;
			children = (
				B2FA616E1059616200499856 /* Reachability */,
				B2FA61711059616200499856 /* TouchJSON */,
			);
			path = Vendor;
			sourceTree = "<group>";
		};
		B2FA616E1059616200499856 /* Reachability */ = {
			isa = PBXGroup;
			children = (
				B2FA616F1059616200499856 /* Reachability.h */,
				B2FA61701059616200499856 /* Reachability.m */,
			);
			path = Reachability;
			sourceTree = "<group>";
		};
		B2FA61711059616200499856 /* TouchJSON */ = {
			isa = PBXGroup;
			children = (
				B2FA61721059616200499856 /* CDataScanner.h */,
				B2FA61731059616200499856 /* CDataScanner.m */,
				B2FA61741059616200499856 /* Extensions */,
				B2FA617D1059616200499856 /* JSON */,
				B2FA61841059616200499856 /* LICENSE.txt */,
				B2FA61851059616200499856 /* README.txt */,
			);
			path = TouchJSON;
			sourceTree = "<group>";
		};
		B2FA61741059616200499856 /* Extensions */ = {
			isa = PBXGroup;
			children = (
				B2FA61751059616200499856 /* CDataScanner_Extensions.h */,
				B2FA61761059616200499856 /* CDataScanner_Extensions.m */,
				B2FA61771059616200499856 /* NSCharacterSet_Extensions.h */,
				B2FA61781059616200499856 /* NSCharacterSet_Extensions.m */,
				B2FA61791059616200499856 /* NSDictionary_JSONExtensions.h */,
				B2FA617A1059616200499856 /* NSDictionary_JSONExtensions.m */,
				B2FA617B1059616200499856 /* NSScanner_Extensions.h */,
				B2FA617C1059616200499856 /* NSScanner_Extensions.m */,
			);
			path = Extensions;
			sourceTree = "<group>";
		};
		B2FA617D1059616200499856 /* JSON */ = {
			isa = PBXGroup;
			children = (
				B2FA617E1059616200499856 /* CJSONDeserializer.h */,
				B2FA617F1059616200499856 /* CJSONDeserializer.m */,
				B2FA61801059616200499856 /* CJSONScanner.h */,
				B2FA61811059616200499856 /* CJSONScanner.m */,
				B2FA61821059616200499856 /* CJSONSerializer.h */,
				B2FA61831059616200499856 /* CJSONSerializer.m */,
			);
			path = JSON;
			sourceTree = "<group>";
		};
/* End PBXGroup section */

/* Begin PBXHeadersBuildPhase section */
		D2AAC07A0554694100DB518D /* Headers */ = {
			isa = PBXHeadersBuildPhase;
			buildActionMask = 2147483647;
			files = (
				B215045F10583A7300409ED4 /* TWToolkit_Prefix.pch in Headers */,
				B2FA61A11059616200499856 /* TWConnection.h in Headers */,
				B2FA61A31059616200499856 /* TWEntity.h in Headers */,
				B2FA61A51059616200499856 /* TWEntityController.h in Headers */,
				B2FA61A71059616200499856 /* TWEntityDataSource.h in Headers */,
				B2FA61A91059616200499856 /* TWRemoteEntityDataSource.h in Headers */,
				B2FA61AB1059616200499856 /* TWSQLiteEntityDataSource.h in Headers */,
				B2FA61AD1059616200499856 /* TWToolkit.h in Headers */,
				B2FA61AE1059616200499856 /* Reachability.h in Headers */,
				B2FA61B01059616200499856 /* CDataScanner.h in Headers */,
				B2FA61B21059616200499856 /* CDataScanner_Extensions.h in Headers */,
				B2FA61B41059616200499856 /* NSCharacterSet_Extensions.h in Headers */,
				B2FA61B61059616200499856 /* NSDictionary_JSONExtensions.h in Headers */,
				B2FA61B81059616200499856 /* NSScanner_Extensions.h in Headers */,
				B2FA61BA1059616200499856 /* CJSONDeserializer.h in Headers */,
				B2FA61BC1059616200499856 /* CJSONScanner.h in Headers */,
				B2FA61BE1059616200499856 /* CJSONSerializer.h in Headers */,
				B2C20770106296FB00AE1B56 /* NSArray+shuffle.h in Headers */,
				B2C20772106296FB00AE1B56 /* NSData+MD5Sum.h in Headers */,
				B2C20774106296FB00AE1B56 /* NSString+containsString.h in Headers */,
				B2C20776106296FB00AE1B56 /* NSString+encoding.h in Headers */,
				B2C20778106296FB00AE1B56 /* NSString+MD5Sum.h in Headers */,
				B2C207841062973000AE1B56 /* TWCategories.h in Headers */,
			);
			runOnlyForDeploymentPostprocessing = 0;
		};
/* End PBXHeadersBuildPhase section */

/* Begin PBXNativeTarget section */
		D2AAC07D0554694100DB518D /* TWToolkit */ = {
			isa = PBXNativeTarget;
			buildConfigurationList = 1DEB921E08733DC00010E9CD /* Build configuration list for PBXNativeTarget "TWToolkit" */;
			buildPhases = (
				D2AAC07A0554694100DB518D /* Headers */,
				D2AAC07B0554694100DB518D /* Sources */,
				D2AAC07C0554694100DB518D /* Frameworks */,
			);
			buildRules = (
			);
			dependencies = (
			);
			name = TWToolkit;
			productName = TWToolkit;
			productReference = D2AAC07E0554694100DB518D /* libTWToolkit.a */;
			productType = "com.apple.product-type.library.static";
		};
/* End PBXNativeTarget section */

/* Begin PBXProject section */
		0867D690FE84028FC02AAC07 /* Project object */ = {
			isa = PBXProject;
			attributes = {
				ORGANIZATIONNAME = "Tasteful Works, Inc";
			};
			buildConfigurationList = 1DEB922208733DC00010E9CD /* Build configuration list for PBXProject "TWToolkit" */;
			compatibilityVersion = "Xcode 3.1";
			hasScannedForEncodings = 1;
			mainGroup = 0867D691FE84028FC02AAC07 /* TWToolkit */;
			productRefGroup = 034768DFFF38A50411DB9C8B /* Products */;
			projectDirPath = "";
			projectRoot = "";
			targets = (
				D2AAC07D0554694100DB518D /* TWToolkit */,
			);
		};
/* End PBXProject section */

/* Begin PBXSourcesBuildPhase section */
		D2AAC07B0554694100DB518D /* Sources */ = {
			isa = PBXSourcesBuildPhase;
			buildActionMask = 2147483647;
			files = (
				B2FA61A21059616200499856 /* TWConnection.m in Sources */,
				B2FA61A41059616200499856 /* TWEntity.m in Sources */,
				B2FA61A61059616200499856 /* TWEntityController.m in Sources */,
				B2FA61A81059616200499856 /* TWEntityDataSource.m in Sources */,
				B2FA61AA1059616200499856 /* TWRemoteEntityDataSource.m in Sources */,
				B2FA61AC1059616200499856 /* TWSQLiteEntityDataSource.m in Sources */,
				B2FA61AF1059616200499856 /* Reachability.m in Sources */,
				B2FA61B11059616200499856 /* CDataScanner.m in Sources */,
				B2FA61B31059616200499856 /* CDataScanner_Extensions.m in Sources */,
				B2FA61B51059616200499856 /* NSCharacterSet_Extensions.m in Sources */,
				B2FA61B71059616200499856 /* NSDictionary_JSONExtensions.m in Sources */,
				B2FA61B91059616200499856 /* NSScanner_Extensions.m in Sources */,
				B2FA61BB1059616200499856 /* CJSONDeserializer.m in Sources */,
				B2FA61BD1059616200499856 /* CJSONScanner.m in Sources */,
				B2FA61BF1059616200499856 /* CJSONSerializer.m in Sources */,
				B2C20771106296FB00AE1B56 /* NSArray+shuffle.m in Sources */,
				B2C20773106296FB00AE1B56 /* NSData+MD5Sum.m in Sources */,
				B2C20775106296FB00AE1B56 /* NSString+containsString.m in Sources */,
				B2C20777106296FB00AE1B56 /* NSString+encoding.m in Sources */,
				B2C20779106296FB00AE1B56 /* NSString+MD5Sum.m in Sources */,
			);
			runOnlyForDeploymentPostprocessing = 0;
		};
/* End PBXSourcesBuildPhase section */

/* Begin XCBuildConfiguration section */
		1DEB921F08733DC00010E9CD /* Debug */ = {
			isa = XCBuildConfiguration;
			buildSettings = {
				ALWAYS_SEARCH_USER_PATHS = NO;
				ARCHS = "$(ARCHS_STANDARD_32_BIT)";
				COPY_PHASE_STRIP = NO;
				DSTROOT = /tmp/TWToolkit.dst;
				GCC_DYNAMIC_NO_PIC = NO;
				GCC_ENABLE_FIX_AND_CONTINUE = YES;
				GCC_MODEL_TUNING = G5;
				GCC_OPTIMIZATION_LEVEL = 0;
				GCC_PRECOMPILE_PREFIX_HEADER = YES;
				GCC_PREFIX_HEADER = "Other Sources/TWToolkit_Prefix.pch";
				INSTALL_PATH = /usr/local/lib;
				PRODUCT_NAME = TWToolkit;
			};
			name = Debug;
		};
		1DEB922008733DC00010E9CD /* Release */ = {
			isa = XCBuildConfiguration;
			buildSettings = {
				ALWAYS_SEARCH_USER_PATHS = NO;
				ARCHS = "$(ARCHS_STANDARD_32_BIT)";
				DSTROOT = /tmp/TWToolkit.dst;
				GCC_MODEL_TUNING = G5;
				GCC_PRECOMPILE_PREFIX_HEADER = YES;
				GCC_PREFIX_HEADER = TWToolkit_Prefix.pch;
				INSTALL_PATH = /usr/local/lib;
				PRODUCT_NAME = TWToolkit;
			};
			name = Release;
		};
		1DEB922308733DC00010E9CD /* Debug */ = {
			isa = XCBuildConfiguration;
			buildSettings = {
				ARCHS = "$(ARCHS_STANDARD_32_BIT)";
				GCC_C_LANGUAGE_STANDARD = c99;
				GCC_OPTIMIZATION_LEVEL = 0;
				GCC_WARN_ABOUT_RETURN_TYPE = YES;
				GCC_WARN_UNUSED_VARIABLE = YES;
				OTHER_LDFLAGS = "-ObjC";
				PREBINDING = NO;
				SDKROOT = iphoneos3.0;
			};
			name = Debug;
		};
		1DEB922408733DC00010E9CD /* Release */ = {
			isa = XCBuildConfiguration;
			buildSettings = {
				ARCHS = "$(ARCHS_STANDARD_32_BIT)";
				GCC_C_LANGUAGE_STANDARD = c99;
				GCC_WARN_ABOUT_RETURN_TYPE = YES;
				GCC_WARN_UNUSED_VARIABLE = YES;
				OTHER_LDFLAGS = "-ObjC";
				PREBINDING = NO;
				SDKROOT = iphoneos3.0;
			};
			name = Release;
		};
/* End XCBuildConfiguration section */

/* Begin XCConfigurationList section */
		1DEB921E08733DC00010E9CD /* Build configuration list for PBXNativeTarget "TWToolkit" */ = {
			isa = XCConfigurationList;
			buildConfigurations = (
				1DEB921F08733DC00010E9CD /* Debug */,
				1DEB922008733DC00010E9CD /* Release */,
			);
			defaultConfigurationIsVisible = 0;
			defaultConfigurationName = Release;
		};
		1DEB922208733DC00010E9CD /* Build configuration list for PBXProject "TWToolkit" */ = {
			isa = XCConfigurationList;
			buildConfigurations = (
				1DEB922308733DC00010E9CD /* Debug */,
				1DEB922408733DC00010E9CD /* Release */,
			);
			defaultConfigurationIsVisible = 0;
			defaultConfigurationName = Release;
		};
/* End XCConfigurationList section */
	};
	rootObject = 0867D690FE84028FC02AAC07 /* Project object */;
}
