// !$*UTF8*$!
{
	archiveVersion = 1;
	classes = {
	};
	objectVersion = 45;
	objects = {

/* Begin PBXBuildFile section */
		AACBBE4A0F95108600F1A2B1 /* Foundation.framework in Frameworks */ = {isa = PBXBuildFile; fileRef = AACBBE490F95108600F1A2B1 /* Foundation.framework */; };
		B215045F10583A7300409ED4 /* TWToolkit_Prefix.pch in Headers */ = {isa = PBXBuildFile; fileRef = B215045E10583A7300409ED4 /* TWToolkit_Prefix.pch */; };
		B21504CA10583B4000409ED4 /* SystemConfiguration.framework in Frameworks */ = {isa = PBXBuildFile; fileRef = B21504C910583B4000409ED4 /* SystemConfiguration.framework */; };
		B21504CE10583B4600409ED4 /* libsqlite3.dylib in Frameworks */ = {isa = PBXBuildFile; fileRef = B21504CD10583B4600409ED4 /* libsqlite3.dylib */; };
		B21504FC10583B7500409ED4 /* CDataScanner.h in Headers */ = {isa = PBXBuildFile; fileRef = B21504E810583B7500409ED4 /* CDataScanner.h */; };
		B21504FD10583B7500409ED4 /* CDataScanner.m in Sources */ = {isa = PBXBuildFile; fileRef = B21504E910583B7500409ED4 /* CDataScanner.m */; };
		B21504FE10583B7500409ED4 /* CDataScanner_Extensions.h in Headers */ = {isa = PBXBuildFile; fileRef = B21504EB10583B7500409ED4 /* CDataScanner_Extensions.h */; };
		B21504FF10583B7500409ED4 /* CDataScanner_Extensions.m in Sources */ = {isa = PBXBuildFile; fileRef = B21504EC10583B7500409ED4 /* CDataScanner_Extensions.m */; };
		B215050010583B7500409ED4 /* NSCharacterSet_Extensions.h in Headers */ = {isa = PBXBuildFile; fileRef = B21504ED10583B7500409ED4 /* NSCharacterSet_Extensions.h */; };
		B215050110583B7500409ED4 /* NSCharacterSet_Extensions.m in Sources */ = {isa = PBXBuildFile; fileRef = B21504EE10583B7500409ED4 /* NSCharacterSet_Extensions.m */; };
		B215050210583B7500409ED4 /* NSDictionary_JSONExtensions.h in Headers */ = {isa = PBXBuildFile; fileRef = B21504EF10583B7500409ED4 /* NSDictionary_JSONExtensions.h */; };
		B215050310583B7500409ED4 /* NSDictionary_JSONExtensions.m in Sources */ = {isa = PBXBuildFile; fileRef = B21504F010583B7500409ED4 /* NSDictionary_JSONExtensions.m */; };
		B215050410583B7500409ED4 /* NSScanner_Extensions.h in Headers */ = {isa = PBXBuildFile; fileRef = B21504F110583B7500409ED4 /* NSScanner_Extensions.h */; };
		B215050510583B7500409ED4 /* NSScanner_Extensions.m in Sources */ = {isa = PBXBuildFile; fileRef = B21504F210583B7500409ED4 /* NSScanner_Extensions.m */; };
		B215050610583B7500409ED4 /* CJSONDeserializer.h in Headers */ = {isa = PBXBuildFile; fileRef = B21504F410583B7500409ED4 /* CJSONDeserializer.h */; };
		B215050710583B7500409ED4 /* CJSONDeserializer.m in Sources */ = {isa = PBXBuildFile; fileRef = B21504F510583B7500409ED4 /* CJSONDeserializer.m */; };
		B215050810583B7500409ED4 /* CJSONScanner.h in Headers */ = {isa = PBXBuildFile; fileRef = B21504F610583B7500409ED4 /* CJSONScanner.h */; };
		B215050910583B7500409ED4 /* CJSONScanner.m in Sources */ = {isa = PBXBuildFile; fileRef = B21504F710583B7500409ED4 /* CJSONScanner.m */; };
		B215050A10583B7500409ED4 /* CJSONSerializer.h in Headers */ = {isa = PBXBuildFile; fileRef = B21504F810583B7500409ED4 /* CJSONSerializer.h */; };
		B215050B10583B7500409ED4 /* CJSONSerializer.m in Sources */ = {isa = PBXBuildFile; fileRef = B21504F910583B7500409ED4 /* CJSONSerializer.m */; };
		B215051210583BBB00409ED4 /* UIKit.framework in Frameworks */ = {isa = PBXBuildFile; fileRef = B215051110583BBB00409ED4 /* UIKit.framework */; };
		B277C81610585CB400E1B82F /* TWToolkit.h in Headers */ = {isa = PBXBuildFile; fileRef = B277C81510585CB400E1B82F /* TWToolkit.h */; };
		B277C82410585E1C00E1B82F /* TWConnection.h in Headers */ = {isa = PBXBuildFile; fileRef = B277C82210585E1C00E1B82F /* TWConnection.h */; };
		B277C82510585E1C00E1B82F /* TWConnection.m in Sources */ = {isa = PBXBuildFile; fileRef = B277C82310585E1C00E1B82F /* TWConnection.m */; };
		B277C83110585E2900E1B82F /* TWEntity.h in Headers */ = {isa = PBXBuildFile; fileRef = B277C82710585E2900E1B82F /* TWEntity.h */; };
		B277C83210585E2900E1B82F /* TWEntity.m in Sources */ = {isa = PBXBuildFile; fileRef = B277C82810585E2900E1B82F /* TWEntity.m */; };
		B277C83310585E2900E1B82F /* TWEntityController.h in Headers */ = {isa = PBXBuildFile; fileRef = B277C82910585E2900E1B82F /* TWEntityController.h */; };
		B277C83410585E2900E1B82F /* TWEntityController.m in Sources */ = {isa = PBXBuildFile; fileRef = B277C82A10585E2900E1B82F /* TWEntityController.m */; };
		B277C83510585E2900E1B82F /* TWEntityDataSource.h in Headers */ = {isa = PBXBuildFile; fileRef = B277C82B10585E2900E1B82F /* TWEntityDataSource.h */; };
		B277C83610585E2900E1B82F /* TWEntityDataSource.m in Sources */ = {isa = PBXBuildFile; fileRef = B277C82C10585E2900E1B82F /* TWEntityDataSource.m */; };
		B277C83710585E2900E1B82F /* TWRemoteEntityDataSource.h in Headers */ = {isa = PBXBuildFile; fileRef = B277C82D10585E2900E1B82F /* TWRemoteEntityDataSource.h */; };
		B277C83810585E2900E1B82F /* TWRemoteEntityDataSource.m in Sources */ = {isa = PBXBuildFile; fileRef = B277C82E10585E2900E1B82F /* TWRemoteEntityDataSource.m */; };
		B277C83910585E2900E1B82F /* TWSQLiteEntityDataSource.h in Headers */ = {isa = PBXBuildFile; fileRef = B277C82F10585E2900E1B82F /* TWSQLiteEntityDataSource.h */; };
		B277C83A10585E2900E1B82F /* TWSQLiteEntityDataSource.m in Sources */ = {isa = PBXBuildFile; fileRef = B277C83010585E2900E1B82F /* TWSQLiteEntityDataSource.m */; };
		B277C93F10589A4C00E1B82F /* Reachability.h in Headers */ = {isa = PBXBuildFile; fileRef = B277C93D10589A4C00E1B82F /* Reachability.h */; };
		B277C94010589A4C00E1B82F /* Reachability.m in Sources */ = {isa = PBXBuildFile; fileRef = B277C93E10589A4C00E1B82F /* Reachability.m */; };
/* End PBXBuildFile section */

/* Begin PBXFileReference section */
		AACBBE490F95108600F1A2B1 /* Foundation.framework */ = {isa = PBXFileReference; lastKnownFileType = wrapper.framework; name = Foundation.framework; path = System/Library/Frameworks/Foundation.framework; sourceTree = SDKROOT; };
		B215045E10583A7300409ED4 /* TWToolkit_Prefix.pch */ = {isa = PBXFileReference; fileEncoding = 4; lastKnownFileType = sourcecode.c.h; path = TWToolkit_Prefix.pch; sourceTree = "<group>"; };
		B21504C910583B4000409ED4 /* SystemConfiguration.framework */ = {isa = PBXFileReference; lastKnownFileType = wrapper.framework; name = SystemConfiguration.framework; path = System/Library/Frameworks/SystemConfiguration.framework; sourceTree = SDKROOT; };
		B21504CD10583B4600409ED4 /* libsqlite3.dylib */ = {isa = PBXFileReference; lastKnownFileType = "compiled.mach-o.dylib"; name = libsqlite3.dylib; path = usr/lib/libsqlite3.dylib; sourceTree = SDKROOT; };
		B21504E810583B7500409ED4 /* CDataScanner.h */ = {isa = PBXFileReference; fileEncoding = 4; lastKnownFileType = sourcecode.c.h; path = CDataScanner.h; sourceTree = "<group>"; };
		B21504E910583B7500409ED4 /* CDataScanner.m */ = {isa = PBXFileReference; fileEncoding = 4; lastKnownFileType = sourcecode.c.objc; path = CDataScanner.m; sourceTree = "<group>"; };
		B21504EB10583B7500409ED4 /* CDataScanner_Extensions.h */ = {isa = PBXFileReference; fileEncoding = 4; lastKnownFileType = sourcecode.c.h; path = CDataScanner_Extensions.h; sourceTree = "<group>"; };
		B21504EC10583B7500409ED4 /* CDataScanner_Extensions.m */ = {isa = PBXFileReference; fileEncoding = 4; lastKnownFileType = sourcecode.c.objc; path = CDataScanner_Extensions.m; sourceTree = "<group>"; };
		B21504ED10583B7500409ED4 /* NSCharacterSet_Extensions.h */ = {isa = PBXFileReference; fileEncoding = 4; lastKnownFileType = sourcecode.c.h; path = NSCharacterSet_Extensions.h; sourceTree = "<group>"; };
		B21504EE10583B7500409ED4 /* NSCharacterSet_Extensions.m */ = {isa = PBXFileReference; fileEncoding = 4; lastKnownFileType = sourcecode.c.objc; path = NSCharacterSet_Extensions.m; sourceTree = "<group>"; };
		B21504EF10583B7500409ED4 /* NSDictionary_JSONExtensions.h */ = {isa = PBXFileReference; fileEncoding = 4; lastKnownFileType = sourcecode.c.h; path = NSDictionary_JSONExtensions.h; sourceTree = "<group>"; };
		B21504F010583B7500409ED4 /* NSDictionary_JSONExtensions.m */ = {isa = PBXFileReference; fileEncoding = 4; lastKnownFileType = sourcecode.c.objc; path = NSDictionary_JSONExtensions.m; sourceTree = "<group>"; };
		B21504F110583B7500409ED4 /* NSScanner_Extensions.h */ = {isa = PBXFileReference; fileEncoding = 4; lastKnownFileType = sourcecode.c.h; path = NSScanner_Extensions.h; sourceTree = "<group>"; };
		B21504F210583B7500409ED4 /* NSScanner_Extensions.m */ = {isa = PBXFileReference; fileEncoding = 4; lastKnownFileType = sourcecode.c.objc; path = NSScanner_Extensions.m; sourceTree = "<group>"; };
		B21504F410583B7500409ED4 /* CJSONDeserializer.h */ = {isa = PBXFileReference; fileEncoding = 4; lastKnownFileType = sourcecode.c.h; path = CJSONDeserializer.h; sourceTree = "<group>"; };
		B21504F510583B7500409ED4 /* CJSONDeserializer.m */ = {isa = PBXFileReference; fileEncoding = 4; lastKnownFileType = sourcecode.c.objc; path = CJSONDeserializer.m; sourceTree = "<group>"; };
		B21504F610583B7500409ED4 /* CJSONScanner.h */ = {isa = PBXFileReference; fileEncoding = 4; lastKnownFileType = sourcecode.c.h; path = CJSONScanner.h; sourceTree = "<group>"; };
		B21504F710583B7500409ED4 /* CJSONScanner.m */ = {isa = PBXFileReference; fileEncoding = 4; lastKnownFileType = sourcecode.c.objc; path = CJSONScanner.m; sourceTree = "<group>"; };
		B21504F810583B7500409ED4 /* CJSONSerializer.h */ = {isa = PBXFileReference; fileEncoding = 4; lastKnownFileType = sourcecode.c.h; path = CJSONSerializer.h; sourceTree = "<group>"; };
		B21504F910583B7500409ED4 /* CJSONSerializer.m */ = {isa = PBXFileReference; fileEncoding = 4; lastKnownFileType = sourcecode.c.objc; path = CJSONSerializer.m; sourceTree = "<group>"; };
		B215051110583BBB00409ED4 /* UIKit.framework */ = {isa = PBXFileReference; lastKnownFileType = wrapper.framework; name = UIKit.framework; path = System/Library/Frameworks/UIKit.framework; sourceTree = SDKROOT; };
		B277C81510585CB400E1B82F /* TWToolkit.h */ = {isa = PBXFileReference; fileEncoding = 4; lastKnownFileType = sourcecode.c.h; path = TWToolkit.h; sourceTree = "<group>"; };
		B277C82210585E1C00E1B82F /* TWConnection.h */ = {isa = PBXFileReference; fileEncoding = 4; lastKnownFileType = sourcecode.c.h; path = TWConnection.h; sourceTree = "<group>"; };
		B277C82310585E1C00E1B82F /* TWConnection.m */ = {isa = PBXFileReference; fileEncoding = 4; lastKnownFileType = sourcecode.c.objc; path = TWConnection.m; sourceTree = "<group>"; };
		B277C82710585E2900E1B82F /* TWEntity.h */ = {isa = PBXFileReference; fileEncoding = 4; lastKnownFileType = sourcecode.c.h; path = TWEntity.h; sourceTree = "<group>"; };
		B277C82810585E2900E1B82F /* TWEntity.m */ = {isa = PBXFileReference; fileEncoding = 4; lastKnownFileType = sourcecode.c.objc; path = TWEntity.m; sourceTree = "<group>"; };
		B277C82910585E2900E1B82F /* TWEntityController.h */ = {isa = PBXFileReference; fileEncoding = 4; lastKnownFileType = sourcecode.c.h; path = TWEntityController.h; sourceTree = "<group>"; };
		B277C82A10585E2900E1B82F /* TWEntityController.m */ = {isa = PBXFileReference; fileEncoding = 4; lastKnownFileType = sourcecode.c.objc; path = TWEntityController.m; sourceTree = "<group>"; };
		B277C82B10585E2900E1B82F /* TWEntityDataSource.h */ = {isa = PBXFileReference; fileEncoding = 4; lastKnownFileType = sourcecode.c.h; path = TWEntityDataSource.h; sourceTree = "<group>"; };
		B277C82C10585E2900E1B82F /* TWEntityDataSource.m */ = {isa = PBXFileReference; fileEncoding = 4; lastKnownFileType = sourcecode.c.objc; path = TWEntityDataSource.m; sourceTree = "<group>"; };
		B277C82D10585E2900E1B82F /* TWRemoteEntityDataSource.h */ = {isa = PBXFileReference; fileEncoding = 4; lastKnownFileType = sourcecode.c.h; path = TWRemoteEntityDataSource.h; sourceTree = "<group>"; };
		B277C82E10585E2900E1B82F /* TWRemoteEntityDataSource.m */ = {isa = PBXFileReference; fileEncoding = 4; lastKnownFileType = sourcecode.c.objc; path = TWRemoteEntityDataSource.m; sourceTree = "<group>"; };
		B277C82F10585E2900E1B82F /* TWSQLiteEntityDataSource.h */ = {isa = PBXFileReference; fileEncoding = 4; lastKnownFileType = sourcecode.c.h; path = TWSQLiteEntityDataSource.h; sourceTree = "<group>"; };
		B277C83010585E2900E1B82F /* TWSQLiteEntityDataSource.m */ = {isa = PBXFileReference; fileEncoding = 4; lastKnownFileType = sourcecode.c.objc; path = TWSQLiteEntityDataSource.m; sourceTree = "<group>"; };
		B277C93D10589A4C00E1B82F /* Reachability.h */ = {isa = PBXFileReference; fileEncoding = 4; lastKnownFileType = sourcecode.c.h; path = Reachability.h; sourceTree = "<group>"; };
		B277C93E10589A4C00E1B82F /* Reachability.m */ = {isa = PBXFileReference; fileEncoding = 4; lastKnownFileType = sourcecode.c.objc; path = Reachability.m; sourceTree = "<group>"; };
		D2AAC07E0554694100DB518D /* libTWToolkit.a */ = {isa = PBXFileReference; explicitFileType = archive.ar; includeInIndex = 0; path = libTWToolkit.a; sourceTree = BUILT_PRODUCTS_DIR; };
/* End PBXFileReference section */

/* Begin PBXFrameworksBuildPhase section */
		D2AAC07C0554694100DB518D /* Frameworks */ = {
			isa = PBXFrameworksBuildPhase;
			buildActionMask = 2147483647;
			files = (
				AACBBE4A0F95108600F1A2B1 /* Foundation.framework in Frameworks */,
				B21504CA10583B4000409ED4 /* SystemConfiguration.framework in Frameworks */,
				B21504CE10583B4600409ED4 /* libsqlite3.dylib in Frameworks */,
				B215051210583BBB00409ED4 /* UIKit.framework in Frameworks */,
			);
			runOnlyForDeploymentPostprocessing = 0;
		};
/* End PBXFrameworksBuildPhase section */

/* Begin PBXGroup section */
		034768DFFF38A50411DB9C8B /* Products */ = {
			isa = PBXGroup;
			children = (
				D2AAC07E0554694100DB518D /* libTWToolkit.a */,
			);
			name = Products;
			sourceTree = "<group>";
		};
		0867D691FE84028FC02AAC07 /* TWToolkit */ = {
			isa = PBXGroup;
			children = (
				B215045B10583A6000409ED4 /* Classes */,
				B215045D10583A7300409ED4 /* Other Sources */,
				0867D69AFE84028FC02AAC07 /* Frameworks */,
				034768DFFF38A50411DB9C8B /* Products */,
			);
			name = TWToolkit;
			sourceTree = "<group>";
		};
		0867D69AFE84028FC02AAC07 /* Frameworks */ = {
			isa = PBXGroup;
			children = (
				AACBBE490F95108600F1A2B1 /* Foundation.framework */,
				B21504C910583B4000409ED4 /* SystemConfiguration.framework */,
				B215051110583BBB00409ED4 /* UIKit.framework */,
				B21504CD10583B4600409ED4 /* libsqlite3.dylib */,
			);
			name = Frameworks;
			sourceTree = "<group>";
		};
		B215045B10583A6000409ED4 /* Classes */ = {
			isa = PBXGroup;
			children = (
				B277C81510585CB400E1B82F /* TWToolkit.h */,
				B277C82110585E1300E1B82F /* Connection */,
				B277C82610585E1F00E1B82F /* Entity */,
				B21504E610583B7500409ED4 /* Vendor */,
			);
			name = Classes;
			path = TWToolkit;
			sourceTree = "<group>";
		};
		B215045D10583A7300409ED4 /* Other Sources */ = {
			isa = PBXGroup;
			children = (
				B215045E10583A7300409ED4 /* TWToolkit_Prefix.pch */,
			);
			path = "Other Sources";
			sourceTree = "<group>";
		};
		B21504E610583B7500409ED4 /* Vendor */ = {
			isa = PBXGroup;
			children = (
				B277C93C10589A4C00E1B82F /* Reachability */,
				B21504E710583B7500409ED4 /* TouchJSON */,
			);
			path = Vendor;
			sourceTree = "<group>";
		};
		B21504E710583B7500409ED4 /* TouchJSON */ = {
			isa = PBXGroup;
			children = (
				B21504E810583B7500409ED4 /* CDataScanner.h */,
				B21504E910583B7500409ED4 /* CDataScanner.m */,
				B21504EA10583B7500409ED4 /* Extensions */,
				B21504F310583B7500409ED4 /* JSON */,
			);
			path = TouchJSON;
			sourceTree = "<group>";
		};
		B21504EA10583B7500409ED4 /* Extensions */ = {
			isa = PBXGroup;
			children = (
				B21504EB10583B7500409ED4 /* CDataScanner_Extensions.h */,
				B21504EC10583B7500409ED4 /* CDataScanner_Extensions.m */,
				B21504ED10583B7500409ED4 /* NSCharacterSet_Extensions.h */,
				B21504EE10583B7500409ED4 /* NSCharacterSet_Extensions.m */,
				B21504EF10583B7500409ED4 /* NSDictionary_JSONExtensions.h */,
				B21504F010583B7500409ED4 /* NSDictionary_JSONExtensions.m */,
				B21504F110583B7500409ED4 /* NSScanner_Extensions.h */,
				B21504F210583B7500409ED4 /* NSScanner_Extensions.m */,
			);
			path = Extensions;
			sourceTree = "<group>";
		};
		B21504F310583B7500409ED4 /* JSON */ = {
			isa = PBXGroup;
			children = (
				B21504F410583B7500409ED4 /* CJSONDeserializer.h */,
				B21504F510583B7500409ED4 /* CJSONDeserializer.m */,
				B21504F610583B7500409ED4 /* CJSONScanner.h */,
				B21504F710583B7500409ED4 /* CJSONScanner.m */,
				B21504F810583B7500409ED4 /* CJSONSerializer.h */,
				B21504F910583B7500409ED4 /* CJSONSerializer.m */,
			);
			path = JSON;
			sourceTree = "<group>";
		};
		B277C82110585E1300E1B82F /* Connection */ = {
			isa = PBXGroup;
			children = (
				B277C82210585E1C00E1B82F /* TWConnection.h */,
				B277C82310585E1C00E1B82F /* TWConnection.m */,
			);
			name = Connection;
			sourceTree = "<group>";
		};
		B277C82610585E1F00E1B82F /* Entity */ = {
			isa = PBXGroup;
			children = (
				B277C82710585E2900E1B82F /* TWEntity.h */,
				B277C82810585E2900E1B82F /* TWEntity.m */,
				B277C82910585E2900E1B82F /* TWEntityController.h */,
				B277C82A10585E2900E1B82F /* TWEntityController.m */,
				B277C82B10585E2900E1B82F /* TWEntityDataSource.h */,
				B277C82C10585E2900E1B82F /* TWEntityDataSource.m */,
				B277C82D10585E2900E1B82F /* TWRemoteEntityDataSource.h */,
				B277C82E10585E2900E1B82F /* TWRemoteEntityDataSource.m */,
				B277C82F10585E2900E1B82F /* TWSQLiteEntityDataSource.h */,
				B277C83010585E2900E1B82F /* TWSQLiteEntityDataSource.m */,
			);
			name = Entity;
			sourceTree = "<group>";
		};
		B277C93C10589A4C00E1B82F /* Reachability */ = {
			isa = PBXGroup;
			children = (
				B277C93D10589A4C00E1B82F /* Reachability.h */,
				B277C93E10589A4C00E1B82F /* Reachability.m */,
			);
			path = Reachability;
			sourceTree = "<group>";
		};
/* End PBXGroup section */

/* Begin PBXHeadersBuildPhase section */
		D2AAC07A0554694100DB518D /* Headers */ = {
			isa = PBXHeadersBuildPhase;
			buildActionMask = 2147483647;
			files = (
				B215045F10583A7300409ED4 /* TWToolkit_Prefix.pch in Headers */,
				B21504FC10583B7500409ED4 /* CDataScanner.h in Headers */,
				B21504FE10583B7500409ED4 /* CDataScanner_Extensions.h in Headers */,
				B215050010583B7500409ED4 /* NSCharacterSet_Extensions.h in Headers */,
				B215050210583B7500409ED4 /* NSDictionary_JSONExtensions.h in Headers */,
				B215050410583B7500409ED4 /* NSScanner_Extensions.h in Headers */,
				B215050610583B7500409ED4 /* CJSONDeserializer.h in Headers */,
				B215050810583B7500409ED4 /* CJSONScanner.h in Headers */,
				B215050A10583B7500409ED4 /* CJSONSerializer.h in Headers */,
				B277C81610585CB400E1B82F /* TWToolkit.h in Headers */,
				B277C82410585E1C00E1B82F /* TWConnection.h in Headers */,
				B277C83110585E2900E1B82F /* TWEntity.h in Headers */,
				B277C83310585E2900E1B82F /* TWEntityController.h in Headers */,
				B277C83510585E2900E1B82F /* TWEntityDataSource.h in Headers */,
				B277C83710585E2900E1B82F /* TWRemoteEntityDataSource.h in Headers */,
				B277C83910585E2900E1B82F /* TWSQLiteEntityDataSource.h in Headers */,
				B277C93F10589A4C00E1B82F /* Reachability.h in Headers */,
			);
			runOnlyForDeploymentPostprocessing = 0;
		};
/* End PBXHeadersBuildPhase section */

/* Begin PBXNativeTarget section */
		D2AAC07D0554694100DB518D /* TWToolkit */ = {
			isa = PBXNativeTarget;
			buildConfigurationList = 1DEB921E08733DC00010E9CD /* Build configuration list for PBXNativeTarget "TWToolkit" */;
			buildPhases = (
				D2AAC07A0554694100DB518D /* Headers */,
				D2AAC07B0554694100DB518D /* Sources */,
				D2AAC07C0554694100DB518D /* Frameworks */,
			);
			buildRules = (
			);
			dependencies = (
			);
			name = TWToolkit;
			productName = TWToolkit;
			productReference = D2AAC07E0554694100DB518D /* libTWToolkit.a */;
			productType = "com.apple.product-type.library.static";
		};
/* End PBXNativeTarget section */

/* Begin PBXProject section */
		0867D690FE84028FC02AAC07 /* Project object */ = {
			isa = PBXProject;
			attributes = {
				ORGANIZATIONNAME = "Tasteful Works, Inc";
			};
			buildConfigurationList = 1DEB922208733DC00010E9CD /* Build configuration list for PBXProject "TWToolkit" */;
			compatibilityVersion = "Xcode 3.1";
			hasScannedForEncodings = 1;
			mainGroup = 0867D691FE84028FC02AAC07 /* TWToolkit */;
			productRefGroup = 034768DFFF38A50411DB9C8B /* Products */;
			projectDirPath = "";
			projectRoot = "";
			targets = (
				D2AAC07D0554694100DB518D /* TWToolkit */,
			);
		};
/* End PBXProject section */

/* Begin PBXSourcesBuildPhase section */
		D2AAC07B0554694100DB518D /* Sources */ = {
			isa = PBXSourcesBuildPhase;
			buildActionMask = 2147483647;
			files = (
				B21504FD10583B7500409ED4 /* CDataScanner.m in Sources */,
				B21504FF10583B7500409ED4 /* CDataScanner_Extensions.m in Sources */,
				B215050110583B7500409ED4 /* NSCharacterSet_Extensions.m in Sources */,
				B215050310583B7500409ED4 /* NSDictionary_JSONExtensions.m in Sources */,
				B215050510583B7500409ED4 /* NSScanner_Extensions.m in Sources */,
				B215050710583B7500409ED4 /* CJSONDeserializer.m in Sources */,
				B215050910583B7500409ED4 /* CJSONScanner.m in Sources */,
				B215050B10583B7500409ED4 /* CJSONSerializer.m in Sources */,
				B277C82510585E1C00E1B82F /* TWConnection.m in Sources */,
				B277C83210585E2900E1B82F /* TWEntity.m in Sources */,
				B277C83410585E2900E1B82F /* TWEntityController.m in Sources */,
				B277C83610585E2900E1B82F /* TWEntityDataSource.m in Sources */,
				B277C83810585E2900E1B82F /* TWRemoteEntityDataSource.m in Sources */,
				B277C83A10585E2900E1B82F /* TWSQLiteEntityDataSource.m in Sources */,
				B277C94010589A4C00E1B82F /* Reachability.m in Sources */,
			);
			runOnlyForDeploymentPostprocessing = 0;
		};
/* End PBXSourcesBuildPhase section */

/* Begin XCBuildConfiguration section */
		1DEB921F08733DC00010E9CD /* Debug */ = {
			isa = XCBuildConfiguration;
			buildSettings = {
				ALWAYS_SEARCH_USER_PATHS = NO;
				ARCHS = "$(ARCHS_STANDARD_32_BIT)";
				COPY_PHASE_STRIP = NO;
				DSTROOT = /tmp/TWToolkit.dst;
				GCC_DYNAMIC_NO_PIC = NO;
				GCC_ENABLE_FIX_AND_CONTINUE = YES;
				GCC_MODEL_TUNING = G5;
				GCC_OPTIMIZATION_LEVEL = 0;
				GCC_PRECOMPILE_PREFIX_HEADER = YES;
				GCC_PREFIX_HEADER = "Other Sources/TWToolkit_Prefix.pch";
				INSTALL_PATH = /usr/local/lib;
				PRODUCT_NAME = TWToolkit;
			};
			name = Debug;
		};
		1DEB922008733DC00010E9CD /* Release */ = {
			isa = XCBuildConfiguration;
			buildSettings = {
				ALWAYS_SEARCH_USER_PATHS = NO;
				ARCHS = "$(ARCHS_STANDARD_32_BIT)";
				DSTROOT = /tmp/TWToolkit.dst;
				GCC_MODEL_TUNING = G5;
				GCC_PRECOMPILE_PREFIX_HEADER = YES;
				GCC_PREFIX_HEADER = TWToolkit_Prefix.pch;
				INSTALL_PATH = /usr/local/lib;
				PRODUCT_NAME = TWToolkit;
			};
			name = Release;
		};
		1DEB922308733DC00010E9CD /* Debug */ = {
			isa = XCBuildConfiguration;
			buildSettings = {
				ARCHS = "$(ARCHS_STANDARD_32_BIT)";
				GCC_C_LANGUAGE_STANDARD = c99;
				GCC_OPTIMIZATION_LEVEL = 0;
				GCC_WARN_ABOUT_RETURN_TYPE = YES;
				GCC_WARN_UNUSED_VARIABLE = YES;
				OTHER_LDFLAGS = "-ObjC";
				PREBINDING = NO;
				SDKROOT = iphoneos3.0;
			};
			name = Debug;
		};
		1DEB922408733DC00010E9CD /* Release */ = {
			isa = XCBuildConfiguration;
			buildSettings = {
				ARCHS = "$(ARCHS_STANDARD_32_BIT)";
				GCC_C_LANGUAGE_STANDARD = c99;
				GCC_WARN_ABOUT_RETURN_TYPE = YES;
				GCC_WARN_UNUSED_VARIABLE = YES;
				OTHER_LDFLAGS = "-ObjC";
				PREBINDING = NO;
				SDKROOT = iphoneos3.0;
			};
			name = Release;
		};
/* End XCBuildConfiguration section */

/* Begin XCConfigurationList section */
		1DEB921E08733DC00010E9CD /* Build configuration list for PBXNativeTarget "TWToolkit" */ = {
			isa = XCConfigurationList;
			buildConfigurations = (
				1DEB921F08733DC00010E9CD /* Debug */,
				1DEB922008733DC00010E9CD /* Release */,
			);
			defaultConfigurationIsVisible = 0;
			defaultConfigurationName = Release;
		};
		1DEB922208733DC00010E9CD /* Build configuration list for PBXProject "TWToolkit" */ = {
			isa = XCConfigurationList;
			buildConfigurations = (
				1DEB922308733DC00010E9CD /* Debug */,
				1DEB922408733DC00010E9CD /* Release */,
			);
			defaultConfigurationIsVisible = 0;
			defaultConfigurationName = Release;
		};
/* End XCConfigurationList section */
	};
	rootObject = 0867D690FE84028FC02AAC07 /* Project object */;
}
