// !$*UTF8*$!
{
	archiveVersion = 1;
	classes = {
	};
	objectVersion = 45;
	objects = {

/* Begin PBXBuildFile section */
		AACBBE4A0F95108600F1A2B1 /* Foundation.framework in Frameworks */ = {isa = PBXBuildFile; fileRef = AACBBE490F95108600F1A2B1 /* Foundation.framework */; };
		B215045F10583A7300409ED4 /* TWToolkit_Prefix.pch in Headers */ = {isa = PBXBuildFile; fileRef = B215045E10583A7300409ED4 /* TWToolkit_Prefix.pch */; };
		B21504CA10583B4000409ED4 /* SystemConfiguration.framework in Frameworks */ = {isa = PBXBuildFile; fileRef = B21504C910583B4000409ED4 /* SystemConfiguration.framework */; };
		B215051210583BBB00409ED4 /* UIKit.framework in Frameworks */ = {isa = PBXBuildFile; fileRef = B215051110583BBB00409ED4 /* UIKit.framework */; };
		B227A7F210AB2267001906B9 /* TWURLRequest+Attachments.h in Headers */ = {isa = PBXBuildFile; fileRef = B227A7F010AB2267001906B9 /* TWURLRequest+Attachments.h */; };
		B227A7F310AB2267001906B9 /* TWURLRequest+Attachments.m in Sources */ = {isa = PBXBuildFile; fileRef = B227A7F110AB2267001906B9 /* TWURLRequest+Attachments.m */; };
		B233E33210A1EBCD00EA4DC3 /* TWURLConnectionQueue.h in Headers */ = {isa = PBXBuildFile; fileRef = B233E33010A1EBCD00EA4DC3 /* TWURLConnectionQueue.h */; };
		B233E33310A1EBCD00EA4DC3 /* TWURLConnectionQueue.m in Sources */ = {isa = PBXBuildFile; fileRef = B233E33110A1EBCD00EA4DC3 /* TWURLConnectionQueue.m */; };
		B233E3F710A21D4700EA4DC3 /* TWURLConnection.h in Headers */ = {isa = PBXBuildFile; fileRef = B233E3F510A21D4700EA4DC3 /* TWURLConnection.h */; };
		B233E3F810A21D4700EA4DC3 /* TWURLConnection.m in Sources */ = {isa = PBXBuildFile; fileRef = B233E3F610A21D4700EA4DC3 /* TWURLConnection.m */; };
		B23E8979108040010065E392 /* TWURLRequest.h in Headers */ = {isa = PBXBuildFile; fileRef = B23E8977108040010065E392 /* TWURLRequest.h */; };
		B23E897A108040010065E392 /* TWURLRequest.m in Sources */ = {isa = PBXBuildFile; fileRef = B23E8978108040010065E392 /* TWURLRequest.m */; };
		B2503B9510A90DA6009B0E7B /* TWGradientView.h in Headers */ = {isa = PBXBuildFile; fileRef = B2503B9310A90DA6009B0E7B /* TWGradientView.h */; };
		B2503B9610A90DA6009B0E7B /* TWGradientView.m in Sources */ = {isa = PBXBuildFile; fileRef = B2503B9410A90DA6009B0E7B /* TWGradientView.m */; };
		B253C1FA10728DC500E0CE10 /* TWHUDView.h in Headers */ = {isa = PBXBuildFile; fileRef = B253C1F810728DC500E0CE10 /* TWHUDView.h */; };
		B253C1FB10728DC500E0CE10 /* TWHUDView.m in Sources */ = {isa = PBXBuildFile; fileRef = B253C1F910728DC500E0CE10 /* TWHUDView.m */; };
		B2807EE010642A3400E4F6C6 /* TWRoundedView.h in Headers */ = {isa = PBXBuildFile; fileRef = B2807EDE10642A3400E4F6C6 /* TWRoundedView.h */; };
		B2807EE110642A3400E4F6C6 /* TWRoundedView.m in Sources */ = {isa = PBXBuildFile; fileRef = B2807EDF10642A3400E4F6C6 /* TWRoundedView.m */; };
		B28517DA1063E43E008D42E7 /* TWPickerViewController.h in Headers */ = {isa = PBXBuildFile; fileRef = B28517D81063E43E008D42E7 /* TWPickerViewController.h */; };
		B28517DB1063E43E008D42E7 /* TWPickerViewController.m in Sources */ = {isa = PBXBuildFile; fileRef = B28517D91063E43E008D42E7 /* TWPickerViewController.m */; };
		B28517E01063E442008D42E7 /* TWLoadingView.h in Headers */ = {isa = PBXBuildFile; fileRef = B28517DC1063E442008D42E7 /* TWLoadingView.h */; };
		B28517E11063E442008D42E7 /* TWLoadingView.m in Sources */ = {isa = PBXBuildFile; fileRef = B28517DD1063E442008D42E7 /* TWLoadingView.m */; };
		B2974D6D106299CB00C9F4A6 /* UIApplication+undocumented.h in Headers */ = {isa = PBXBuildFile; fileRef = B2974D5C106299CB00C9F4A6 /* UIApplication+undocumented.h */; };
		B2974D72106299CB00C9F4A6 /* UIDevice+isSimulator.h in Headers */ = {isa = PBXBuildFile; fileRef = B2974D61106299CB00C9F4A6 /* UIDevice+isSimulator.h */; };
		B2974D73106299CB00C9F4A6 /* UIDevice+isSimulator.m in Sources */ = {isa = PBXBuildFile; fileRef = B2974D62106299CB00C9F4A6 /* UIDevice+isSimulator.m */; };
		B2974D74106299CB00C9F4A6 /* UIImage+crop.h in Headers */ = {isa = PBXBuildFile; fileRef = B2974D63106299CB00C9F4A6 /* UIImage+crop.h */; };
		B2974D75106299CB00C9F4A6 /* UIImage+crop.m in Sources */ = {isa = PBXBuildFile; fileRef = B2974D64106299CB00C9F4A6 /* UIImage+crop.m */; };
		B2974D76106299CB00C9F4A6 /* UIScrollView+scroller.h in Headers */ = {isa = PBXBuildFile; fileRef = B2974D65106299CB00C9F4A6 /* UIScrollView+scroller.h */; };
		B2974D77106299CB00C9F4A6 /* UITextView+HTML.h in Headers */ = {isa = PBXBuildFile; fileRef = B2974D66106299CB00C9F4A6 /* UITextView+HTML.h */; };
		B2974D78106299CB00C9F4A6 /* UIView+fading.h in Headers */ = {isa = PBXBuildFile; fileRef = B2974D67106299CB00C9F4A6 /* UIView+fading.h */; };
		B2974D79106299CB00C9F4A6 /* UIView+fading.m in Sources */ = {isa = PBXBuildFile; fileRef = B2974D68106299CB00C9F4A6 /* UIView+fading.m */; };
		B2974D7A106299CB00C9F4A6 /* UIWebView+scrolling.h in Headers */ = {isa = PBXBuildFile; fileRef = B2974D69106299CB00C9F4A6 /* UIWebView+scrolling.h */; };
		B2974D7B106299CB00C9F4A6 /* UIWebView+scrolling.m in Sources */ = {isa = PBXBuildFile; fileRef = B2974D6A106299CB00C9F4A6 /* UIWebView+scrolling.m */; };
		B2974D7C106299CB00C9F4A6 /* UIWebView+setFontSize.h in Headers */ = {isa = PBXBuildFile; fileRef = B2974D6B106299CB00C9F4A6 /* UIWebView+setFontSize.h */; };
		B2974D7D106299CB00C9F4A6 /* UIWebView+setFontSize.m in Sources */ = {isa = PBXBuildFile; fileRef = B2974D6C106299CB00C9F4A6 /* UIWebView+setFontSize.m */; };
		B2A0753F1080F27D002FD0CA /* TWURLConnection+CacheController.h in Headers */ = {isa = PBXBuildFile; fileRef = B2A0753D1080F27D002FD0CA /* TWURLConnection+CacheController.h */; };
		B2A075401080F27D002FD0CA /* TWURLConnection+CacheController.m in Sources */ = {isa = PBXBuildFile; fileRef = B2A0753E1080F27D002FD0CA /* TWURLConnection+CacheController.m */; };
		B2A41E9A107287BA006EF521 /* TWSwitchTableViewCell.h in Headers */ = {isa = PBXBuildFile; fileRef = B2A41E98107287BA006EF521 /* TWSwitchTableViewCell.h */; };
		B2A41E9B107287BA006EF521 /* TWSwitchTableViewCell.m in Sources */ = {isa = PBXBuildFile; fileRef = B2A41E99107287BA006EF521 /* TWSwitchTableViewCell.m */; };
		B2A67B1810A8832C00E266F5 /* TWRemoteImageView.h in Headers */ = {isa = PBXBuildFile; fileRef = B2A67B1610A8832C00E266F5 /* TWRemoteImageView.h */; };
		B2A67B1910A8832C00E266F5 /* TWRemoteImageView.m in Sources */ = {isa = PBXBuildFile; fileRef = B2A67B1710A8832C00E266F5 /* TWRemoteImageView.m */; };
		B2A67D0D10A89B4A00E266F5 /* JSON.h in Headers */ = {isa = PBXBuildFile; fileRef = B2A67D0B10A89B4A00E266F5 /* JSON.h */; };
		B2A67D3410A89B7900E266F5 /* TWURLRequest+Parameters.h in Headers */ = {isa = PBXBuildFile; fileRef = B2A67D1110A89B7900E266F5 /* TWURLRequest+Parameters.h */; };
		B2A67D3510A89B7900E266F5 /* TWURLRequest+Parameters.m in Sources */ = {isa = PBXBuildFile; fileRef = B2A67D1210A89B7900E266F5 /* TWURLRequest+Parameters.m */; };
		B2A67D3610A89B7900E266F5 /* NSObject+SBJSON.h in Headers */ = {isa = PBXBuildFile; fileRef = B2A67D1310A89B7900E266F5 /* NSObject+SBJSON.h */; };
		B2A67D3710A89B7900E266F5 /* NSObject+SBJSON.m in Sources */ = {isa = PBXBuildFile; fileRef = B2A67D1410A89B7900E266F5 /* NSObject+SBJSON.m */; };
		B2A67D3810A89B7900E266F5 /* NSString+SBJSON.h in Headers */ = {isa = PBXBuildFile; fileRef = B2A67D1510A89B7900E266F5 /* NSString+SBJSON.h */; };
		B2A67D3910A89B7900E266F5 /* NSString+SBJSON.m in Sources */ = {isa = PBXBuildFile; fileRef = B2A67D1610A89B7900E266F5 /* NSString+SBJSON.m */; };
		B2A67D4610A89B7900E266F5 /* TWURLRequestParameter.h in Headers */ = {isa = PBXBuildFile; fileRef = B2A67D2310A89B7900E266F5 /* TWURLRequestParameter.h */; };
		B2A67D4710A89B7900E266F5 /* TWURLRequestParameter.m in Sources */ = {isa = PBXBuildFile; fileRef = B2A67D2410A89B7900E266F5 /* TWURLRequestParameter.m */; };
		B2A67D4B10A89B7900E266F5 /* Reachability.h in Headers */ = {isa = PBXBuildFile; fileRef = B2A67D2810A89B7900E266F5 /* Reachability.h */; };
		B2A67D4C10A89B7900E266F5 /* Reachability.m in Sources */ = {isa = PBXBuildFile; fileRef = B2A67D2910A89B7900E266F5 /* Reachability.m */; };
		B2A67D4D10A89B7900E266F5 /* SBJSON.h in Headers */ = {isa = PBXBuildFile; fileRef = B2A67D2A10A89B7900E266F5 /* SBJSON.h */; };
		B2A67D4E10A89B7900E266F5 /* SBJSON.m in Sources */ = {isa = PBXBuildFile; fileRef = B2A67D2B10A89B7900E266F5 /* SBJSON.m */; };
		B2A67D4F10A89B7900E266F5 /* SBJsonBase.h in Headers */ = {isa = PBXBuildFile; fileRef = B2A67D2C10A89B7900E266F5 /* SBJsonBase.h */; };
		B2A67D5010A89B7900E266F5 /* SBJsonBase.m in Sources */ = {isa = PBXBuildFile; fileRef = B2A67D2D10A89B7900E266F5 /* SBJsonBase.m */; };
		B2A67D5110A89B7900E266F5 /* SBJsonParser.h in Headers */ = {isa = PBXBuildFile; fileRef = B2A67D2E10A89B7900E266F5 /* SBJsonParser.h */; };
		B2A67D5210A89B7900E266F5 /* SBJsonParser.m in Sources */ = {isa = PBXBuildFile; fileRef = B2A67D2F10A89B7900E266F5 /* SBJsonParser.m */; };
		B2A67D5310A89B7900E266F5 /* SBJsonWriter.h in Headers */ = {isa = PBXBuildFile; fileRef = B2A67D3010A89B7900E266F5 /* SBJsonWriter.h */; };
		B2A67D5410A89B7900E266F5 /* SBJsonWriter.m in Sources */ = {isa = PBXBuildFile; fileRef = B2A67D3110A89B7900E266F5 /* SBJsonWriter.m */; };
		B2C20770106296FB00AE1B56 /* NSArray+shuffle.h in Headers */ = {isa = PBXBuildFile; fileRef = B2C20766106296FB00AE1B56 /* NSArray+shuffle.h */; };
		B2C20771106296FB00AE1B56 /* NSArray+shuffle.m in Sources */ = {isa = PBXBuildFile; fileRef = B2C20767106296FB00AE1B56 /* NSArray+shuffle.m */; };
		B2C20772106296FB00AE1B56 /* NSData+MD5Sum.h in Headers */ = {isa = PBXBuildFile; fileRef = B2C20768106296FB00AE1B56 /* NSData+MD5Sum.h */; };
		B2C20773106296FB00AE1B56 /* NSData+MD5Sum.m in Sources */ = {isa = PBXBuildFile; fileRef = B2C20769106296FB00AE1B56 /* NSData+MD5Sum.m */; };
		B2C20774106296FB00AE1B56 /* NSString+containsString.h in Headers */ = {isa = PBXBuildFile; fileRef = B2C2076A106296FB00AE1B56 /* NSString+containsString.h */; };
		B2C20775106296FB00AE1B56 /* NSString+containsString.m in Sources */ = {isa = PBXBuildFile; fileRef = B2C2076B106296FB00AE1B56 /* NSString+containsString.m */; };
		B2C20776106296FB00AE1B56 /* NSString+encoding.h in Headers */ = {isa = PBXBuildFile; fileRef = B2C2076C106296FB00AE1B56 /* NSString+encoding.h */; };
		B2C20777106296FB00AE1B56 /* NSString+encoding.m in Sources */ = {isa = PBXBuildFile; fileRef = B2C2076D106296FB00AE1B56 /* NSString+encoding.m */; };
		B2C20778106296FB00AE1B56 /* NSString+MD5Sum.h in Headers */ = {isa = PBXBuildFile; fileRef = B2C2076E106296FB00AE1B56 /* NSString+MD5Sum.h */; };
		B2C20779106296FB00AE1B56 /* NSString+MD5Sum.m in Sources */ = {isa = PBXBuildFile; fileRef = B2C2076F106296FB00AE1B56 /* NSString+MD5Sum.m */; };
		B2C207841062973000AE1B56 /* TWCategories.h in Headers */ = {isa = PBXBuildFile; fileRef = B2C207831062973000AE1B56 /* TWCategories.h */; };
		B2CC756510A23727002916AC /* TWURLConnectionQueueRequest.h in Headers */ = {isa = PBXBuildFile; fileRef = B2CC756310A23727002916AC /* TWURLConnectionQueueRequest.h */; };
		B2CC756610A23727002916AC /* TWURLConnectionQueueRequest.m in Sources */ = {isa = PBXBuildFile; fileRef = B2CC756410A23727002916AC /* TWURLConnectionQueueRequest.m */; };
		B2FA61AD1059616200499856 /* TWToolkit.h in Headers */ = {isa = PBXBuildFile; fileRef = B2FA616C1059616200499856 /* TWToolkit.h */; };
/* End PBXBuildFile section */

/* Begin PBXFileReference section */
		AACBBE490F95108600F1A2B1 /* Foundation.framework */ = {isa = PBXFileReference; lastKnownFileType = wrapper.framework; name = Foundation.framework; path = System/Library/Frameworks/Foundation.framework; sourceTree = SDKROOT; };
		B215045E10583A7300409ED4 /* TWToolkit_Prefix.pch */ = {isa = PBXFileReference; fileEncoding = 4; lastKnownFileType = sourcecode.c.h; path = TWToolkit_Prefix.pch; sourceTree = "<group>"; };
		B21504C910583B4000409ED4 /* SystemConfiguration.framework */ = {isa = PBXFileReference; lastKnownFileType = wrapper.framework; name = SystemConfiguration.framework; path = System/Library/Frameworks/SystemConfiguration.framework; sourceTree = SDKROOT; };
		B215051110583BBB00409ED4 /* UIKit.framework */ = {isa = PBXFileReference; lastKnownFileType = wrapper.framework; name = UIKit.framework; path = System/Library/Frameworks/UIKit.framework; sourceTree = SDKROOT; };
		B227A7F010AB2267001906B9 /* TWURLRequest+Attachments.h */ = {isa = PBXFileReference; fileEncoding = 4; lastKnownFileType = sourcecode.c.h; path = "TWURLRequest+Attachments.h"; sourceTree = "<group>"; };
		B227A7F110AB2267001906B9 /* TWURLRequest+Attachments.m */ = {isa = PBXFileReference; fileEncoding = 4; lastKnownFileType = sourcecode.c.objc; path = "TWURLRequest+Attachments.m"; sourceTree = "<group>"; };
		B233E33010A1EBCD00EA4DC3 /* TWURLConnectionQueue.h */ = {isa = PBXFileReference; fileEncoding = 4; lastKnownFileType = sourcecode.c.h; path = TWURLConnectionQueue.h; sourceTree = "<group>"; };
		B233E33110A1EBCD00EA4DC3 /* TWURLConnectionQueue.m */ = {isa = PBXFileReference; fileEncoding = 4; lastKnownFileType = sourcecode.c.objc; path = TWURLConnectionQueue.m; sourceTree = "<group>"; };
		B233E3F510A21D4700EA4DC3 /* TWURLConnection.h */ = {isa = PBXFileReference; fileEncoding = 4; lastKnownFileType = sourcecode.c.h; path = TWURLConnection.h; sourceTree = "<group>"; };
		B233E3F610A21D4700EA4DC3 /* TWURLConnection.m */ = {isa = PBXFileReference; fileEncoding = 4; lastKnownFileType = sourcecode.c.objc; path = TWURLConnection.m; sourceTree = "<group>"; };
		B23E8977108040010065E392 /* TWURLRequest.h */ = {isa = PBXFileReference; fileEncoding = 4; lastKnownFileType = sourcecode.c.h; path = TWURLRequest.h; sourceTree = "<group>"; };
		B23E8978108040010065E392 /* TWURLRequest.m */ = {isa = PBXFileReference; fileEncoding = 4; lastKnownFileType = sourcecode.c.objc; path = TWURLRequest.m; sourceTree = "<group>"; };
		B2503B9310A90DA6009B0E7B /* TWGradientView.h */ = {isa = PBXFileReference; fileEncoding = 4; lastKnownFileType = sourcecode.c.h; path = TWGradientView.h; sourceTree = "<group>"; };
		B2503B9410A90DA6009B0E7B /* TWGradientView.m */ = {isa = PBXFileReference; fileEncoding = 4; lastKnownFileType = sourcecode.c.objc; path = TWGradientView.m; sourceTree = "<group>"; };
		B253C1F810728DC500E0CE10 /* TWHUDView.h */ = {isa = PBXFileReference; fileEncoding = 4; lastKnownFileType = sourcecode.c.h; path = TWHUDView.h; sourceTree = "<group>"; };
		B253C1F910728DC500E0CE10 /* TWHUDView.m */ = {isa = PBXFileReference; fileEncoding = 4; lastKnownFileType = sourcecode.c.objc; path = TWHUDView.m; sourceTree = "<group>"; };
		B2807EDE10642A3400E4F6C6 /* TWRoundedView.h */ = {isa = PBXFileReference; fileEncoding = 4; lastKnownFileType = sourcecode.c.h; path = TWRoundedView.h; sourceTree = "<group>"; };
		B2807EDF10642A3400E4F6C6 /* TWRoundedView.m */ = {isa = PBXFileReference; fileEncoding = 4; lastKnownFileType = sourcecode.c.objc; path = TWRoundedView.m; sourceTree = "<group>"; };
		B28517D81063E43E008D42E7 /* TWPickerViewController.h */ = {isa = PBXFileReference; fileEncoding = 4; lastKnownFileType = sourcecode.c.h; path = TWPickerViewController.h; sourceTree = "<group>"; };
		B28517D91063E43E008D42E7 /* TWPickerViewController.m */ = {isa = PBXFileReference; fileEncoding = 4; lastKnownFileType = sourcecode.c.objc; path = TWPickerViewController.m; sourceTree = "<group>"; };
		B28517DC1063E442008D42E7 /* TWLoadingView.h */ = {isa = PBXFileReference; fileEncoding = 4; lastKnownFileType = sourcecode.c.h; path = TWLoadingView.h; sourceTree = "<group>"; };
		B28517DD1063E442008D42E7 /* TWLoadingView.m */ = {isa = PBXFileReference; fileEncoding = 4; lastKnownFileType = sourcecode.c.objc; path = TWLoadingView.m; sourceTree = "<group>"; };
		B2974D5C106299CB00C9F4A6 /* UIApplication+undocumented.h */ = {isa = PBXFileReference; fileEncoding = 4; lastKnownFileType = sourcecode.c.h; path = "UIApplication+undocumented.h"; sourceTree = "<group>"; };
		B2974D61106299CB00C9F4A6 /* UIDevice+isSimulator.h */ = {isa = PBXFileReference; fileEncoding = 4; lastKnownFileType = sourcecode.c.h; path = "UIDevice+isSimulator.h"; sourceTree = "<group>"; };
		B2974D62106299CB00C9F4A6 /* UIDevice+isSimulator.m */ = {isa = PBXFileReference; fileEncoding = 4; lastKnownFileType = sourcecode.c.objc; path = "UIDevice+isSimulator.m"; sourceTree = "<group>"; };
		B2974D63106299CB00C9F4A6 /* UIImage+crop.h */ = {isa = PBXFileReference; fileEncoding = 4; lastKnownFileType = sourcecode.c.h; path = "UIImage+crop.h"; sourceTree = "<group>"; };
		B2974D64106299CB00C9F4A6 /* UIImage+crop.m */ = {isa = PBXFileReference; fileEncoding = 4; lastKnownFileType = sourcecode.c.objc; path = "UIImage+crop.m"; sourceTree = "<group>"; };
		B2974D65106299CB00C9F4A6 /* UIScrollView+scroller.h */ = {isa = PBXFileReference; fileEncoding = 4; lastKnownFileType = sourcecode.c.h; path = "UIScrollView+scroller.h"; sourceTree = "<group>"; };
		B2974D66106299CB00C9F4A6 /* UITextView+HTML.h */ = {isa = PBXFileReference; fileEncoding = 4; lastKnownFileType = sourcecode.c.h; path = "UITextView+HTML.h"; sourceTree = "<group>"; };
		B2974D67106299CB00C9F4A6 /* UIView+fading.h */ = {isa = PBXFileReference; fileEncoding = 4; lastKnownFileType = sourcecode.c.h; path = "UIView+fading.h"; sourceTree = "<group>"; };
		B2974D68106299CB00C9F4A6 /* UIView+fading.m */ = {isa = PBXFileReference; fileEncoding = 4; lastKnownFileType = sourcecode.c.objc; path = "UIView+fading.m"; sourceTree = "<group>"; };
		B2974D69106299CB00C9F4A6 /* UIWebView+scrolling.h */ = {isa = PBXFileReference; fileEncoding = 4; lastKnownFileType = sourcecode.c.h; path = "UIWebView+scrolling.h"; sourceTree = "<group>"; };
		B2974D6A106299CB00C9F4A6 /* UIWebView+scrolling.m */ = {isa = PBXFileReference; fileEncoding = 4; lastKnownFileType = sourcecode.c.objc; path = "UIWebView+scrolling.m"; sourceTree = "<group>"; };
		B2974D6B106299CB00C9F4A6 /* UIWebView+setFontSize.h */ = {isa = PBXFileReference; fileEncoding = 4; lastKnownFileType = sourcecode.c.h; path = "UIWebView+setFontSize.h"; sourceTree = "<group>"; };
		B2974D6C106299CB00C9F4A6 /* UIWebView+setFontSize.m */ = {isa = PBXFileReference; fileEncoding = 4; lastKnownFileType = sourcecode.c.objc; path = "UIWebView+setFontSize.m"; sourceTree = "<group>"; };
		B2A0753D1080F27D002FD0CA /* TWURLConnection+CacheController.h */ = {isa = PBXFileReference; fileEncoding = 4; lastKnownFileType = sourcecode.c.h; path = "TWURLConnection+CacheController.h"; sourceTree = "<group>"; };
		B2A0753E1080F27D002FD0CA /* TWURLConnection+CacheController.m */ = {isa = PBXFileReference; fileEncoding = 4; lastKnownFileType = sourcecode.c.objc; path = "TWURLConnection+CacheController.m"; sourceTree = "<group>"; };
		B2A41E98107287BA006EF521 /* TWSwitchTableViewCell.h */ = {isa = PBXFileReference; fileEncoding = 4; lastKnownFileType = sourcecode.c.h; path = TWSwitchTableViewCell.h; sourceTree = "<group>"; };
		B2A41E99107287BA006EF521 /* TWSwitchTableViewCell.m */ = {isa = PBXFileReference; fileEncoding = 4; lastKnownFileType = sourcecode.c.objc; path = TWSwitchTableViewCell.m; sourceTree = "<group>"; };
		B2A67B1610A8832C00E266F5 /* TWRemoteImageView.h */ = {isa = PBXFileReference; fileEncoding = 4; lastKnownFileType = sourcecode.c.h; path = TWRemoteImageView.h; sourceTree = "<group>"; };
		B2A67B1710A8832C00E266F5 /* TWRemoteImageView.m */ = {isa = PBXFileReference; fileEncoding = 4; lastKnownFileType = sourcecode.c.objc; path = TWRemoteImageView.m; sourceTree = "<group>"; };
		B2A67D0B10A89B4A00E266F5 /* JSON.h */ = {isa = PBXFileReference; fileEncoding = 4; lastKnownFileType = sourcecode.c.h; path = JSON.h; sourceTree = "<group>"; };
		B2A67D1110A89B7900E266F5 /* TWURLRequest+Parameters.h */ = {isa = PBXFileReference; fileEncoding = 4; lastKnownFileType = sourcecode.c.h; path = "TWURLRequest+Parameters.h"; sourceTree = "<group>"; };
		B2A67D1210A89B7900E266F5 /* TWURLRequest+Parameters.m */ = {isa = PBXFileReference; fileEncoding = 4; lastKnownFileType = sourcecode.c.objc; path = "TWURLRequest+Parameters.m"; sourceTree = "<group>"; };
		B2A67D1310A89B7900E266F5 /* NSObject+SBJSON.h */ = {isa = PBXFileReference; fileEncoding = 4; lastKnownFileType = sourcecode.c.h; path = "NSObject+SBJSON.h"; sourceTree = "<group>"; };
		B2A67D1410A89B7900E266F5 /* NSObject+SBJSON.m */ = {isa = PBXFileReference; fileEncoding = 4; lastKnownFileType = sourcecode.c.objc; path = "NSObject+SBJSON.m"; sourceTree = "<group>"; };
		B2A67D1510A89B7900E266F5 /* NSString+SBJSON.h */ = {isa = PBXFileReference; fileEncoding = 4; lastKnownFileType = sourcecode.c.h; path = "NSString+SBJSON.h"; sourceTree = "<group>"; };
		B2A67D1610A89B7900E266F5 /* NSString+SBJSON.m */ = {isa = PBXFileReference; fileEncoding = 4; lastKnownFileType = sourcecode.c.objc; path = "NSString+SBJSON.m"; sourceTree = "<group>"; };
		B2A67D2310A89B7900E266F5 /* TWURLRequestParameter.h */ = {isa = PBXFileReference; fileEncoding = 4; lastKnownFileType = sourcecode.c.h; path = TWURLRequestParameter.h; sourceTree = "<group>"; };
		B2A67D2410A89B7900E266F5 /* TWURLRequestParameter.m */ = {isa = PBXFileReference; fileEncoding = 4; lastKnownFileType = sourcecode.c.objc; path = TWURLRequestParameter.m; sourceTree = "<group>"; };
		B2A67D2810A89B7900E266F5 /* Reachability.h */ = {isa = PBXFileReference; fileEncoding = 4; lastKnownFileType = sourcecode.c.h; path = Reachability.h; sourceTree = "<group>"; };
		B2A67D2910A89B7900E266F5 /* Reachability.m */ = {isa = PBXFileReference; fileEncoding = 4; lastKnownFileType = sourcecode.c.objc; path = Reachability.m; sourceTree = "<group>"; };
		B2A67D2A10A89B7900E266F5 /* SBJSON.h */ = {isa = PBXFileReference; fileEncoding = 4; lastKnownFileType = sourcecode.c.h; path = SBJSON.h; sourceTree = "<group>"; };
		B2A67D2B10A89B7900E266F5 /* SBJSON.m */ = {isa = PBXFileReference; fileEncoding = 4; lastKnownFileType = sourcecode.c.objc; path = SBJSON.m; sourceTree = "<group>"; };
		B2A67D2C10A89B7900E266F5 /* SBJsonBase.h */ = {isa = PBXFileReference; fileEncoding = 4; lastKnownFileType = sourcecode.c.h; path = SBJsonBase.h; sourceTree = "<group>"; };
		B2A67D2D10A89B7900E266F5 /* SBJsonBase.m */ = {isa = PBXFileReference; fileEncoding = 4; lastKnownFileType = sourcecode.c.objc; path = SBJsonBase.m; sourceTree = "<group>"; };
		B2A67D2E10A89B7900E266F5 /* SBJsonParser.h */ = {isa = PBXFileReference; fileEncoding = 4; lastKnownFileType = sourcecode.c.h; path = SBJsonParser.h; sourceTree = "<group>"; };
		B2A67D2F10A89B7900E266F5 /* SBJsonParser.m */ = {isa = PBXFileReference; fileEncoding = 4; lastKnownFileType = sourcecode.c.objc; path = SBJsonParser.m; sourceTree = "<group>"; };
		B2A67D3010A89B7900E266F5 /* SBJsonWriter.h */ = {isa = PBXFileReference; fileEncoding = 4; lastKnownFileType = sourcecode.c.h; path = SBJsonWriter.h; sourceTree = "<group>"; };
		B2A67D3110A89B7900E266F5 /* SBJsonWriter.m */ = {isa = PBXFileReference; fileEncoding = 4; lastKnownFileType = sourcecode.c.objc; path = SBJsonWriter.m; sourceTree = "<group>"; };
		B2A67F5110A8E04E00E266F5 /* TWToolkit.bundle */ = {isa = PBXFileReference; lastKnownFileType = "wrapper.plug-in"; path = TWToolkit.bundle; sourceTree = "<group>"; };
		B2C20766106296FB00AE1B56 /* NSArray+shuffle.h */ = {isa = PBXFileReference; fileEncoding = 4; lastKnownFileType = sourcecode.c.h; path = "NSArray+shuffle.h"; sourceTree = "<group>"; };
		B2C20767106296FB00AE1B56 /* NSArray+shuffle.m */ = {isa = PBXFileReference; fileEncoding = 4; lastKnownFileType = sourcecode.c.objc; path = "NSArray+shuffle.m"; sourceTree = "<group>"; };
		B2C20768106296FB00AE1B56 /* NSData+MD5Sum.h */ = {isa = PBXFileReference; fileEncoding = 4; lastKnownFileType = sourcecode.c.h; path = "NSData+MD5Sum.h"; sourceTree = "<group>"; };
		B2C20769106296FB00AE1B56 /* NSData+MD5Sum.m */ = {isa = PBXFileReference; fileEncoding = 4; lastKnownFileType = sourcecode.c.objc; path = "NSData+MD5Sum.m"; sourceTree = "<group>"; };
		B2C2076A106296FB00AE1B56 /* NSString+containsString.h */ = {isa = PBXFileReference; fileEncoding = 4; lastKnownFileType = sourcecode.c.h; path = "NSString+containsString.h"; sourceTree = "<group>"; };
		B2C2076B106296FB00AE1B56 /* NSString+containsString.m */ = {isa = PBXFileReference; fileEncoding = 4; lastKnownFileType = sourcecode.c.objc; path = "NSString+containsString.m"; sourceTree = "<group>"; };
		B2C2076C106296FB00AE1B56 /* NSString+encoding.h */ = {isa = PBXFileReference; fileEncoding = 4; lastKnownFileType = sourcecode.c.h; path = "NSString+encoding.h"; sourceTree = "<group>"; };
		B2C2076D106296FB00AE1B56 /* NSString+encoding.m */ = {isa = PBXFileReference; fileEncoding = 4; lastKnownFileType = sourcecode.c.objc; path = "NSString+encoding.m"; sourceTree = "<group>"; };
		B2C2076E106296FB00AE1B56 /* NSString+MD5Sum.h */ = {isa = PBXFileReference; fileEncoding = 4; lastKnownFileType = sourcecode.c.h; path = "NSString+MD5Sum.h"; sourceTree = "<group>"; };
		B2C2076F106296FB00AE1B56 /* NSString+MD5Sum.m */ = {isa = PBXFileReference; fileEncoding = 4; lastKnownFileType = sourcecode.c.objc; path = "NSString+MD5Sum.m"; sourceTree = "<group>"; };
		B2C207831062973000AE1B56 /* TWCategories.h */ = {isa = PBXFileReference; fileEncoding = 4; lastKnownFileType = sourcecode.c.h; path = TWCategories.h; sourceTree = "<group>"; };
		B2CC756310A23727002916AC /* TWURLConnectionQueueRequest.h */ = {isa = PBXFileReference; fileEncoding = 4; lastKnownFileType = sourcecode.c.h; path = TWURLConnectionQueueRequest.h; sourceTree = "<group>"; };
		B2CC756410A23727002916AC /* TWURLConnectionQueueRequest.m */ = {isa = PBXFileReference; fileEncoding = 4; lastKnownFileType = sourcecode.c.objc; path = TWURLConnectionQueueRequest.m; sourceTree = "<group>"; };
		B2FA616C1059616200499856 /* TWToolkit.h */ = {isa = PBXFileReference; fileEncoding = 4; lastKnownFileType = sourcecode.c.h; path = TWToolkit.h; sourceTree = "<group>"; };
		D2AAC07E0554694100DB518D /* libTWToolkit.a */ = {isa = PBXFileReference; explicitFileType = archive.ar; includeInIndex = 0; path = libTWToolkit.a; sourceTree = BUILT_PRODUCTS_DIR; };
/* End PBXFileReference section */

/* Begin PBXFrameworksBuildPhase section */
		D2AAC07C0554694100DB518D /* Frameworks */ = {
			isa = PBXFrameworksBuildPhase;
			buildActionMask = 2147483647;
			files = (
				AACBBE4A0F95108600F1A2B1 /* Foundation.framework in Frameworks */,
				B21504CA10583B4000409ED4 /* SystemConfiguration.framework in Frameworks */,
				B215051210583BBB00409ED4 /* UIKit.framework in Frameworks */,
			);
			runOnlyForDeploymentPostprocessing = 0;
		};
/* End PBXFrameworksBuildPhase section */

/* Begin PBXGroup section */
		034768DFFF38A50411DB9C8B /* Products */ = {
			isa = PBXGroup;
			children = (
				D2AAC07E0554694100DB518D /* libTWToolkit.a */,
			);
			name = Products;
			sourceTree = "<group>";
		};
		0867D691FE84028FC02AAC07 /* TWToolkit */ = {
			isa = PBXGroup;
			children = (
				B2FA61431059616200499856 /* TWToolkit */,
				B215045D10583A7300409ED4 /* Other Sources */,
				B2A41EDD10728C09006EF521 /* Resources */,
				0867D69AFE84028FC02AAC07 /* Frameworks */,
				034768DFFF38A50411DB9C8B /* Products */,
			);
			name = TWToolkit;
			sourceTree = "<group>";
		};
		0867D69AFE84028FC02AAC07 /* Frameworks */ = {
			isa = PBXGroup;
			children = (
				AACBBE490F95108600F1A2B1 /* Foundation.framework */,
				B21504C910583B4000409ED4 /* SystemConfiguration.framework */,
				B215051110583BBB00409ED4 /* UIKit.framework */,
			);
			name = Frameworks;
			sourceTree = "<group>";
		};
		B215045D10583A7300409ED4 /* Other Sources */ = {
			isa = PBXGroup;
			children = (
				B215045E10583A7300409ED4 /* TWToolkit_Prefix.pch */,
			);
			path = "Other Sources";
			sourceTree = "<group>";
		};
		B22BAB6E10A135C10011B963 /* TWToolkit */ = {
			isa = PBXGroup;
			children = (
				B2A67D1110A89B7900E266F5 /* TWURLRequest+Parameters.h */,
				B2A67D1210A89B7900E266F5 /* TWURLRequest+Parameters.m */,
				B227A7F010AB2267001906B9 /* TWURLRequest+Attachments.h */,
				B227A7F110AB2267001906B9 /* TWURLRequest+Attachments.m */,
				B2A0753D1080F27D002FD0CA /* TWURLConnection+CacheController.h */,
				B2A0753E1080F27D002FD0CA /* TWURLConnection+CacheController.m */,
			);
			name = TWToolkit;
			sourceTree = "<group>";
		};
		B28517D51063E42A008D42E7 /* View Controllers */ = {
			isa = PBXGroup;
			children = (
				B28517D81063E43E008D42E7 /* TWPickerViewController.h */,
				B28517D91063E43E008D42E7 /* TWPickerViewController.m */,
			);
			name = "View Controllers";
			sourceTree = "<group>";
		};
		B28517D71063E433008D42E7 /* Views */ = {
			isa = PBXGroup;
			children = (
				B2503B9310A90DA6009B0E7B /* TWGradientView.h */,
				B2503B9410A90DA6009B0E7B /* TWGradientView.m */,
				B2A67B1610A8832C00E266F5 /* TWRemoteImageView.h */,
				B2A67B1710A8832C00E266F5 /* TWRemoteImageView.m */,
				B253C1F810728DC500E0CE10 /* TWHUDView.h */,
				B253C1F910728DC500E0CE10 /* TWHUDView.m */,
				B28517DC1063E442008D42E7 /* TWLoadingView.h */,
				B28517DD1063E442008D42E7 /* TWLoadingView.m */,
				B2807EDE10642A3400E4F6C6 /* TWRoundedView.h */,
				B2807EDF10642A3400E4F6C6 /* TWRoundedView.m */,
			);
			name = Views;
			sourceTree = "<group>";
		};
		B2A41E97107287A5006EF521 /* Cells */ = {
			isa = PBXGroup;
			children = (
				B2A41E98107287BA006EF521 /* TWSwitchTableViewCell.h */,
				B2A41E99107287BA006EF521 /* TWSwitchTableViewCell.m */,
			);
			name = Cells;
			sourceTree = "<group>";
		};
		B2A41EDD10728C09006EF521 /* Resources */ = {
			isa = PBXGroup;
			children = (
				B2A67F5110A8E04E00E266F5 /* TWToolkit.bundle */,
			);
			path = Resources;
			sourceTree = "<group>";
		};
		B2A67BBC10A8930B00E266F5 /* Vendor */ = {
			isa = PBXGroup;
			children = (
				B2BA986D10B33F93001EEA88 /* JSON */,
				B2BA986E10B33FAC001EEA88 /* Reachability */,
			);
			name = Vendor;
			sourceTree = "<group>";
		};
		B2B9EC0A10826D670025F5AC /* Foundation */ = {
			isa = PBXGroup;
			children = (
				B2C20766106296FB00AE1B56 /* NSArray+shuffle.h */,
				B2C20767106296FB00AE1B56 /* NSArray+shuffle.m */,
				B2C20768106296FB00AE1B56 /* NSData+MD5Sum.h */,
				B2C20769106296FB00AE1B56 /* NSData+MD5Sum.m */,
				B2C2076A106296FB00AE1B56 /* NSString+containsString.h */,
				B2C2076B106296FB00AE1B56 /* NSString+containsString.m */,
				B2C2076C106296FB00AE1B56 /* NSString+encoding.h */,
				B2C2076D106296FB00AE1B56 /* NSString+encoding.m */,
				B2C2076E106296FB00AE1B56 /* NSString+MD5Sum.h */,
				B2C2076F106296FB00AE1B56 /* NSString+MD5Sum.m */,
			);
			name = Foundation;
			sourceTree = "<group>";
		};
		B2B9EC0B10826D710025F5AC /* UIKit */ = {
			isa = PBXGroup;
			children = (
				B2974D5C106299CB00C9F4A6 /* UIApplication+undocumented.h */,
				B2974D61106299CB00C9F4A6 /* UIDevice+isSimulator.h */,
				B2974D62106299CB00C9F4A6 /* UIDevice+isSimulator.m */,
				B2974D63106299CB00C9F4A6 /* UIImage+crop.h */,
				B2974D64106299CB00C9F4A6 /* UIImage+crop.m */,
				B2974D65106299CB00C9F4A6 /* UIScrollView+scroller.h */,
				B2974D66106299CB00C9F4A6 /* UITextView+HTML.h */,
				B2974D67106299CB00C9F4A6 /* UIView+fading.h */,
				B2974D68106299CB00C9F4A6 /* UIView+fading.m */,
				B2974D69106299CB00C9F4A6 /* UIWebView+scrolling.h */,
				B2974D6A106299CB00C9F4A6 /* UIWebView+scrolling.m */,
				B2974D6B106299CB00C9F4A6 /* UIWebView+setFontSize.h */,
				B2974D6C106299CB00C9F4A6 /* UIWebView+setFontSize.m */,
			);
			name = UIKit;
			sourceTree = "<group>";
		};
		B2BA986D10B33F93001EEA88 /* JSON */ = {
			isa = PBXGroup;
			children = (
				B2A67D1310A89B7900E266F5 /* NSObject+SBJSON.h */,
				B2A67D1410A89B7900E266F5 /* NSObject+SBJSON.m */,
				B2A67D1510A89B7900E266F5 /* NSString+SBJSON.h */,
				B2A67D1610A89B7900E266F5 /* NSString+SBJSON.m */,
				B2A67D2A10A89B7900E266F5 /* SBJSON.h */,
				B2A67D2B10A89B7900E266F5 /* SBJSON.m */,
				B2A67D2C10A89B7900E266F5 /* SBJsonBase.h */,
				B2A67D2D10A89B7900E266F5 /* SBJsonBase.m */,
				B2A67D2E10A89B7900E266F5 /* SBJsonParser.h */,
				B2A67D2F10A89B7900E266F5 /* SBJsonParser.m */,
				B2A67D3010A89B7900E266F5 /* SBJsonWriter.h */,
				B2A67D3110A89B7900E266F5 /* SBJsonWriter.m */,
			);
			name = JSON;
			sourceTree = "<group>";
		};
		B2BA986E10B33FAC001EEA88 /* Reachability */ = {
			isa = PBXGroup;
			children = (
				B2A67D2810A89B7900E266F5 /* Reachability.h */,
				B2A67D2910A89B7900E266F5 /* Reachability.m */,
			);
			name = Reachability;
			sourceTree = "<group>";
		};
		B2C20765106296F200AE1B56 /* Categories */ = {
			isa = PBXGroup;
			children = (
				B22BAB6E10A135C10011B963 /* TWToolkit */,
				B2B9EC0A10826D670025F5AC /* Foundation */,
				B2B9EC0B10826D710025F5AC /* UIKit */,
			);
			name = Categories;
			sourceTree = "<group>";
		};
		B2C2077A106296FE00AE1B56 /* Connection */ = {
			isa = PBXGroup;
			children = (
				B23E8977108040010065E392 /* TWURLRequest.h */,
				B23E8978108040010065E392 /* TWURLRequest.m */,
				B2A67D2310A89B7900E266F5 /* TWURLRequestParameter.h */,
				B2A67D2410A89B7900E266F5 /* TWURLRequestParameter.m */,
				B233E3F510A21D4700EA4DC3 /* TWURLConnection.h */,
				B233E3F610A21D4700EA4DC3 /* TWURLConnection.m */,
				B233E33010A1EBCD00EA4DC3 /* TWURLConnectionQueue.h */,
				B233E33110A1EBCD00EA4DC3 /* TWURLConnectionQueue.m */,
				B2CC756310A23727002916AC /* TWURLConnectionQueueRequest.h */,
				B2CC756410A23727002916AC /* TWURLConnectionQueueRequest.m */,
			);
			name = Connection;
			sourceTree = "<group>";
		};
		B2FA61431059616200499856 /* TWToolkit */ = {
			isa = PBXGroup;
			children = (
				B2FA616C1059616200499856 /* TWToolkit.h */,
				B2C207831062973000AE1B56 /* TWCategories.h */,
				B2A67D0B10A89B4A00E266F5 /* JSON.h */,
				B2C2077A106296FE00AE1B56 /* Connection */,
				B28517D51063E42A008D42E7 /* View Controllers */,
				B28517D71063E433008D42E7 /* Views */,
				B2A41E97107287A5006EF521 /* Cells */,
				B2C20765106296F200AE1B56 /* Categories */,
				B2A67BBC10A8930B00E266F5 /* Vendor */,
			);
			path = TWToolkit;
			sourceTree = "<group>";
		};
/* End PBXGroup section */

/* Begin PBXHeadersBuildPhase section */
		D2AAC07A0554694100DB518D /* Headers */ = {
			isa = PBXHeadersBuildPhase;
			buildActionMask = 2147483647;
			files = (
				B215045F10583A7300409ED4 /* TWToolkit_Prefix.pch in Headers */,
				B2FA61AD1059616200499856 /* TWToolkit.h in Headers */,
				B2C20770106296FB00AE1B56 /* NSArray+shuffle.h in Headers */,
				B2C20772106296FB00AE1B56 /* NSData+MD5Sum.h in Headers */,
				B2C20774106296FB00AE1B56 /* NSString+containsString.h in Headers */,
				B2C20776106296FB00AE1B56 /* NSString+encoding.h in Headers */,
				B2C20778106296FB00AE1B56 /* NSString+MD5Sum.h in Headers */,
				B2C207841062973000AE1B56 /* TWCategories.h in Headers */,
				B2974D6D106299CB00C9F4A6 /* UIApplication+undocumented.h in Headers */,
				B2974D72106299CB00C9F4A6 /* UIDevice+isSimulator.h in Headers */,
				B2974D74106299CB00C9F4A6 /* UIImage+crop.h in Headers */,
				B2974D76106299CB00C9F4A6 /* UIScrollView+scroller.h in Headers */,
				B2974D77106299CB00C9F4A6 /* UITextView+HTML.h in Headers */,
				B2974D78106299CB00C9F4A6 /* UIView+fading.h in Headers */,
				B2974D7A106299CB00C9F4A6 /* UIWebView+scrolling.h in Headers */,
				B2974D7C106299CB00C9F4A6 /* UIWebView+setFontSize.h in Headers */,
				B28517DA1063E43E008D42E7 /* TWPickerViewController.h in Headers */,
				B28517E01063E442008D42E7 /* TWLoadingView.h in Headers */,
				B2807EE010642A3400E4F6C6 /* TWRoundedView.h in Headers */,
				B2A41E9A107287BA006EF521 /* TWSwitchTableViewCell.h in Headers */,
				B253C1FA10728DC500E0CE10 /* TWHUDView.h in Headers */,
				B23E8979108040010065E392 /* TWURLRequest.h in Headers */,
				B2A0753F1080F27D002FD0CA /* TWURLConnection+CacheController.h in Headers */,
				B233E33210A1EBCD00EA4DC3 /* TWURLConnectionQueue.h in Headers */,
				B233E3F710A21D4700EA4DC3 /* TWURLConnection.h in Headers */,
				B2CC756510A23727002916AC /* TWURLConnectionQueueRequest.h in Headers */,
				B2A67B1810A8832C00E266F5 /* TWRemoteImageView.h in Headers */,
				B2A67D0D10A89B4A00E266F5 /* JSON.h in Headers */,
				B2A67D3410A89B7900E266F5 /* TWURLRequest+Parameters.h in Headers */,
				B2A67D3610A89B7900E266F5 /* NSObject+SBJSON.h in Headers */,
				B2A67D3810A89B7900E266F5 /* NSString+SBJSON.h in Headers */,
				B2A67D4610A89B7900E266F5 /* TWURLRequestParameter.h in Headers */,
				B2A67D4B10A89B7900E266F5 /* Reachability.h in Headers */,
				B2A67D4D10A89B7900E266F5 /* SBJSON.h in Headers */,
				B2A67D4F10A89B7900E266F5 /* SBJsonBase.h in Headers */,
				B2A67D5110A89B7900E266F5 /* SBJsonParser.h in Headers */,
				B2A67D5310A89B7900E266F5 /* SBJsonWriter.h in Headers */,
				B2503B9510A90DA6009B0E7B /* TWGradientView.h in Headers */,
				B227A7F210AB2267001906B9 /* TWURLRequest+Attachments.h in Headers */,
			);
			runOnlyForDeploymentPostprocessing = 0;
		};
/* End PBXHeadersBuildPhase section */

/* Begin PBXNativeTarget section */
		D2AAC07D0554694100DB518D /* TWToolkit */ = {
			isa = PBXNativeTarget;
			buildConfigurationList = 1DEB921E08733DC00010E9CD /* Build configuration list for PBXNativeTarget "TWToolkit" */;
			buildPhases = (
				D2AAC07A0554694100DB518D /* Headers */,
				D2AAC07B0554694100DB518D /* Sources */,
				D2AAC07C0554694100DB518D /* Frameworks */,
			);
			buildRules = (
			);
			dependencies = (
			);
			name = TWToolkit;
			productName = TWToolkit;
			productReference = D2AAC07E0554694100DB518D /* libTWToolkit.a */;
			productType = "com.apple.product-type.library.static";
		};
/* End PBXNativeTarget section */

/* Begin PBXProject section */
		0867D690FE84028FC02AAC07 /* Project object */ = {
			isa = PBXProject;
			attributes = {
				ORGANIZATIONNAME = "Tasteful Works, Inc";
			};
			buildConfigurationList = 1DEB922208733DC00010E9CD /* Build configuration list for PBXProject "TWToolkit" */;
			compatibilityVersion = "Xcode 3.1";
			hasScannedForEncodings = 1;
			mainGroup = 0867D691FE84028FC02AAC07 /* TWToolkit */;
			productRefGroup = 034768DFFF38A50411DB9C8B /* Products */;
			projectDirPath = "";
			projectRoot = "";
			targets = (
				D2AAC07D0554694100DB518D /* TWToolkit */,
			);
		};
/* End PBXProject section */

/* Begin PBXSourcesBuildPhase section */
		D2AAC07B0554694100DB518D /* Sources */ = {
			isa = PBXSourcesBuildPhase;
			buildActionMask = 2147483647;
			files = (
				B2C20771106296FB00AE1B56 /* NSArray+shuffle.m in Sources */,
				B2C20773106296FB00AE1B56 /* NSData+MD5Sum.m in Sources */,
				B2C20775106296FB00AE1B56 /* NSString+containsString.m in Sources */,
				B2C20777106296FB00AE1B56 /* NSString+encoding.m in Sources */,
				B2C20779106296FB00AE1B56 /* NSString+MD5Sum.m in Sources */,
				B2974D73106299CB00C9F4A6 /* UIDevice+isSimulator.m in Sources */,
				B2974D75106299CB00C9F4A6 /* UIImage+crop.m in Sources */,
				B2974D79106299CB00C9F4A6 /* UIView+fading.m in Sources */,
				B2974D7B106299CB00C9F4A6 /* UIWebView+scrolling.m in Sources */,
				B2974D7D106299CB00C9F4A6 /* UIWebView+setFontSize.m in Sources */,
				B28517DB1063E43E008D42E7 /* TWPickerViewController.m in Sources */,
				B28517E11063E442008D42E7 /* TWLoadingView.m in Sources */,
				B2807EE110642A3400E4F6C6 /* TWRoundedView.m in Sources */,
				B2A41E9B107287BA006EF521 /* TWSwitchTableViewCell.m in Sources */,
				B253C1FB10728DC500E0CE10 /* TWHUDView.m in Sources */,
				B23E897A108040010065E392 /* TWURLRequest.m in Sources */,
				B2A075401080F27D002FD0CA /* TWURLConnection+CacheController.m in Sources */,
				B233E33310A1EBCD00EA4DC3 /* TWURLConnectionQueue.m in Sources */,
				B233E3F810A21D4700EA4DC3 /* TWURLConnection.m in Sources */,
				B2CC756610A23727002916AC /* TWURLConnectionQueueRequest.m in Sources */,
				B2A67B1910A8832C00E266F5 /* TWRemoteImageView.m in Sources */,
				B2A67D3510A89B7900E266F5 /* TWURLRequest+Parameters.m in Sources */,
				B2A67D3710A89B7900E266F5 /* NSObject+SBJSON.m in Sources */,
				B2A67D3910A89B7900E266F5 /* NSString+SBJSON.m in Sources */,
				B2A67D4710A89B7900E266F5 /* TWURLRequestParameter.m in Sources */,
				B2A67D4C10A89B7900E266F5 /* Reachability.m in Sources */,
				B2A67D4E10A89B7900E266F5 /* SBJSON.m in Sources */,
				B2A67D5010A89B7900E266F5 /* SBJsonBase.m in Sources */,
				B2A67D5210A89B7900E266F5 /* SBJsonParser.m in Sources */,
				B2A67D5410A89B7900E266F5 /* SBJsonWriter.m in Sources */,
				B2503B9610A90DA6009B0E7B /* TWGradientView.m in Sources */,
				B227A7F310AB2267001906B9 /* TWURLRequest+Attachments.m in Sources */,
			);
			runOnlyForDeploymentPostprocessing = 0;
		};
/* End PBXSourcesBuildPhase section */

/* Begin XCBuildConfiguration section */
		1DEB921F08733DC00010E9CD /* Debug */ = {
			isa = XCBuildConfiguration;
			buildSettings = {
				ALWAYS_SEARCH_USER_PATHS = NO;
				ARCHS = "$(ARCHS_STANDARD_32_BIT)";
				COPY_PHASE_STRIP = NO;
				DSTROOT = /tmp/TWToolkit.dst;
				GCC_DYNAMIC_NO_PIC = NO;
				GCC_ENABLE_FIX_AND_CONTINUE = YES;
				GCC_MODEL_TUNING = G5;
				GCC_OPTIMIZATION_LEVEL = 0;
				GCC_PRECOMPILE_PREFIX_HEADER = YES;
				GCC_PREFIX_HEADER = "Other Sources/TWToolkit_Prefix.pch";
				INSTALL_PATH = /usr/local/lib;
				PRODUCT_NAME = TWToolkit;
			};
			name = Debug;
		};
		1DEB922008733DC00010E9CD /* Release */ = {
			isa = XCBuildConfiguration;
			buildSettings = {
				ALWAYS_SEARCH_USER_PATHS = NO;
				ARCHS = "$(ARCHS_STANDARD_32_BIT)";
				DSTROOT = /tmp/TWToolkit.dst;
				GCC_MODEL_TUNING = G5;
				GCC_PRECOMPILE_PREFIX_HEADER = YES;
				GCC_PREFIX_HEADER = "Other Sources/TWToolkit_Prefix.pch";
				INSTALL_PATH = /usr/local/lib;
				PRODUCT_NAME = TWToolkit;
			};
			name = Release;
		};
		1DEB922308733DC00010E9CD /* Debug */ = {
			isa = XCBuildConfiguration;
			buildSettings = {
				ARCHS = "$(ARCHS_STANDARD_32_BIT)";
				GCC_C_LANGUAGE_STANDARD = c99;
				GCC_OPTIMIZATION_LEVEL = 0;
				GCC_WARN_ABOUT_RETURN_TYPE = YES;
				GCC_WARN_UNUSED_VARIABLE = YES;
				OTHER_LDFLAGS = "-ObjC";
				PREBINDING = NO;
				SDKROOT = iphoneos3.0;
			};
			name = Debug;
		};
		1DEB922408733DC00010E9CD /* Release */ = {
			isa = XCBuildConfiguration;
			buildSettings = {
				ARCHS = "$(ARCHS_STANDARD_32_BIT)";
				GCC_C_LANGUAGE_STANDARD = c99;
				GCC_WARN_ABOUT_RETURN_TYPE = YES;
				GCC_WARN_UNUSED_VARIABLE = YES;
				OTHER_LDFLAGS = "-ObjC";
				PREBINDING = NO;
				SDKROOT = iphoneos3.0;
			};
			name = Release;
		};
/* End XCBuildConfiguration section */

/* Begin XCConfigurationList section */
		1DEB921E08733DC00010E9CD /* Build configuration list for PBXNativeTarget "TWToolkit" */ = {
			isa = XCConfigurationList;
			buildConfigurations = (
				1DEB921F08733DC00010E9CD /* Debug */,
				1DEB922008733DC00010E9CD /* Release */,
			);
			defaultConfigurationIsVisible = 0;
			defaultConfigurationName = Release;
		};
		1DEB922208733DC00010E9CD /* Build configuration list for PBXProject "TWToolkit" */ = {
			isa = XCConfigurationList;
			buildConfigurations = (
				1DEB922308733DC00010E9CD /* Debug */,
				1DEB922408733DC00010E9CD /* Release */,
			);
			defaultConfigurationIsVisible = 0;
			defaultConfigurationName = Release;
		};
/* End XCConfigurationList section */
	};
	rootObject = 0867D690FE84028FC02AAC07 /* Project object */;
}
